// !$*UTF8*$!
{
	archiveVersion = 1;
	classes = {
	};
	objectVersion = 45;
	objects = {

/* Begin PBXBuildFile section */
		0097E2D912F70C4E00724AC5 /* libSDL2.a in Frameworks */ = {isa = PBXBuildFile; fileRef = 0097E2D512F70C4D00724AC5 /* libSDL2.a */; };
		1D60589F0D05DD5A006BFB54 /* Foundation.framework in Frameworks */ = {isa = PBXBuildFile; fileRef = 1D30AB110D05D00D00671497 /* Foundation.framework */; };
		1DF5F4E00D08C38300B7A737 /* UIKit.framework in Frameworks */ = {isa = PBXBuildFile; fileRef = 1DF5F4DF0D08C38300B7A737 /* UIKit.framework */; };
		28FD15000DC6FC520079059D /* OpenGLES.framework in Frameworks */ = {isa = PBXBuildFile; fileRef = 28FD14FF0DC6FC520079059D /* OpenGLES.framework */; };
		28FD15080DC6FC5B0079059D /* QuartzCore.framework in Frameworks */ = {isa = PBXBuildFile; fileRef = 28FD15070DC6FC5B0079059D /* QuartzCore.framework */; };
		BA6D1612193D5CC1006EC729 /* calendar.c in Sources */ = {isa = PBXBuildFile; fileRef = BA6D150D193D5CC1006EC729 /* calendar.c */; };
		BA6D1616193D5CC1006EC729 /* sjisucs2.c in Sources */ = {isa = PBXBuildFile; fileRef = BA6D1514193D5CC1006EC729 /* sjisucs2.c */; };
		BA6D161A193D5CC1006EC729 /* ucs2sjis.c in Sources */ = {isa = PBXBuildFile; fileRef = BA6D1519193D5CC1006EC729 /* ucs2sjis.c */; };
		BA6D161B193D5CC1006EC729 /* ucs2utf8.c in Sources */ = {isa = PBXBuildFile; fileRef = BA6D151A193D5CC1006EC729 /* ucs2utf8.c */; };
		BA6D161C193D5CC1006EC729 /* utf8ucs2.c in Sources */ = {isa = PBXBuildFile; fileRef = BA6D151B193D5CC1006EC729 /* utf8ucs2.c */; };
		BA6D161D193D5CC1006EC729 /* _memory.c in Sources */ = {isa = PBXBuildFile; fileRef = BA6D151D193D5CC1006EC729 /* _memory.c */; };
		BA6D161E193D5CC1006EC729 /* bmpdata.c in Sources */ = {isa = PBXBuildFile; fileRef = BA6D151F193D5CC1006EC729 /* bmpdata.c */; };
		BA6D161F193D5CC1006EC729 /* lstarray.c in Sources */ = {isa = PBXBuildFile; fileRef = BA6D1521193D5CC1006EC729 /* lstarray.c */; };
		BA6D1620193D5CC1006EC729 /* milstr.c in Sources */ = {isa = PBXBuildFile; fileRef = BA6D1523193D5CC1006EC729 /* milstr.c */; };
		BA6D1621193D5CC1006EC729 /* parts.c in Sources */ = {isa = PBXBuildFile; fileRef = BA6D1525193D5CC1006EC729 /* parts.c */; };
		BA6D1622193D5CC1006EC729 /* profile.c in Sources */ = {isa = PBXBuildFile; fileRef = BA6D1527193D5CC1006EC729 /* profile.c */; };
		BA6D1623193D5CC1006EC729 /* rect.c in Sources */ = {isa = PBXBuildFile; fileRef = BA6D1529193D5CC1006EC729 /* rect.c */; };
		BA6D1624193D5CC1006EC729 /* resize.c in Sources */ = {isa = PBXBuildFile; fileRef = BA6D152B193D5CC1006EC729 /* resize.c */; };
		BA6D1625193D5CC1006EC729 /* strres.c in Sources */ = {isa = PBXBuildFile; fileRef = BA6D152D193D5CC1006EC729 /* strres.c */; };
		BA6D1626193D5CC1006EC729 /* textfile.c in Sources */ = {isa = PBXBuildFile; fileRef = BA6D152F193D5CC1006EC729 /* textfile.c */; };
		BA6D1628193D5CC1006EC729 /* wavefile.c in Sources */ = {isa = PBXBuildFile; fileRef = BA6D1533193D5CC1006EC729 /* wavefile.c */; };
		BA6D1629193D5CC1006EC729 /* debugsub.c in Sources */ = {isa = PBXBuildFile; fileRef = BA6D1536193D5CC1006EC729 /* debugsub.c */; };
		BA6D162A193D5CC1006EC729 /* dlgabout.c in Sources */ = {isa = PBXBuildFile; fileRef = BA6D153A193D5CC1006EC729 /* dlgabout.c */; };
		BA6D162B193D5CC1006EC729 /* dlgcfg.c in Sources */ = {isa = PBXBuildFile; fileRef = BA6D153C193D5CC1006EC729 /* dlgcfg.c */; };
		BA6D162C193D5CC1006EC729 /* filesel.c in Sources */ = {isa = PBXBuildFile; fileRef = BA6D153E193D5CC1006EC729 /* filesel.c */; };
		BA6D162D193D5CC1006EC729 /* menustr.c in Sources */ = {isa = PBXBuildFile; fileRef = BA6D1540193D5CC1006EC729 /* menustr.c */; };
		BA6D162E193D5CC1006EC729 /* menubase.c in Sources */ = {isa = PBXBuildFile; fileRef = BA6D1543193D5CC1006EC729 /* menubase.c */; };
		BA6D1630193D5CC1006EC729 /* menudlg.c in Sources */ = {isa = PBXBuildFile; fileRef = BA6D1546193D5CC1006EC729 /* menudlg.c */; };
		BA6D1631193D5CC1006EC729 /* menuicon.c in Sources */ = {isa = PBXBuildFile; fileRef = BA6D1548193D5CC1006EC729 /* menuicon.c */; };
		BA6D1632193D5CC1006EC729 /* menumbox.c in Sources */ = {isa = PBXBuildFile; fileRef = BA6D154A193D5CC1006EC729 /* menumbox.c */; };
		BA6D1633193D5CC1006EC729 /* menures.c in Sources */ = {isa = PBXBuildFile; fileRef = BA6D154C193D5CC1006EC729 /* menures.c */; };
		BA6D1634193D5CC1006EC729 /* menusys.c in Sources */ = {isa = PBXBuildFile; fileRef = BA6D154E193D5CC1006EC729 /* menusys.c */; };
		BA6D1635193D5CC1006EC729 /* menuvram.c in Sources */ = {isa = PBXBuildFile; fileRef = BA6D1550193D5CC1006EC729 /* menuvram.c */; };
		BA6D1637193D5CC1006EC729 /* vramhdl.c in Sources */ = {isa = PBXBuildFile; fileRef = BA6D1553193D5CC1006EC729 /* vramhdl.c */; };
		BA6D1638193D5CC1006EC729 /* vrammix.c in Sources */ = {isa = PBXBuildFile; fileRef = BA6D1555193D5CC1006EC729 /* vrammix.c */; };
		BA6D1639193D5CC1006EC729 /* diskdrv.c in Sources */ = {isa = PBXBuildFile; fileRef = BA6D1559193D5CC1006EC729 /* diskdrv.c */; };
		BA6D163A193D5CC1006EC729 /* fdd_2d.c in Sources */ = {isa = PBXBuildFile; fileRef = BA6D155B193D5CC1006EC729 /* fdd_2d.c */; };
		BA6D163B193D5CC1006EC729 /* fdd_d88.c in Sources */ = {isa = PBXBuildFile; fileRef = BA6D155D193D5CC1006EC729 /* fdd_d88.c */; };
		BA6D163C193D5CC1006EC729 /* fdd_ini.c in Sources */ = {isa = PBXBuildFile; fileRef = BA6D155F193D5CC1006EC729 /* fdd_ini.c */; };
		BA6D163D193D5CC1006EC729 /* fdd_mtr.c in Sources */ = {isa = PBXBuildFile; fileRef = BA6D1561193D5CC1006EC729 /* fdd_mtr.c */; };
		BA6D163E193D5CC1006EC729 /* fddfile.c in Sources */ = {isa = PBXBuildFile; fileRef = BA6D1563193D5CC1006EC729 /* fddfile.c */; };
		BA6D163F193D5CC1006EC729 /* newdisk.c in Sources */ = {isa = PBXBuildFile; fileRef = BA6D1565193D5CC1006EC729 /* newdisk.c */; };
		BA6D1640193D5CC1006EC729 /* font.c in Sources */ = {isa = PBXBuildFile; fileRef = BA6D1568193D5CC1006EC729 /* font.c */; };
		BA6D1641193D5CC1006EC729 /* fontdata.c in Sources */ = {isa = PBXBuildFile; fileRef = BA6D156A193D5CC1006EC729 /* fontdata.c */; };
		BA6D1642193D5CC1006EC729 /* fontmake.c in Sources */ = {isa = PBXBuildFile; fileRef = BA6D156C193D5CC1006EC729 /* fontmake.c */; };
		BA6D1643193D5CC1006EC729 /* fontx1.c in Sources */ = {isa = PBXBuildFile; fileRef = BA6D156E193D5CC1006EC729 /* fontx1.c */; };
		BA6D1646193D5CC1006EC729 /* ievent.c in Sources */ = {isa = PBXBuildFile; fileRef = BA6D1573193D5CC1006EC729 /* ievent.c */; };
		BA6D1647193D5CC1006EC729 /* cgrom.c in Sources */ = {isa = PBXBuildFile; fileRef = BA6D1576193D5CC1006EC729 /* cgrom.c */; };
		BA6D1648193D5CC1006EC729 /* cmt.c in Sources */ = {isa = PBXBuildFile; fileRef = BA6D1578193D5CC1006EC729 /* cmt.c */; };
		BA6D1649193D5CC1006EC729 /* crtc.c in Sources */ = {isa = PBXBuildFile; fileRef = BA6D157A193D5CC1006EC729 /* crtc.c */; };
		BA6D164A193D5CC1006EC729 /* ctc.c in Sources */ = {isa = PBXBuildFile; fileRef = BA6D157C193D5CC1006EC729 /* ctc.c */; };
		BA6D164C193D5CC1006EC729 /* dipsw.c in Sources */ = {isa = PBXBuildFile; fileRef = BA6D157F193D5CC1006EC729 /* dipsw.c */; };
		BA6D164D193D5CC1006EC729 /* dmac.c in Sources */ = {isa = PBXBuildFile; fileRef = BA6D1581193D5CC1006EC729 /* dmac.c */; };
		BA6D164E193D5CC1006EC729 /* fdc.c in Sources */ = {isa = PBXBuildFile; fileRef = BA6D1583193D5CC1006EC729 /* fdc.c */; };
		BA6D164F193D5CC1006EC729 /* iocore.c in Sources */ = {isa = PBXBuildFile; fileRef = BA6D1585193D5CC1006EC729 /* iocore.c */; };
		BA6D1650193D5CC1006EC729 /* memio.c in Sources */ = {isa = PBXBuildFile; fileRef = BA6D1587193D5CC1006EC729 /* memio.c */; };
		BA6D1651193D5CC1006EC729 /* pcg.c in Sources */ = {isa = PBXBuildFile; fileRef = BA6D1589193D5CC1006EC729 /* pcg.c */; };
		BA6D1652193D5CC1006EC729 /* ppi.c in Sources */ = {isa = PBXBuildFile; fileRef = BA6D158B193D5CC1006EC729 /* ppi.c */; };
		BA6D1653193D5CC1006EC729 /* sio.c in Sources */ = {isa = PBXBuildFile; fileRef = BA6D158D193D5CC1006EC729 /* sio.c */; };
		BA6D1654193D5CC1006EC729 /* sndboard.c in Sources */ = {isa = PBXBuildFile; fileRef = BA6D158F193D5CC1006EC729 /* sndboard.c */; };
		BA6D1655193D5CC1006EC729 /* subcpu.c in Sources */ = {isa = PBXBuildFile; fileRef = BA6D1591193D5CC1006EC729 /* subcpu.c */; };
		BA6D1656193D5CC1006EC729 /* vramio.c in Sources */ = {isa = PBXBuildFile; fileRef = BA6D1593193D5CC1006EC729 /* vramio.c */; };
		BA6D1657193D5CC1006EC729 /* keystat.c in Sources */ = {isa = PBXBuildFile; fileRef = BA6D1595193D5CC1006EC729 /* keystat.c */; };
		BA6D1658193D5CC1006EC729 /* nevent.c in Sources */ = {isa = PBXBuildFile; fileRef = BA6D1597193D5CC1006EC729 /* nevent.c */; };
		BA6D1659193D5CC1006EC729 /* pccore.c in Sources */ = {isa = PBXBuildFile; fileRef = BA6D1599193D5CC1006EC729 /* pccore.c */; };
		BA6D165C193D5CC1006EC729 /* dosio.c in Sources */ = {isa = PBXBuildFile; fileRef = BA6D159E193D5CC1006EC729 /* dosio.c */; };
		BA6D165D193D5CC1006EC729 /* fontmng.c in Sources */ = {isa = PBXBuildFile; fileRef = BA6D15A0193D5CC1006EC729 /* fontmng.c */; };
		BA6D165E193D5CC1006EC729 /* ini.c in Sources */ = {isa = PBXBuildFile; fileRef = BA6D15A2193D5CC1006EC729 /* ini.c */; };
		BA6D1663193D5CC1006EC729 /* main.m in Sources */ = {isa = PBXBuildFile; fileRef = BA6D15AC193D5CC1006EC729 /* main.m */; };
		BA6D1664193D5CC1006EC729 /* joymng.c in Sources */ = {isa = PBXBuildFile; fileRef = BA6D15B0193D5CC1006EC729 /* joymng.c */; };
		BA6D1665193D5CC1006EC729 /* mousemng.c in Sources */ = {isa = PBXBuildFile; fileRef = BA6D15B2193D5CC1006EC729 /* mousemng.c */; };
		BA6D1666193D5CC1006EC729 /* scrnmng.c in Sources */ = {isa = PBXBuildFile; fileRef = BA6D15B5193D5CC1006EC729 /* scrnmng.c */; };
		BA6D1667193D5CC1006EC729 /* sdlkbd.c in Sources */ = {isa = PBXBuildFile; fileRef = BA6D15B7193D5CC1006EC729 /* sdlkbd.c */; };
		BA6D1668193D5CC1006EC729 /* soundmng.c in Sources */ = {isa = PBXBuildFile; fileRef = BA6D15B9193D5CC1006EC729 /* soundmng.c */; };
		BA6D1669193D5CC1006EC729 /* sysmenu.c in Sources */ = {isa = PBXBuildFile; fileRef = BA6D15BB193D5CC1006EC729 /* sysmenu.c */; };
		BA6D166C193D5CC1006EC729 /* sysmng.c in Sources */ = {isa = PBXBuildFile; fileRef = BA6D15BF193D5CC1006EC729 /* sysmng.c */; };
		BA6D166D193D5CC1006EC729 /* taskmng.c in Sources */ = {isa = PBXBuildFile; fileRef = BA6D15C1193D5CC1006EC729 /* taskmng.c */; };
		BA6D166E193D5CC1006EC729 /* timemng.c in Sources */ = {isa = PBXBuildFile; fileRef = BA6D15C3193D5CC1006EC729 /* timemng.c */; };
		BA6D166F193D5CC1006EC729 /* trace.c in Sources */ = {isa = PBXBuildFile; fileRef = BA6D15C5193D5CC1006EC729 /* trace.c */; };
		BA6D167B193D5CC1006EC729 /* xmil.c in Sources */ = {isa = PBXBuildFile; fileRef = BA6D15D4193D5CC1006EC729 /* xmil.c */; };
		BA6D167C193D5CC1006EC729 /* opmgenc.c in Sources */ = {isa = PBXBuildFile; fileRef = BA6D15D8193D5CC1006EC729 /* opmgenc.c */; };
		BA6D167D193D5CC1006EC729 /* opmgeng.c in Sources */ = {isa = PBXBuildFile; fileRef = BA6D15D9193D5CC1006EC729 /* opmgeng.c */; };
		BA6D167E193D5CC1006EC729 /* psggenc.c in Sources */ = {isa = PBXBuildFile; fileRef = BA6D15DB193D5CC1006EC729 /* psggenc.c */; };
		BA6D167F193D5CC1006EC729 /* psggeng.c in Sources */ = {isa = PBXBuildFile; fileRef = BA6D15DC193D5CC1006EC729 /* psggeng.c */; };
		BA6D1680193D5CC1006EC729 /* sndcsec.c in Sources */ = {isa = PBXBuildFile; fileRef = BA6D15DD193D5CC1006EC729 /* sndcsec.c */; };
		BA6D1681193D5CC1006EC729 /* sndctrl.c in Sources */ = {isa = PBXBuildFile; fileRef = BA6D15DF193D5CC1006EC729 /* sndctrl.c */; };
		BA6D1682193D5CC1006EC729 /* sound.c in Sources */ = {isa = PBXBuildFile; fileRef = BA6D15E1193D5CC1006EC729 /* sound.c */; };
		BA6D1683193D5CC1006EC729 /* x1f.c in Sources */ = {isa = PBXBuildFile; fileRef = BA6D15E3193D5CC1006EC729 /* x1f.c */; };
		BA6D1684193D5CC1006EC729 /* statsave.c in Sources */ = {isa = PBXBuildFile; fileRef = BA6D15E5193D5CC1006EC729 /* statsave.c */; };
		BA6D1685193D5CC1006EC729 /* timing.c in Sources */ = {isa = PBXBuildFile; fileRef = BA6D15E7193D5CC1006EC729 /* timing.c */; };
		BA6D1686193D5CC1006EC729 /* make15.c in Sources */ = {isa = PBXBuildFile; fileRef = BA6D15EA193D5CC1006EC729 /* make15.c */; };
		BA6D1687193D5CC1006EC729 /* make24.c in Sources */ = {isa = PBXBuildFile; fileRef = BA6D15EB193D5CC1006EC729 /* make24.c */; };
		BA6D1688193D5CC1006EC729 /* makeatr.c in Sources */ = {isa = PBXBuildFile; fileRef = BA6D15EC193D5CC1006EC729 /* makeatr.c */; };
		BA6D1689193D5CC1006EC729 /* makechr.c in Sources */ = {isa = PBXBuildFile; fileRef = BA6D15ED193D5CC1006EC729 /* makechr.c */; };
		BA6D168A193D5CC1006EC729 /* makemix.c in Sources */ = {isa = PBXBuildFile; fileRef = BA6D15EE193D5CC1006EC729 /* makemix.c */; };
		BA6D168B193D5CC1006EC729 /* makescrn.c in Sources */ = {isa = PBXBuildFile; fileRef = BA6D15EF193D5CC1006EC729 /* makescrn.c */; };
		BA6D168C193D5CC1006EC729 /* makesub.c in Sources */ = {isa = PBXBuildFile; fileRef = BA6D15F1193D5CC1006EC729 /* makesub.c */; };
		BA6D168D193D5CC1006EC729 /* maketxth.c in Sources */ = {isa = PBXBuildFile; fileRef = BA6D15F3193D5CC1006EC729 /* maketxth.c */; };
		BA6D168E193D5CC1006EC729 /* maketxtl.c in Sources */ = {isa = PBXBuildFile; fileRef = BA6D15F4193D5CC1006EC729 /* maketxtl.c */; };
		BA6D168F193D5CC1006EC729 /* palettes.c in Sources */ = {isa = PBXBuildFile; fileRef = BA6D15F5193D5CC1006EC729 /* palettes.c */; };
		BA6D1690193D5CC1006EC729 /* scrndraw.c in Sources */ = {isa = PBXBuildFile; fileRef = BA6D15F7193D5CC1006EC729 /* scrndraw.c */; };
		BA6D1691193D5CC1006EC729 /* scrnsave.c in Sources */ = {isa = PBXBuildFile; fileRef = BA6D15F9193D5CC1006EC729 /* scrnsave.c */; };
		BA6D1692193D5CC1006EC729 /* sdraw.c in Sources */ = {isa = PBXBuildFile; fileRef = BA6D15FB193D5CC1006EC729 /* sdraw.c */; };
		BA6D1694193D5CC1006EC729 /* sdrawq16.c in Sources */ = {isa = PBXBuildFile; fileRef = BA6D15FE193D5CC1006EC729 /* sdrawq16.c */; };
		BA6D1695193D5CC1006EC729 /* vram.c in Sources */ = {isa = PBXBuildFile; fileRef = BA6D15FF193D5CC1006EC729 /* vram.c */; };
		BA6D1696193D5CC1006EC729 /* z80c.c in Sources */ = {isa = PBXBuildFile; fileRef = BA6D1603193D5CC1006EC729 /* z80c.c */; };
		BA6D1698193D5CC1006EC729 /* z80c_cb.c in Sources */ = {isa = PBXBuildFile; fileRef = BA6D1606193D5CC1006EC729 /* z80c_cb.c */; };
		BA6D169A193D5CC1006EC729 /* z80c_ix.c in Sources */ = {isa = PBXBuildFile; fileRef = BA6D1608193D5CC1006EC729 /* z80c_ix.c */; };
		BA6D169B193D5CC1006EC729 /* z80c_iy.c in Sources */ = {isa = PBXBuildFile; fileRef = BA6D1609193D5CC1006EC729 /* z80c_iy.c */; };
		BA6D169C193D5CC1006EC729 /* z80c_mn.c in Sources */ = {isa = PBXBuildFile; fileRef = BA6D160A193D5CC1006EC729 /* z80c_mn.c */; };
		BA6D169E193D5CC1006EC729 /* z80c_sb.c in Sources */ = {isa = PBXBuildFile; fileRef = BA6D160C193D5CC1006EC729 /* z80c_sb.c */; };
		BA6D169F193D5CC1006EC729 /* z80dmap.c in Sources */ = {isa = PBXBuildFile; fileRef = BA6D160E193D5CC1006EC729 /* z80dmap.c */; };
		BA6D16A0193D5CC1006EC729 /* z80mem.c in Sources */ = {isa = PBXBuildFile; fileRef = BA6D1610193D5CC1006EC729 /* z80mem.c */; };
		BAD9FBD9193F194700B3C0D5 /* Default-Landscape.png in Resources */ = {isa = PBXBuildFile; fileRef = BAD9FBD7193F194700B3C0D5 /* Default-Landscape.png */; };
		BAD9FBDA193F194700B3C0D5 /* Icon-72.png in Resources */ = {isa = PBXBuildFile; fileRef = BAD9FBD8193F194700B3C0D5 /* Icon-72.png */; };
		FD779EDE0E26BA1200F39101 /* CoreAudio.framework in Frameworks */ = {isa = PBXBuildFile; fileRef = FD779EDD0E26BA1200F39101 /* CoreAudio.framework */; };
		FD77A07D0E26BD8C00F39101 /* Icon.png in Resources */ = {isa = PBXBuildFile; fileRef = FD77A07C0E26BD8C00F39101 /* Icon.png */; };
		FD77A07F0E26BDA900F39101 /* Default.png in Resources */ = {isa = PBXBuildFile; fileRef = FD77A07E0E26BDA900F39101 /* Default.png */; };
		FD77A0850E26BDB800F39101 /* AudioToolbox.framework in Frameworks */ = {isa = PBXBuildFile; fileRef = FD77A0840E26BDB800F39101 /* AudioToolbox.framework */; };
		FDB8BFC60E5A0F6A00980157 /* CoreGraphics.framework in Frameworks */ = {isa = PBXBuildFile; fileRef = FDB8BFC50E5A0F6A00980157 /* CoreGraphics.framework */; };
/* End PBXBuildFile section */

/* Begin PBXFileReference section */
		0097E29A12F70C4D00724AC5 /* begin_code.h */ = {isa = PBXFileReference; fileEncoding = 4; lastKnownFileType = sourcecode.c.h; path = begin_code.h; sourceTree = "<group>"; };
		0097E29B12F70C4D00724AC5 /* close_code.h */ = {isa = PBXFileReference; fileEncoding = 4; lastKnownFileType = sourcecode.c.h; path = close_code.h; sourceTree = "<group>"; };
		0097E29C12F70C4D00724AC5 /* doxyfile */ = {isa = PBXFileReference; fileEncoding = 4; lastKnownFileType = text; path = doxyfile; sourceTree = "<group>"; };
		0097E29D12F70C4D00724AC5 /* SDL.h */ = {isa = PBXFileReference; fileEncoding = 4; lastKnownFileType = sourcecode.c.h; path = SDL.h; sourceTree = "<group>"; };
		0097E29E12F70C4D00724AC5 /* SDL_assert.h */ = {isa = PBXFileReference; fileEncoding = 4; lastKnownFileType = sourcecode.c.h; path = SDL_assert.h; sourceTree = "<group>"; };
		0097E29F12F70C4D00724AC5 /* SDL_atomic.h */ = {isa = PBXFileReference; fileEncoding = 4; lastKnownFileType = sourcecode.c.h; path = SDL_atomic.h; sourceTree = "<group>"; };
		0097E2A012F70C4D00724AC5 /* SDL_audio.h */ = {isa = PBXFileReference; fileEncoding = 4; lastKnownFileType = sourcecode.c.h; path = SDL_audio.h; sourceTree = "<group>"; };
		0097E2A112F70C4D00724AC5 /* SDL_blendmode.h */ = {isa = PBXFileReference; fileEncoding = 4; lastKnownFileType = sourcecode.c.h; path = SDL_blendmode.h; sourceTree = "<group>"; };
		0097E2A212F70C4D00724AC5 /* SDL_clipboard.h */ = {isa = PBXFileReference; fileEncoding = 4; lastKnownFileType = sourcecode.c.h; path = SDL_clipboard.h; sourceTree = "<group>"; };
		0097E2A312F70C4D00724AC5 /* SDL_compat.h */ = {isa = PBXFileReference; fileEncoding = 4; lastKnownFileType = sourcecode.c.h; path = SDL_compat.h; sourceTree = "<group>"; };
		0097E2A412F70C4D00724AC5 /* SDL_config.h */ = {isa = PBXFileReference; fileEncoding = 4; lastKnownFileType = sourcecode.c.h; path = SDL_config.h; sourceTree = "<group>"; };
		0097E2A512F70C4D00724AC5 /* SDL_config.h.default */ = {isa = PBXFileReference; fileEncoding = 4; lastKnownFileType = text; path = SDL_config.h.default; sourceTree = "<group>"; };
		0097E2A612F70C4D00724AC5 /* SDL_config.h.in */ = {isa = PBXFileReference; fileEncoding = 4; lastKnownFileType = text; path = SDL_config.h.in; sourceTree = "<group>"; };
		0097E2A712F70C4D00724AC5 /* SDL_config_android.h */ = {isa = PBXFileReference; fileEncoding = 4; lastKnownFileType = sourcecode.c.h; path = SDL_config_android.h; sourceTree = "<group>"; };
		0097E2A812F70C4D00724AC5 /* SDL_config_iphoneos.h */ = {isa = PBXFileReference; fileEncoding = 4; lastKnownFileType = sourcecode.c.h; path = SDL_config_iphoneos.h; sourceTree = "<group>"; };
		0097E2A912F70C4D00724AC5 /* SDL_config_macosx.h */ = {isa = PBXFileReference; fileEncoding = 4; lastKnownFileType = sourcecode.c.h; path = SDL_config_macosx.h; sourceTree = "<group>"; };
		0097E2AA12F70C4D00724AC5 /* SDL_config_minimal.h */ = {isa = PBXFileReference; fileEncoding = 4; lastKnownFileType = sourcecode.c.h; path = SDL_config_minimal.h; sourceTree = "<group>"; };
		0097E2AC12F70C4D00724AC5 /* SDL_config_pandora.h */ = {isa = PBXFileReference; fileEncoding = 4; lastKnownFileType = sourcecode.c.h; path = SDL_config_pandora.h; sourceTree = "<group>"; };
		0097E2AD12F70C4D00724AC5 /* SDL_config_windows.h */ = {isa = PBXFileReference; fileEncoding = 4; lastKnownFileType = sourcecode.c.h; path = SDL_config_windows.h; sourceTree = "<group>"; };
		0097E2AE12F70C4D00724AC5 /* SDL_config_wiz.h */ = {isa = PBXFileReference; fileEncoding = 4; lastKnownFileType = sourcecode.c.h; path = SDL_config_wiz.h; sourceTree = "<group>"; };
		0097E2AF12F70C4D00724AC5 /* SDL_copying.h */ = {isa = PBXFileReference; fileEncoding = 4; lastKnownFileType = sourcecode.c.h; path = SDL_copying.h; sourceTree = "<group>"; };
		0097E2B012F70C4D00724AC5 /* SDL_cpuinfo.h */ = {isa = PBXFileReference; fileEncoding = 4; lastKnownFileType = sourcecode.c.h; path = SDL_cpuinfo.h; sourceTree = "<group>"; };
		0097E2B112F70C4D00724AC5 /* SDL_endian.h */ = {isa = PBXFileReference; fileEncoding = 4; lastKnownFileType = sourcecode.c.h; path = SDL_endian.h; sourceTree = "<group>"; };
		0097E2B212F70C4D00724AC5 /* SDL_error.h */ = {isa = PBXFileReference; fileEncoding = 4; lastKnownFileType = sourcecode.c.h; path = SDL_error.h; sourceTree = "<group>"; };
		0097E2B312F70C4D00724AC5 /* SDL_events.h */ = {isa = PBXFileReference; fileEncoding = 4; lastKnownFileType = sourcecode.c.h; path = SDL_events.h; sourceTree = "<group>"; };
		0097E2B412F70C4D00724AC5 /* SDL_gesture.h */ = {isa = PBXFileReference; fileEncoding = 4; lastKnownFileType = sourcecode.c.h; path = SDL_gesture.h; sourceTree = "<group>"; };
		0097E2B512F70C4D00724AC5 /* SDL_haptic.h */ = {isa = PBXFileReference; fileEncoding = 4; lastKnownFileType = sourcecode.c.h; path = SDL_haptic.h; sourceTree = "<group>"; };
		0097E2B612F70C4D00724AC5 /* SDL_input.h */ = {isa = PBXFileReference; fileEncoding = 4; lastKnownFileType = sourcecode.c.h; path = SDL_input.h; sourceTree = "<group>"; };
		0097E2B712F70C4D00724AC5 /* SDL_joystick.h */ = {isa = PBXFileReference; fileEncoding = 4; lastKnownFileType = sourcecode.c.h; path = SDL_joystick.h; sourceTree = "<group>"; };
		0097E2B812F70C4D00724AC5 /* SDL_keyboard.h */ = {isa = PBXFileReference; fileEncoding = 4; lastKnownFileType = sourcecode.c.h; path = SDL_keyboard.h; sourceTree = "<group>"; };
		0097E2B912F70C4D00724AC5 /* SDL_keysym.h */ = {isa = PBXFileReference; fileEncoding = 4; lastKnownFileType = sourcecode.c.h; path = SDL_keysym.h; sourceTree = "<group>"; };
		0097E2BA12F70C4D00724AC5 /* SDL_loadso.h */ = {isa = PBXFileReference; fileEncoding = 4; lastKnownFileType = sourcecode.c.h; path = SDL_loadso.h; sourceTree = "<group>"; };
		0097E2BB12F70C4D00724AC5 /* SDL_main.h */ = {isa = PBXFileReference; fileEncoding = 4; lastKnownFileType = sourcecode.c.h; path = SDL_main.h; sourceTree = "<group>"; };
		0097E2BC12F70C4D00724AC5 /* SDL_mouse.h */ = {isa = PBXFileReference; fileEncoding = 4; lastKnownFileType = sourcecode.c.h; path = SDL_mouse.h; sourceTree = "<group>"; };
		0097E2BD12F70C4D00724AC5 /* SDL_mutex.h */ = {isa = PBXFileReference; fileEncoding = 4; lastKnownFileType = sourcecode.c.h; path = SDL_mutex.h; sourceTree = "<group>"; };
		0097E2BE12F70C4D00724AC5 /* SDL_name.h */ = {isa = PBXFileReference; fileEncoding = 4; lastKnownFileType = sourcecode.c.h; path = SDL_name.h; sourceTree = "<group>"; };
		0097E2BF12F70C4D00724AC5 /* SDL_opengl.h */ = {isa = PBXFileReference; fileEncoding = 4; lastKnownFileType = sourcecode.c.h; path = SDL_opengl.h; sourceTree = "<group>"; };
		0097E2C012F70C4D00724AC5 /* SDL_opengles.h */ = {isa = PBXFileReference; fileEncoding = 4; lastKnownFileType = sourcecode.c.h; path = SDL_opengles.h; sourceTree = "<group>"; };
		0097E2C112F70C4D00724AC5 /* SDL_pixels.h */ = {isa = PBXFileReference; fileEncoding = 4; lastKnownFileType = sourcecode.c.h; path = SDL_pixels.h; sourceTree = "<group>"; };
		0097E2C212F70C4D00724AC5 /* SDL_platform.h */ = {isa = PBXFileReference; fileEncoding = 4; lastKnownFileType = sourcecode.c.h; path = SDL_platform.h; sourceTree = "<group>"; };
		0097E2C312F70C4D00724AC5 /* SDL_power.h */ = {isa = PBXFileReference; fileEncoding = 4; lastKnownFileType = sourcecode.c.h; path = SDL_power.h; sourceTree = "<group>"; };
		0097E2C412F70C4D00724AC5 /* SDL_quit.h */ = {isa = PBXFileReference; fileEncoding = 4; lastKnownFileType = sourcecode.c.h; path = SDL_quit.h; sourceTree = "<group>"; };
		0097E2C512F70C4D00724AC5 /* SDL_rect.h */ = {isa = PBXFileReference; fileEncoding = 4; lastKnownFileType = sourcecode.c.h; path = SDL_rect.h; sourceTree = "<group>"; };
		0097E2C612F70C4D00724AC5 /* SDL_revision.h */ = {isa = PBXFileReference; fileEncoding = 4; lastKnownFileType = sourcecode.c.h; path = SDL_revision.h; sourceTree = "<group>"; };
		0097E2C712F70C4D00724AC5 /* SDL_rwops.h */ = {isa = PBXFileReference; fileEncoding = 4; lastKnownFileType = sourcecode.c.h; path = SDL_rwops.h; sourceTree = "<group>"; };
		0097E2C812F70C4D00724AC5 /* SDL_scalemode.h */ = {isa = PBXFileReference; fileEncoding = 4; lastKnownFileType = sourcecode.c.h; path = SDL_scalemode.h; sourceTree = "<group>"; };
		0097E2C912F70C4D00724AC5 /* SDL_scancode.h */ = {isa = PBXFileReference; fileEncoding = 4; lastKnownFileType = sourcecode.c.h; path = SDL_scancode.h; sourceTree = "<group>"; };
		0097E2CA12F70C4D00724AC5 /* SDL_shape.h */ = {isa = PBXFileReference; fileEncoding = 4; lastKnownFileType = sourcecode.c.h; path = SDL_shape.h; sourceTree = "<group>"; };
		0097E2CB12F70C4D00724AC5 /* SDL_stdinc.h */ = {isa = PBXFileReference; fileEncoding = 4; lastKnownFileType = sourcecode.c.h; path = SDL_stdinc.h; sourceTree = "<group>"; };
		0097E2CC12F70C4D00724AC5 /* SDL_surface.h */ = {isa = PBXFileReference; fileEncoding = 4; lastKnownFileType = sourcecode.c.h; path = SDL_surface.h; sourceTree = "<group>"; };
		0097E2CD12F70C4D00724AC5 /* SDL_syswm.h */ = {isa = PBXFileReference; fileEncoding = 4; lastKnownFileType = sourcecode.c.h; path = SDL_syswm.h; sourceTree = "<group>"; };
		0097E2CE12F70C4D00724AC5 /* SDL_thread.h */ = {isa = PBXFileReference; fileEncoding = 4; lastKnownFileType = sourcecode.c.h; path = SDL_thread.h; sourceTree = "<group>"; };
		0097E2CF12F70C4D00724AC5 /* SDL_timer.h */ = {isa = PBXFileReference; fileEncoding = 4; lastKnownFileType = sourcecode.c.h; path = SDL_timer.h; sourceTree = "<group>"; };
		0097E2D012F70C4D00724AC5 /* SDL_touch.h */ = {isa = PBXFileReference; fileEncoding = 4; lastKnownFileType = sourcecode.c.h; path = SDL_touch.h; sourceTree = "<group>"; };
		0097E2D112F70C4D00724AC5 /* SDL_types.h */ = {isa = PBXFileReference; fileEncoding = 4; lastKnownFileType = sourcecode.c.h; path = SDL_types.h; sourceTree = "<group>"; };
		0097E2D212F70C4D00724AC5 /* SDL_version.h */ = {isa = PBXFileReference; fileEncoding = 4; lastKnownFileType = sourcecode.c.h; path = SDL_version.h; sourceTree = "<group>"; };
		0097E2D312F70C4D00724AC5 /* SDL_video.h */ = {isa = PBXFileReference; fileEncoding = 4; lastKnownFileType = sourcecode.c.h; path = SDL_video.h; sourceTree = "<group>"; };
		0097E2D512F70C4D00724AC5 /* libSDL2.a */ = {isa = PBXFileReference; lastKnownFileType = archive.ar; path = libSDL2.a; sourceTree = "<group>"; };
		1D30AB110D05D00D00671497 /* Foundation.framework */ = {isa = PBXFileReference; lastKnownFileType = wrapper.framework; name = Foundation.framework; path = System/Library/Frameworks/Foundation.framework; sourceTree = SDKROOT; };
		1D6058910D05DD3D006BFB54 /* xmil.app */ = {isa = PBXFileReference; explicitFileType = wrapper.application; includeInIndex = 0; path = xmil.app; sourceTree = BUILT_PRODUCTS_DIR; };
		1DF5F4DF0D08C38300B7A737 /* UIKit.framework */ = {isa = PBXFileReference; lastKnownFileType = wrapper.framework; name = UIKit.framework; path = System/Library/Frameworks/UIKit.framework; sourceTree = SDKROOT; };
		28FD14FF0DC6FC520079059D /* OpenGLES.framework */ = {isa = PBXFileReference; lastKnownFileType = wrapper.framework; name = OpenGLES.framework; path = System/Library/Frameworks/OpenGLES.framework; sourceTree = SDKROOT; };
		28FD15070DC6FC5B0079059D /* QuartzCore.framework */ = {isa = PBXFileReference; lastKnownFileType = wrapper.framework; name = QuartzCore.framework; path = System/Library/Frameworks/QuartzCore.framework; sourceTree = SDKROOT; };
		8D1107310486CEB800E47090 /* Info.plist */ = {isa = PBXFileReference; fileEncoding = 4; lastKnownFileType = text.plist.xml; path = Info.plist; sourceTree = "<group>"; };
		BA6D150D193D5CC1006EC729 /* calendar.c */ = {isa = PBXFileReference; fileEncoding = 4; lastKnownFileType = sourcecode.c.c; path = calendar.c; sourceTree = "<group>"; };
		BA6D150E193D5CC1006EC729 /* calendar.h */ = {isa = PBXFileReference; fileEncoding = 4; lastKnownFileType = sourcecode.c.h; path = calendar.h; sourceTree = "<group>"; };
		BA6D1510193D5CC1006EC729 /* codecnv.h */ = {isa = PBXFileReference; fileEncoding = 4; lastKnownFileType = sourcecode.c.h; path = codecnv.h; sourceTree = "<group>"; };
		BA6D1514193D5CC1006EC729 /* sjisucs2.c */ = {isa = PBXFileReference; fileEncoding = 4; lastKnownFileType = sourcecode.c.c; path = sjisucs2.c; sourceTree = "<group>"; };
		BA6D1519193D5CC1006EC729 /* ucs2sjis.c */ = {isa = PBXFileReference; fileEncoding = 4; lastKnownFileType = sourcecode.c.c; path = ucs2sjis.c; sourceTree = "<group>"; };
		BA6D151A193D5CC1006EC729 /* ucs2utf8.c */ = {isa = PBXFileReference; fileEncoding = 4; lastKnownFileType = sourcecode.c.c; path = ucs2utf8.c; sourceTree = "<group>"; };
		BA6D151B193D5CC1006EC729 /* utf8ucs2.c */ = {isa = PBXFileReference; fileEncoding = 4; lastKnownFileType = sourcecode.c.c; path = utf8ucs2.c; sourceTree = "<group>"; };
		BA6D151D193D5CC1006EC729 /* _memory.c */ = {isa = PBXFileReference; fileEncoding = 4; lastKnownFileType = sourcecode.c.c; path = _memory.c; sourceTree = "<group>"; };
		BA6D151E193D5CC1006EC729 /* _memory.h */ = {isa = PBXFileReference; fileEncoding = 4; lastKnownFileType = sourcecode.c.h; path = _memory.h; sourceTree = "<group>"; };
		BA6D151F193D5CC1006EC729 /* bmpdata.c */ = {isa = PBXFileReference; fileEncoding = 4; lastKnownFileType = sourcecode.c.c; path = bmpdata.c; sourceTree = "<group>"; };
		BA6D1520193D5CC1006EC729 /* bmpdata.h */ = {isa = PBXFileReference; fileEncoding = 4; lastKnownFileType = sourcecode.c.h; path = bmpdata.h; sourceTree = "<group>"; };
		BA6D1521193D5CC1006EC729 /* lstarray.c */ = {isa = PBXFileReference; fileEncoding = 4; lastKnownFileType = sourcecode.c.c; path = lstarray.c; sourceTree = "<group>"; };
		BA6D1522193D5CC1006EC729 /* lstarray.h */ = {isa = PBXFileReference; fileEncoding = 4; lastKnownFileType = sourcecode.c.h; path = lstarray.h; sourceTree = "<group>"; };
		BA6D1523193D5CC1006EC729 /* milstr.c */ = {isa = PBXFileReference; fileEncoding = 4; lastKnownFileType = sourcecode.c.c; path = milstr.c; sourceTree = "<group>"; };
		BA6D1524193D5CC1006EC729 /* milstr.h */ = {isa = PBXFileReference; fileEncoding = 4; lastKnownFileType = sourcecode.c.h; path = milstr.h; sourceTree = "<group>"; };
		BA6D1525193D5CC1006EC729 /* parts.c */ = {isa = PBXFileReference; fileEncoding = 4; lastKnownFileType = sourcecode.c.c; path = parts.c; sourceTree = "<group>"; };
		BA6D1526193D5CC1006EC729 /* parts.h */ = {isa = PBXFileReference; fileEncoding = 4; lastKnownFileType = sourcecode.c.h; path = parts.h; sourceTree = "<group>"; };
		BA6D1527193D5CC1006EC729 /* profile.c */ = {isa = PBXFileReference; fileEncoding = 4; lastKnownFileType = sourcecode.c.c; path = profile.c; sourceTree = "<group>"; };
		BA6D1528193D5CC1006EC729 /* profile.h */ = {isa = PBXFileReference; fileEncoding = 4; lastKnownFileType = sourcecode.c.h; path = profile.h; sourceTree = "<group>"; };
		BA6D1529193D5CC1006EC729 /* rect.c */ = {isa = PBXFileReference; fileEncoding = 4; lastKnownFileType = sourcecode.c.c; path = rect.c; sourceTree = "<group>"; };
		BA6D152A193D5CC1006EC729 /* rect.h */ = {isa = PBXFileReference; fileEncoding = 4; lastKnownFileType = sourcecode.c.h; path = rect.h; sourceTree = "<group>"; };
		BA6D152B193D5CC1006EC729 /* resize.c */ = {isa = PBXFileReference; fileEncoding = 4; lastKnownFileType = sourcecode.c.c; path = resize.c; sourceTree = "<group>"; };
		BA6D152C193D5CC1006EC729 /* resize.h */ = {isa = PBXFileReference; fileEncoding = 4; lastKnownFileType = sourcecode.c.h; path = resize.h; sourceTree = "<group>"; };
		BA6D152D193D5CC1006EC729 /* strres.c */ = {isa = PBXFileReference; fileEncoding = 4; lastKnownFileType = sourcecode.c.c; path = strres.c; sourceTree = "<group>"; };
		BA6D152E193D5CC1006EC729 /* strres.h */ = {isa = PBXFileReference; fileEncoding = 4; lastKnownFileType = sourcecode.c.h; path = strres.h; sourceTree = "<group>"; };
		BA6D152F193D5CC1006EC729 /* textfile.c */ = {isa = PBXFileReference; fileEncoding = 4; lastKnownFileType = sourcecode.c.c; path = textfile.c; sourceTree = "<group>"; };
		BA6D1530193D5CC1006EC729 /* textfile.h */ = {isa = PBXFileReference; fileEncoding = 4; lastKnownFileType = sourcecode.c.h; path = textfile.h; sourceTree = "<group>"; };
		BA6D1533193D5CC1006EC729 /* wavefile.c */ = {isa = PBXFileReference; fileEncoding = 4; lastKnownFileType = sourcecode.c.c; path = wavefile.c; sourceTree = "<group>"; };
		BA6D1534193D5CC1006EC729 /* wavefile.h */ = {isa = PBXFileReference; fileEncoding = 4; lastKnownFileType = sourcecode.c.h; path = wavefile.h; sourceTree = "<group>"; };
		BA6D1535193D5CC1006EC729 /* common.h */ = {isa = PBXFileReference; fileEncoding = 4; lastKnownFileType = sourcecode.c.h; path = common.h; sourceTree = "<group>"; };
		BA6D1536193D5CC1006EC729 /* debugsub.c */ = {isa = PBXFileReference; fileEncoding = 4; lastKnownFileType = sourcecode.c.c; path = debugsub.c; sourceTree = "<group>"; };
		BA6D1537193D5CC1006EC729 /* debugsub.h */ = {isa = PBXFileReference; fileEncoding = 4; lastKnownFileType = sourcecode.c.h; path = debugsub.h; sourceTree = "<group>"; };
		BA6D153A193D5CC1006EC729 /* dlgabout.c */ = {isa = PBXFileReference; fileEncoding = 4; lastKnownFileType = sourcecode.c.c; path = dlgabout.c; sourceTree = "<group>"; };
		BA6D153B193D5CC1006EC729 /* dlgabout.h */ = {isa = PBXFileReference; fileEncoding = 4; lastKnownFileType = sourcecode.c.h; path = dlgabout.h; sourceTree = "<group>"; };
		BA6D153C193D5CC1006EC729 /* dlgcfg.c */ = {isa = PBXFileReference; fileEncoding = 4; lastKnownFileType = sourcecode.c.c; path = dlgcfg.c; sourceTree = "<group>"; };
		BA6D153D193D5CC1006EC729 /* dlgcfg.h */ = {isa = PBXFileReference; fileEncoding = 4; lastKnownFileType = sourcecode.c.h; path = dlgcfg.h; sourceTree = "<group>"; };
		BA6D153E193D5CC1006EC729 /* filesel.c */ = {isa = PBXFileReference; fileEncoding = 4; lastKnownFileType = sourcecode.c.c; path = filesel.c; sourceTree = "<group>"; };
		BA6D153F193D5CC1006EC729 /* filesel.h */ = {isa = PBXFileReference; fileEncoding = 4; lastKnownFileType = sourcecode.c.h; path = filesel.h; sourceTree = "<group>"; };
		BA6D1540193D5CC1006EC729 /* menustr.c */ = {isa = PBXFileReference; fileEncoding = 4; lastKnownFileType = sourcecode.c.c; path = menustr.c; sourceTree = "<group>"; };
		BA6D1541193D5CC1006EC729 /* menustr.h */ = {isa = PBXFileReference; fileEncoding = 4; lastKnownFileType = sourcecode.c.h; path = menustr.h; sourceTree = "<group>"; };
		BA6D1543193D5CC1006EC729 /* menubase.c */ = {isa = PBXFileReference; fileEncoding = 4; lastKnownFileType = sourcecode.c.c; path = menubase.c; sourceTree = "<group>"; };
		BA6D1544193D5CC1006EC729 /* menubase.h */ = {isa = PBXFileReference; fileEncoding = 4; lastKnownFileType = sourcecode.c.h; path = menubase.h; sourceTree = "<group>"; };
		BA6D1546193D5CC1006EC729 /* menudlg.c */ = {isa = PBXFileReference; fileEncoding = 4; lastKnownFileType = sourcecode.c.c; path = menudlg.c; sourceTree = "<group>"; };
		BA6D1547193D5CC1006EC729 /* menudlg.h */ = {isa = PBXFileReference; fileEncoding = 4; lastKnownFileType = sourcecode.c.h; path = menudlg.h; sourceTree = "<group>"; };
		BA6D1548193D5CC1006EC729 /* menuicon.c */ = {isa = PBXFileReference; fileEncoding = 4; lastKnownFileType = sourcecode.c.c; path = menuicon.c; sourceTree = "<group>"; };
		BA6D1549193D5CC1006EC729 /* menuicon.h */ = {isa = PBXFileReference; fileEncoding = 4; lastKnownFileType = sourcecode.c.h; path = menuicon.h; sourceTree = "<group>"; };
		BA6D154A193D5CC1006EC729 /* menumbox.c */ = {isa = PBXFileReference; fileEncoding = 4; lastKnownFileType = sourcecode.c.c; path = menumbox.c; sourceTree = "<group>"; };
		BA6D154B193D5CC1006EC729 /* menumbox.h */ = {isa = PBXFileReference; fileEncoding = 4; lastKnownFileType = sourcecode.c.h; path = menumbox.h; sourceTree = "<group>"; };
		BA6D154C193D5CC1006EC729 /* menures.c */ = {isa = PBXFileReference; fileEncoding = 4; lastKnownFileType = sourcecode.c.c; path = menures.c; sourceTree = "<group>"; };
		BA6D154D193D5CC1006EC729 /* menures.h */ = {isa = PBXFileReference; fileEncoding = 4; lastKnownFileType = sourcecode.c.h; path = menures.h; sourceTree = "<group>"; };
		BA6D154E193D5CC1006EC729 /* menusys.c */ = {isa = PBXFileReference; fileEncoding = 4; lastKnownFileType = sourcecode.c.c; path = menusys.c; sourceTree = "<group>"; };
		BA6D154F193D5CC1006EC729 /* menusys.h */ = {isa = PBXFileReference; fileEncoding = 4; lastKnownFileType = sourcecode.c.h; path = menusys.h; sourceTree = "<group>"; };
		BA6D1550193D5CC1006EC729 /* menuvram.c */ = {isa = PBXFileReference; fileEncoding = 4; lastKnownFileType = sourcecode.c.c; path = menuvram.c; sourceTree = "<group>"; };
		BA6D1551193D5CC1006EC729 /* menuvram.h */ = {isa = PBXFileReference; fileEncoding = 4; lastKnownFileType = sourcecode.c.h; path = menuvram.h; sourceTree = "<group>"; };
		BA6D1553193D5CC1006EC729 /* vramhdl.c */ = {isa = PBXFileReference; fileEncoding = 4; lastKnownFileType = sourcecode.c.c; path = vramhdl.c; sourceTree = "<group>"; };
		BA6D1554193D5CC1006EC729 /* vramhdl.h */ = {isa = PBXFileReference; fileEncoding = 4; lastKnownFileType = sourcecode.c.h; path = vramhdl.h; sourceTree = "<group>"; };
		BA6D1555193D5CC1006EC729 /* vrammix.c */ = {isa = PBXFileReference; fileEncoding = 4; lastKnownFileType = sourcecode.c.c; path = vrammix.c; sourceTree = "<group>"; };
		BA6D1556193D5CC1006EC729 /* vrammix.h */ = {isa = PBXFileReference; fileEncoding = 4; lastKnownFileType = sourcecode.c.h; path = vrammix.h; sourceTree = "<group>"; };
		BA6D1558193D5CC1006EC729 /* d88head.h */ = {isa = PBXFileReference; fileEncoding = 4; lastKnownFileType = sourcecode.c.h; path = d88head.h; sourceTree = "<group>"; };
		BA6D1559193D5CC1006EC729 /* diskdrv.c */ = {isa = PBXFileReference; fileEncoding = 4; lastKnownFileType = sourcecode.c.c; path = diskdrv.c; sourceTree = "<group>"; };
		BA6D155A193D5CC1006EC729 /* diskdrv.h */ = {isa = PBXFileReference; fileEncoding = 4; lastKnownFileType = sourcecode.c.h; path = diskdrv.h; sourceTree = "<group>"; };
		BA6D155B193D5CC1006EC729 /* fdd_2d.c */ = {isa = PBXFileReference; fileEncoding = 4; lastKnownFileType = sourcecode.c.c; path = fdd_2d.c; sourceTree = "<group>"; };
		BA6D155C193D5CC1006EC729 /* fdd_2d.h */ = {isa = PBXFileReference; fileEncoding = 4; lastKnownFileType = sourcecode.c.h; path = fdd_2d.h; sourceTree = "<group>"; };
		BA6D155D193D5CC1006EC729 /* fdd_d88.c */ = {isa = PBXFileReference; fileEncoding = 4; lastKnownFileType = sourcecode.c.c; path = fdd_d88.c; sourceTree = "<group>"; };
		BA6D155E193D5CC1006EC729 /* fdd_d88.h */ = {isa = PBXFileReference; fileEncoding = 4; lastKnownFileType = sourcecode.c.h; path = fdd_d88.h; sourceTree = "<group>"; };
		BA6D155F193D5CC1006EC729 /* fdd_ini.c */ = {isa = PBXFileReference; fileEncoding = 4; lastKnownFileType = sourcecode.c.c; path = fdd_ini.c; sourceTree = "<group>"; };
		BA6D1560193D5CC1006EC729 /* fdd_ini.h */ = {isa = PBXFileReference; fileEncoding = 4; lastKnownFileType = sourcecode.c.h; path = fdd_ini.h; sourceTree = "<group>"; };
		BA6D1561193D5CC1006EC729 /* fdd_mtr.c */ = {isa = PBXFileReference; fileEncoding = 4; lastKnownFileType = sourcecode.c.c; path = fdd_mtr.c; sourceTree = "<group>"; };
		BA6D1562193D5CC1006EC729 /* fdd_mtr.h */ = {isa = PBXFileReference; fileEncoding = 4; lastKnownFileType = sourcecode.c.h; path = fdd_mtr.h; sourceTree = "<group>"; };
		BA6D1563193D5CC1006EC729 /* fddfile.c */ = {isa = PBXFileReference; fileEncoding = 4; lastKnownFileType = sourcecode.c.c; path = fddfile.c; sourceTree = "<group>"; };
		BA6D1564193D5CC1006EC729 /* fddfile.h */ = {isa = PBXFileReference; fileEncoding = 4; lastKnownFileType = sourcecode.c.h; path = fddfile.h; sourceTree = "<group>"; };
		BA6D1565193D5CC1006EC729 /* newdisk.c */ = {isa = PBXFileReference; fileEncoding = 4; lastKnownFileType = sourcecode.c.c; path = newdisk.c; sourceTree = "<group>"; };
		BA6D1566193D5CC1006EC729 /* newdisk.h */ = {isa = PBXFileReference; fileEncoding = 4; lastKnownFileType = sourcecode.c.h; path = newdisk.h; sourceTree = "<group>"; };
		BA6D1568193D5CC1006EC729 /* font.c */ = {isa = PBXFileReference; fileEncoding = 4; lastKnownFileType = sourcecode.c.c; path = font.c; sourceTree = "<group>"; };
		BA6D1569193D5CC1006EC729 /* font.h */ = {isa = PBXFileReference; fileEncoding = 4; lastKnownFileType = sourcecode.c.h; path = font.h; sourceTree = "<group>"; };
		BA6D156A193D5CC1006EC729 /* fontdata.c */ = {isa = PBXFileReference; fileEncoding = 4; lastKnownFileType = sourcecode.c.c; path = fontdata.c; sourceTree = "<group>"; };
		BA6D156B193D5CC1006EC729 /* fontdata.h */ = {isa = PBXFileReference; fileEncoding = 4; lastKnownFileType = sourcecode.c.h; path = fontdata.h; sourceTree = "<group>"; };
		BA6D156C193D5CC1006EC729 /* fontmake.c */ = {isa = PBXFileReference; fileEncoding = 4; lastKnownFileType = sourcecode.c.c; path = fontmake.c; sourceTree = "<group>"; };
		BA6D156D193D5CC1006EC729 /* fontmake.h */ = {isa = PBXFileReference; fileEncoding = 4; lastKnownFileType = sourcecode.c.h; path = fontmake.h; sourceTree = "<group>"; };
		BA6D156E193D5CC1006EC729 /* fontx1.c */ = {isa = PBXFileReference; fileEncoding = 4; lastKnownFileType = sourcecode.c.c; path = fontx1.c; sourceTree = "<group>"; };
		BA6D1573193D5CC1006EC729 /* ievent.c */ = {isa = PBXFileReference; fileEncoding = 4; lastKnownFileType = sourcecode.c.c; path = ievent.c; sourceTree = "<group>"; };
		BA6D1574193D5CC1006EC729 /* ievent.h */ = {isa = PBXFileReference; fileEncoding = 4; lastKnownFileType = sourcecode.c.h; path = ievent.h; sourceTree = "<group>"; };
		BA6D1576193D5CC1006EC729 /* cgrom.c */ = {isa = PBXFileReference; fileEncoding = 4; lastKnownFileType = sourcecode.c.c; path = cgrom.c; sourceTree = "<group>"; };
		BA6D1577193D5CC1006EC729 /* cgrom.h */ = {isa = PBXFileReference; fileEncoding = 4; lastKnownFileType = sourcecode.c.h; path = cgrom.h; sourceTree = "<group>"; };
		BA6D1578193D5CC1006EC729 /* cmt.c */ = {isa = PBXFileReference; fileEncoding = 4; lastKnownFileType = sourcecode.c.c; path = cmt.c; sourceTree = "<group>"; };
		BA6D1579193D5CC1006EC729 /* cmt.h */ = {isa = PBXFileReference; fileEncoding = 4; lastKnownFileType = sourcecode.c.h; path = cmt.h; sourceTree = "<group>"; };
		BA6D157A193D5CC1006EC729 /* crtc.c */ = {isa = PBXFileReference; fileEncoding = 4; lastKnownFileType = sourcecode.c.c; path = crtc.c; sourceTree = "<group>"; };
		BA6D157B193D5CC1006EC729 /* crtc.h */ = {isa = PBXFileReference; fileEncoding = 4; lastKnownFileType = sourcecode.c.h; path = crtc.h; sourceTree = "<group>"; };
		BA6D157C193D5CC1006EC729 /* ctc.c */ = {isa = PBXFileReference; fileEncoding = 4; lastKnownFileType = sourcecode.c.c; path = ctc.c; sourceTree = "<group>"; };
		BA6D157D193D5CC1006EC729 /* ctc.h */ = {isa = PBXFileReference; fileEncoding = 4; lastKnownFileType = sourcecode.c.h; path = ctc.h; sourceTree = "<group>"; };
		BA6D157F193D5CC1006EC729 /* dipsw.c */ = {isa = PBXFileReference; fileEncoding = 4; lastKnownFileType = sourcecode.c.c; path = dipsw.c; sourceTree = "<group>"; };
		BA6D1580193D5CC1006EC729 /* dipsw.h */ = {isa = PBXFileReference; fileEncoding = 4; lastKnownFileType = sourcecode.c.h; path = dipsw.h; sourceTree = "<group>"; };
		BA6D1581193D5CC1006EC729 /* dmac.c */ = {isa = PBXFileReference; fileEncoding = 4; lastKnownFileType = sourcecode.c.c; path = dmac.c; sourceTree = "<group>"; };
		BA6D1582193D5CC1006EC729 /* dmac.h */ = {isa = PBXFileReference; fileEncoding = 4; lastKnownFileType = sourcecode.c.h; path = dmac.h; sourceTree = "<group>"; };
		BA6D1583193D5CC1006EC729 /* fdc.c */ = {isa = PBXFileReference; fileEncoding = 4; lastKnownFileType = sourcecode.c.c; path = fdc.c; sourceTree = "<group>"; };
		BA6D1584193D5CC1006EC729 /* fdc.h */ = {isa = PBXFileReference; fileEncoding = 4; lastKnownFileType = sourcecode.c.h; path = fdc.h; sourceTree = "<group>"; };
		BA6D1585193D5CC1006EC729 /* iocore.c */ = {isa = PBXFileReference; fileEncoding = 4; lastKnownFileType = sourcecode.c.c; path = iocore.c; sourceTree = "<group>"; };
		BA6D1586193D5CC1006EC729 /* iocore.h */ = {isa = PBXFileReference; fileEncoding = 4; lastKnownFileType = sourcecode.c.h; path = iocore.h; sourceTree = "<group>"; };
		BA6D1587193D5CC1006EC729 /* memio.c */ = {isa = PBXFileReference; fileEncoding = 4; lastKnownFileType = sourcecode.c.c; path = memio.c; sourceTree = "<group>"; };
		BA6D1588193D5CC1006EC729 /* memio.h */ = {isa = PBXFileReference; fileEncoding = 4; lastKnownFileType = sourcecode.c.h; path = memio.h; sourceTree = "<group>"; };
		BA6D1589193D5CC1006EC729 /* pcg.c */ = {isa = PBXFileReference; fileEncoding = 4; lastKnownFileType = sourcecode.c.c; path = pcg.c; sourceTree = "<group>"; };
		BA6D158A193D5CC1006EC729 /* pcg.h */ = {isa = PBXFileReference; fileEncoding = 4; lastKnownFileType = sourcecode.c.h; path = pcg.h; sourceTree = "<group>"; };
		BA6D158B193D5CC1006EC729 /* ppi.c */ = {isa = PBXFileReference; fileEncoding = 4; lastKnownFileType = sourcecode.c.c; path = ppi.c; sourceTree = "<group>"; };
		BA6D158C193D5CC1006EC729 /* ppi.h */ = {isa = PBXFileReference; fileEncoding = 4; lastKnownFileType = sourcecode.c.h; path = ppi.h; sourceTree = "<group>"; };
		BA6D158D193D5CC1006EC729 /* sio.c */ = {isa = PBXFileReference; fileEncoding = 4; lastKnownFileType = sourcecode.c.c; path = sio.c; sourceTree = "<group>"; };
		BA6D158E193D5CC1006EC729 /* sio.h */ = {isa = PBXFileReference; fileEncoding = 4; lastKnownFileType = sourcecode.c.h; path = sio.h; sourceTree = "<group>"; };
		BA6D158F193D5CC1006EC729 /* sndboard.c */ = {isa = PBXFileReference; fileEncoding = 4; lastKnownFileType = sourcecode.c.c; path = sndboard.c; sourceTree = "<group>"; };
		BA6D1590193D5CC1006EC729 /* sndboard.h */ = {isa = PBXFileReference; fileEncoding = 4; lastKnownFileType = sourcecode.c.h; path = sndboard.h; sourceTree = "<group>"; };
		BA6D1591193D5CC1006EC729 /* subcpu.c */ = {isa = PBXFileReference; fileEncoding = 4; lastKnownFileType = sourcecode.c.c; path = subcpu.c; sourceTree = "<group>"; };
		BA6D1592193D5CC1006EC729 /* subcpu.h */ = {isa = PBXFileReference; fileEncoding = 4; lastKnownFileType = sourcecode.c.h; path = subcpu.h; sourceTree = "<group>"; };
		BA6D1593193D5CC1006EC729 /* vramio.c */ = {isa = PBXFileReference; fileEncoding = 4; lastKnownFileType = sourcecode.c.c; path = vramio.c; sourceTree = "<group>"; };
		BA6D1594193D5CC1006EC729 /* vramio.h */ = {isa = PBXFileReference; fileEncoding = 4; lastKnownFileType = sourcecode.c.h; path = vramio.h; sourceTree = "<group>"; };
		BA6D1595193D5CC1006EC729 /* keystat.c */ = {isa = PBXFileReference; fileEncoding = 4; lastKnownFileType = sourcecode.c.c; path = keystat.c; sourceTree = "<group>"; };
		BA6D1596193D5CC1006EC729 /* keystat.h */ = {isa = PBXFileReference; fileEncoding = 4; lastKnownFileType = sourcecode.c.h; path = keystat.h; sourceTree = "<group>"; };
		BA6D1597193D5CC1006EC729 /* nevent.c */ = {isa = PBXFileReference; fileEncoding = 4; lastKnownFileType = sourcecode.c.c; path = nevent.c; sourceTree = "<group>"; };
		BA6D1598193D5CC1006EC729 /* nevent.h */ = {isa = PBXFileReference; fileEncoding = 4; lastKnownFileType = sourcecode.c.h; path = nevent.h; sourceTree = "<group>"; };
		BA6D1599193D5CC1006EC729 /* pccore.c */ = {isa = PBXFileReference; fileEncoding = 4; lastKnownFileType = sourcecode.c.c; path = pccore.c; sourceTree = "<group>"; };
		BA6D159A193D5CC1006EC729 /* pccore.h */ = {isa = PBXFileReference; fileEncoding = 4; lastKnownFileType = sourcecode.c.h; path = pccore.h; sourceTree = "<group>"; };
		BA6D159E193D5CC1006EC729 /* dosio.c */ = {isa = PBXFileReference; fileEncoding = 4; lastKnownFileType = sourcecode.c.c; path = dosio.c; sourceTree = "<group>"; };
		BA6D159F193D5CC1006EC729 /* dosio.h */ = {isa = PBXFileReference; fileEncoding = 4; lastKnownFileType = sourcecode.c.h; path = dosio.h; sourceTree = "<group>"; };
		BA6D15A0193D5CC1006EC729 /* fontmng.c */ = {isa = PBXFileReference; fileEncoding = 4; lastKnownFileType = sourcecode.c.c; path = fontmng.c; sourceTree = "<group>"; };
		BA6D15A1193D5CC1006EC729 /* fontmng.h */ = {isa = PBXFileReference; fileEncoding = 4; lastKnownFileType = sourcecode.c.h; path = fontmng.h; sourceTree = "<group>"; };
		BA6D15A2193D5CC1006EC729 /* ini.c */ = {isa = PBXFileReference; fileEncoding = 4; lastKnownFileType = sourcecode.c.c; path = ini.c; sourceTree = "<group>"; };
		BA6D15A3193D5CC1006EC729 /* ini.h */ = {isa = PBXFileReference; fileEncoding = 4; lastKnownFileType = sourcecode.c.h; path = ini.h; sourceTree = "<group>"; };
		BA6D15A5193D5CC1006EC729 /* inputmng.h */ = {isa = PBXFileReference; fileEncoding = 4; lastKnownFileType = sourcecode.c.h; path = inputmng.h; sourceTree = "<group>"; };
		BA6D15A7193D5CC1006EC729 /* compiler.h */ = {isa = PBXFileReference; fileEncoding = 4; lastKnownFileType = sourcecode.c.h; path = compiler.h; sourceTree = "<group>"; };
		BA6D15A8193D5CC1006EC729 /* compiler.pch */ = {isa = PBXFileReference; fileEncoding = 4; lastKnownFileType = sourcecode.c.h; path = compiler.pch; sourceTree = "<group>"; };
		BA6D15AC193D5CC1006EC729 /* main.m */ = {isa = PBXFileReference; fileEncoding = 4; lastKnownFileType = sourcecode.c.objc; path = main.m; sourceTree = "<group>"; };
		BA6D15B0193D5CC1006EC729 /* joymng.c */ = {isa = PBXFileReference; fileEncoding = 4; lastKnownFileType = sourcecode.c.c; path = joymng.c; sourceTree = "<group>"; };
		BA6D15B1193D5CC1006EC729 /* joymng.h */ = {isa = PBXFileReference; fileEncoding = 4; lastKnownFileType = sourcecode.c.h; path = joymng.h; sourceTree = "<group>"; };
		BA6D15B2193D5CC1006EC729 /* mousemng.c */ = {isa = PBXFileReference; fileEncoding = 4; lastKnownFileType = sourcecode.c.c; path = mousemng.c; sourceTree = "<group>"; };
		BA6D15B3193D5CC1006EC729 /* mousemng.h */ = {isa = PBXFileReference; fileEncoding = 4; lastKnownFileType = sourcecode.c.h; path = mousemng.h; sourceTree = "<group>"; };
		BA6D15B4193D5CC1006EC729 /* oemtext.h */ = {isa = PBXFileReference; fileEncoding = 4; lastKnownFileType = sourcecode.c.h; path = oemtext.h; sourceTree = "<group>"; };
		BA6D15B5193D5CC1006EC729 /* scrnmng.c */ = {isa = PBXFileReference; fileEncoding = 4; lastKnownFileType = sourcecode.c.c; path = scrnmng.c; sourceTree = "<group>"; };
		BA6D15B6193D5CC1006EC729 /* scrnmng.h */ = {isa = PBXFileReference; fileEncoding = 4; lastKnownFileType = sourcecode.c.h; path = scrnmng.h; sourceTree = "<group>"; };
		BA6D15B7193D5CC1006EC729 /* sdlkbd.c */ = {isa = PBXFileReference; fileEncoding = 4; lastKnownFileType = sourcecode.c.c; path = sdlkbd.c; sourceTree = "<group>"; };
		BA6D15B8193D5CC1006EC729 /* sdlkbd.h */ = {isa = PBXFileReference; fileEncoding = 4; lastKnownFileType = sourcecode.c.h; path = sdlkbd.h; sourceTree = "<group>"; };
		BA6D15B9193D5CC1006EC729 /* soundmng.c */ = {isa = PBXFileReference; fileEncoding = 4; lastKnownFileType = sourcecode.c.c; path = soundmng.c; sourceTree = "<group>"; };
		BA6D15BA193D5CC1006EC729 /* soundmng.h */ = {isa = PBXFileReference; fileEncoding = 4; lastKnownFileType = sourcecode.c.h; path = soundmng.h; sourceTree = "<group>"; };
		BA6D15BB193D5CC1006EC729 /* sysmenu.c */ = {isa = PBXFileReference; fileEncoding = 4; lastKnownFileType = sourcecode.c.c; path = sysmenu.c; sourceTree = "<group>"; };
		BA6D15BC193D5CC1006EC729 /* sysmenu.h */ = {isa = PBXFileReference; fileEncoding = 4; lastKnownFileType = sourcecode.c.h; path = sysmenu.h; sourceTree = "<group>"; };
		BA6D15BF193D5CC1006EC729 /* sysmng.c */ = {isa = PBXFileReference; fileEncoding = 4; lastKnownFileType = sourcecode.c.c; path = sysmng.c; sourceTree = "<group>"; };
		BA6D15C0193D5CC1006EC729 /* sysmng.h */ = {isa = PBXFileReference; fileEncoding = 4; lastKnownFileType = sourcecode.c.h; path = sysmng.h; sourceTree = "<group>"; };
		BA6D15C1193D5CC1006EC729 /* taskmng.c */ = {isa = PBXFileReference; fileEncoding = 4; lastKnownFileType = sourcecode.c.c; path = taskmng.c; sourceTree = "<group>"; };
		BA6D15C2193D5CC1006EC729 /* taskmng.h */ = {isa = PBXFileReference; fileEncoding = 4; lastKnownFileType = sourcecode.c.h; path = taskmng.h; sourceTree = "<group>"; };
		BA6D15C3193D5CC1006EC729 /* timemng.c */ = {isa = PBXFileReference; fileEncoding = 4; lastKnownFileType = sourcecode.c.c; path = timemng.c; sourceTree = "<group>"; };
		BA6D15C4193D5CC1006EC729 /* timemng.h */ = {isa = PBXFileReference; fileEncoding = 4; lastKnownFileType = sourcecode.c.h; path = timemng.h; sourceTree = "<group>"; };
		BA6D15C5193D5CC1006EC729 /* trace.c */ = {isa = PBXFileReference; fileEncoding = 4; lastKnownFileType = sourcecode.c.c; path = trace.c; sourceTree = "<group>"; };
		BA6D15C6193D5CC1006EC729 /* trace.h */ = {isa = PBXFileReference; fileEncoding = 4; lastKnownFileType = sourcecode.c.h; path = trace.h; sourceTree = "<group>"; };
		BA6D15D4193D5CC1006EC729 /* xmil.c */ = {isa = PBXFileReference; fileEncoding = 4; lastKnownFileType = sourcecode.c.c; path = xmil.c; sourceTree = "<group>"; };
		BA6D15D5193D5CC1006EC729 /* xmil.h */ = {isa = PBXFileReference; fileEncoding = 4; lastKnownFileType = sourcecode.c.h; path = xmil.h; sourceTree = "<group>"; };
		BA6D15D7193D5CC1006EC729 /* opmgen.h */ = {isa = PBXFileReference; fileEncoding = 4; lastKnownFileType = sourcecode.c.h; path = opmgen.h; sourceTree = "<group>"; };
		BA6D15D8193D5CC1006EC729 /* opmgenc.c */ = {isa = PBXFileReference; fileEncoding = 4; lastKnownFileType = sourcecode.c.c; path = opmgenc.c; sourceTree = "<group>"; };
		BA6D15D9193D5CC1006EC729 /* opmgeng.c */ = {isa = PBXFileReference; fileEncoding = 4; lastKnownFileType = sourcecode.c.c; path = opmgeng.c; sourceTree = "<group>"; };
		BA6D15DA193D5CC1006EC729 /* psggen.h */ = {isa = PBXFileReference; fileEncoding = 4; lastKnownFileType = sourcecode.c.h; path = psggen.h; sourceTree = "<group>"; };
		BA6D15DB193D5CC1006EC729 /* psggenc.c */ = {isa = PBXFileReference; fileEncoding = 4; lastKnownFileType = sourcecode.c.c; path = psggenc.c; sourceTree = "<group>"; };
		BA6D15DC193D5CC1006EC729 /* psggeng.c */ = {isa = PBXFileReference; fileEncoding = 4; lastKnownFileType = sourcecode.c.c; path = psggeng.c; sourceTree = "<group>"; };
		BA6D15DD193D5CC1006EC729 /* sndcsec.c */ = {isa = PBXFileReference; fileEncoding = 4; lastKnownFileType = sourcecode.c.c; path = sndcsec.c; sourceTree = "<group>"; };
		BA6D15DE193D5CC1006EC729 /* sndcsec.h */ = {isa = PBXFileReference; fileEncoding = 4; lastKnownFileType = sourcecode.c.h; path = sndcsec.h; sourceTree = "<group>"; };
		BA6D15DF193D5CC1006EC729 /* sndctrl.c */ = {isa = PBXFileReference; fileEncoding = 4; lastKnownFileType = sourcecode.c.c; path = sndctrl.c; sourceTree = "<group>"; };
		BA6D15E0193D5CC1006EC729 /* sndctrl.h */ = {isa = PBXFileReference; fileEncoding = 4; lastKnownFileType = sourcecode.c.h; path = sndctrl.h; sourceTree = "<group>"; };
		BA6D15E1193D5CC1006EC729 /* sound.c */ = {isa = PBXFileReference; fileEncoding = 4; lastKnownFileType = sourcecode.c.c; path = sound.c; sourceTree = "<group>"; };
		BA6D15E2193D5CC1006EC729 /* sound.h */ = {isa = PBXFileReference; fileEncoding = 4; lastKnownFileType = sourcecode.c.h; path = sound.h; sourceTree = "<group>"; };
		BA6D15E3193D5CC1006EC729 /* x1f.c */ = {isa = PBXFileReference; fileEncoding = 4; lastKnownFileType = sourcecode.c.c; path = x1f.c; sourceTree = "<group>"; };
		BA6D15E4193D5CC1006EC729 /* x1f.h */ = {isa = PBXFileReference; fileEncoding = 4; lastKnownFileType = sourcecode.c.h; path = x1f.h; sourceTree = "<group>"; };
		BA6D15E5193D5CC1006EC729 /* statsave.c */ = {isa = PBXFileReference; fileEncoding = 4; lastKnownFileType = sourcecode.c.c; path = statsave.c; sourceTree = "<group>"; };
		BA6D15E6193D5CC1006EC729 /* statsave.h */ = {isa = PBXFileReference; fileEncoding = 4; lastKnownFileType = sourcecode.c.h; path = statsave.h; sourceTree = "<group>"; };
		BA6D15E7193D5CC1006EC729 /* timing.c */ = {isa = PBXFileReference; fileEncoding = 4; lastKnownFileType = sourcecode.c.c; path = timing.c; sourceTree = "<group>"; };
		BA6D15E8193D5CC1006EC729 /* timing.h */ = {isa = PBXFileReference; fileEncoding = 4; lastKnownFileType = sourcecode.c.h; path = timing.h; sourceTree = "<group>"; };
		BA6D15EA193D5CC1006EC729 /* make15.c */ = {isa = PBXFileReference; fileEncoding = 4; lastKnownFileType = sourcecode.c.c; path = make15.c; sourceTree = "<group>"; };
		BA6D15EB193D5CC1006EC729 /* make24.c */ = {isa = PBXFileReference; fileEncoding = 4; lastKnownFileType = sourcecode.c.c; path = make24.c; sourceTree = "<group>"; };
		BA6D15EC193D5CC1006EC729 /* makeatr.c */ = {isa = PBXFileReference; fileEncoding = 4; lastKnownFileType = sourcecode.c.c; path = makeatr.c; sourceTree = "<group>"; };
		BA6D15ED193D5CC1006EC729 /* makechr.c */ = {isa = PBXFileReference; fileEncoding = 4; lastKnownFileType = sourcecode.c.c; path = makechr.c; sourceTree = "<group>"; };
		BA6D15EE193D5CC1006EC729 /* makemix.c */ = {isa = PBXFileReference; fileEncoding = 4; lastKnownFileType = sourcecode.c.c; path = makemix.c; sourceTree = "<group>"; };
		BA6D15EF193D5CC1006EC729 /* makescrn.c */ = {isa = PBXFileReference; fileEncoding = 4; lastKnownFileType = sourcecode.c.c; path = makescrn.c; sourceTree = "<group>"; };
		BA6D15F0193D5CC1006EC729 /* makescrn.h */ = {isa = PBXFileReference; fileEncoding = 4; lastKnownFileType = sourcecode.c.h; path = makescrn.h; sourceTree = "<group>"; };
		BA6D15F1193D5CC1006EC729 /* makesub.c */ = {isa = PBXFileReference; fileEncoding = 4; lastKnownFileType = sourcecode.c.c; path = makesub.c; sourceTree = "<group>"; };
		BA6D15F2193D5CC1006EC729 /* makesub.h */ = {isa = PBXFileReference; fileEncoding = 4; lastKnownFileType = sourcecode.c.h; path = makesub.h; sourceTree = "<group>"; };
		BA6D15F3193D5CC1006EC729 /* maketxth.c */ = {isa = PBXFileReference; fileEncoding = 4; lastKnownFileType = sourcecode.c.c; path = maketxth.c; sourceTree = "<group>"; };
		BA6D15F4193D5CC1006EC729 /* maketxtl.c */ = {isa = PBXFileReference; fileEncoding = 4; lastKnownFileType = sourcecode.c.c; path = maketxtl.c; sourceTree = "<group>"; };
		BA6D15F5193D5CC1006EC729 /* palettes.c */ = {isa = PBXFileReference; fileEncoding = 4; lastKnownFileType = sourcecode.c.c; path = palettes.c; sourceTree = "<group>"; };
		BA6D15F6193D5CC1006EC729 /* palettes.h */ = {isa = PBXFileReference; fileEncoding = 4; lastKnownFileType = sourcecode.c.h; path = palettes.h; sourceTree = "<group>"; };
		BA6D15F7193D5CC1006EC729 /* scrndraw.c */ = {isa = PBXFileReference; fileEncoding = 4; lastKnownFileType = sourcecode.c.c; path = scrndraw.c; sourceTree = "<group>"; };
		BA6D15F8193D5CC1006EC729 /* scrndraw.h */ = {isa = PBXFileReference; fileEncoding = 4; lastKnownFileType = sourcecode.c.h; path = scrndraw.h; sourceTree = "<group>"; };
		BA6D15F9193D5CC1006EC729 /* scrnsave.c */ = {isa = PBXFileReference; fileEncoding = 4; lastKnownFileType = sourcecode.c.c; path = scrnsave.c; sourceTree = "<group>"; };
		BA6D15FA193D5CC1006EC729 /* scrnsave.h */ = {isa = PBXFileReference; fileEncoding = 4; lastKnownFileType = sourcecode.c.h; path = scrnsave.h; sourceTree = "<group>"; };
		BA6D15FB193D5CC1006EC729 /* sdraw.c */ = {isa = PBXFileReference; fileEncoding = 4; lastKnownFileType = sourcecode.c.c; path = sdraw.c; sourceTree = "<group>"; };
		BA6D15FC193D5CC1006EC729 /* sdraw.h */ = {isa = PBXFileReference; fileEncoding = 4; lastKnownFileType = sourcecode.c.h; path = sdraw.h; sourceTree = "<group>"; };
		BA6D15FE193D5CC1006EC729 /* sdrawq16.c */ = {isa = PBXFileReference; fileEncoding = 4; lastKnownFileType = sourcecode.c.c; path = sdrawq16.c; sourceTree = "<group>"; };
		BA6D15FF193D5CC1006EC729 /* vram.c */ = {isa = PBXFileReference; fileEncoding = 4; lastKnownFileType = sourcecode.c.c; path = vram.c; sourceTree = "<group>"; };
		BA6D1600193D5CC1006EC729 /* vram.h */ = {isa = PBXFileReference; fileEncoding = 4; lastKnownFileType = sourcecode.c.h; path = vram.h; sourceTree = "<group>"; };
		BA6D1601193D5CC1006EC729 /* xmilver.h */ = {isa = PBXFileReference; fileEncoding = 4; lastKnownFileType = sourcecode.c.h; path = xmilver.h; sourceTree = "<group>"; };
		BA6D1603193D5CC1006EC729 /* z80c.c */ = {isa = PBXFileReference; fileEncoding = 4; lastKnownFileType = sourcecode.c.c; path = z80c.c; sourceTree = "<group>"; };
		BA6D1604193D5CC1006EC729 /* z80c.h */ = {isa = PBXFileReference; fileEncoding = 4; lastKnownFileType = sourcecode.c.h; path = z80c.h; sourceTree = "<group>"; };
		BA6D1606193D5CC1006EC729 /* z80c_cb.c */ = {isa = PBXFileReference; fileEncoding = 4; lastKnownFileType = sourcecode.c.c; path = z80c_cb.c; sourceTree = "<group>"; };
		BA6D1608193D5CC1006EC729 /* z80c_ix.c */ = {isa = PBXFileReference; fileEncoding = 4; lastKnownFileType = sourcecode.c.c; path = z80c_ix.c; sourceTree = "<group>"; };
		BA6D1609193D5CC1006EC729 /* z80c_iy.c */ = {isa = PBXFileReference; fileEncoding = 4; lastKnownFileType = sourcecode.c.c; path = z80c_iy.c; sourceTree = "<group>"; };
		BA6D160A193D5CC1006EC729 /* z80c_mn.c */ = {isa = PBXFileReference; fileEncoding = 4; lastKnownFileType = sourcecode.c.c; path = z80c_mn.c; sourceTree = "<group>"; };
		BA6D160C193D5CC1006EC729 /* z80c_sb.c */ = {isa = PBXFileReference; fileEncoding = 4; lastKnownFileType = sourcecode.c.c; path = z80c_sb.c; sourceTree = "<group>"; };
		BA6D160D193D5CC1006EC729 /* z80core.h */ = {isa = PBXFileReference; fileEncoding = 4; lastKnownFileType = sourcecode.c.h; path = z80core.h; sourceTree = "<group>"; };
		BA6D160E193D5CC1006EC729 /* z80dmap.c */ = {isa = PBXFileReference; fileEncoding = 4; lastKnownFileType = sourcecode.c.c; path = z80dmap.c; sourceTree = "<group>"; };
		BA6D160F193D5CC1006EC729 /* z80dmap.h */ = {isa = PBXFileReference; fileEncoding = 4; lastKnownFileType = sourcecode.c.h; path = z80dmap.h; sourceTree = "<group>"; };
		BA6D1610193D5CC1006EC729 /* z80mem.c */ = {isa = PBXFileReference; fileEncoding = 4; lastKnownFileType = sourcecode.c.c; path = z80mem.c; sourceTree = "<group>"; };
		BA6D1611193D5CC1006EC729 /* z80mem.h */ = {isa = PBXFileReference; fileEncoding = 4; lastKnownFileType = sourcecode.c.h; path = z80mem.h; sourceTree = "<group>"; };
		BAD9FBD7193F194700B3C0D5 /* Default-Landscape.png */ = {isa = PBXFileReference; lastKnownFileType = image.png; path = "Default-Landscape.png"; sourceTree = "<group>"; };
		BAD9FBD8193F194700B3C0D5 /* Icon-72.png */ = {isa = PBXFileReference; lastKnownFileType = image.png; path = "Icon-72.png"; sourceTree = "<group>"; };
		FD779EDD0E26BA1200F39101 /* CoreAudio.framework */ = {isa = PBXFileReference; lastKnownFileType = wrapper.framework; name = CoreAudio.framework; path = System/Library/Frameworks/CoreAudio.framework; sourceTree = SDKROOT; };
		FD77A07C0E26BD8C00F39101 /* Icon.png */ = {isa = PBXFileReference; lastKnownFileType = image.png; path = Icon.png; sourceTree = "<group>"; };
		FD77A07E0E26BDA900F39101 /* Default.png */ = {isa = PBXFileReference; lastKnownFileType = image.png; path = Default.png; sourceTree = "<group>"; };
		FD77A0840E26BDB800F39101 /* AudioToolbox.framework */ = {isa = PBXFileReference; lastKnownFileType = wrapper.framework; name = AudioToolbox.framework; path = System/Library/Frameworks/AudioToolbox.framework; sourceTree = SDKROOT; };
		FDB8BFC50E5A0F6A00980157 /* CoreGraphics.framework */ = {isa = PBXFileReference; lastKnownFileType = wrapper.framework; name = CoreGraphics.framework; path = System/Library/Frameworks/CoreGraphics.framework; sourceTree = SDKROOT; };
/* End PBXFileReference section */

/* Begin PBXFrameworksBuildPhase section */
		1D60588F0D05DD3D006BFB54 /* Frameworks */ = {
			isa = PBXFrameworksBuildPhase;
			buildActionMask = 2147483647;
			files = (
				1D60589F0D05DD5A006BFB54 /* Foundation.framework in Frameworks */,
				1DF5F4E00D08C38300B7A737 /* UIKit.framework in Frameworks */,
				28FD15000DC6FC520079059D /* OpenGLES.framework in Frameworks */,
				28FD15080DC6FC5B0079059D /* QuartzCore.framework in Frameworks */,
				FD779EDE0E26BA1200F39101 /* CoreAudio.framework in Frameworks */,
				FD77A0850E26BDB800F39101 /* AudioToolbox.framework in Frameworks */,
				FDB8BFC60E5A0F6A00980157 /* CoreGraphics.framework in Frameworks */,
				0097E2D912F70C4E00724AC5 /* libSDL2.a in Frameworks */,
			);
			runOnlyForDeploymentPostprocessing = 0;
		};
/* End PBXFrameworksBuildPhase section */

/* Begin PBXGroup section */
		0097E29812F70C4D00724AC5 /* SDL2 */ = {
			isa = PBXGroup;
			children = (
				0097E29912F70C4D00724AC5 /* include */,
				0097E2D412F70C4D00724AC5 /* lib */,
			);
			path = SDL2;
			sourceTree = "<group>";
		};
		0097E29912F70C4D00724AC5 /* include */ = {
			isa = PBXGroup;
			children = (
				0097E29A12F70C4D00724AC5 /* begin_code.h */,
				0097E29B12F70C4D00724AC5 /* close_code.h */,
				0097E29C12F70C4D00724AC5 /* doxyfile */,
				0097E29D12F70C4D00724AC5 /* SDL.h */,
				0097E29E12F70C4D00724AC5 /* SDL_assert.h */,
				0097E29F12F70C4D00724AC5 /* SDL_atomic.h */,
				0097E2A012F70C4D00724AC5 /* SDL_audio.h */,
				0097E2A112F70C4D00724AC5 /* SDL_blendmode.h */,
				0097E2A212F70C4D00724AC5 /* SDL_clipboard.h */,
				0097E2A312F70C4D00724AC5 /* SDL_compat.h */,
				0097E2A412F70C4D00724AC5 /* SDL_config.h */,
				0097E2A512F70C4D00724AC5 /* SDL_config.h.default */,
				0097E2A612F70C4D00724AC5 /* SDL_config.h.in */,
				0097E2A712F70C4D00724AC5 /* SDL_config_android.h */,
				0097E2A812F70C4D00724AC5 /* SDL_config_iphoneos.h */,
				0097E2A912F70C4D00724AC5 /* SDL_config_macosx.h */,
				0097E2AA12F70C4D00724AC5 /* SDL_config_minimal.h */,
				0097E2AC12F70C4D00724AC5 /* SDL_config_pandora.h */,
				0097E2AD12F70C4D00724AC5 /* SDL_config_windows.h */,
				0097E2AE12F70C4D00724AC5 /* SDL_config_wiz.h */,
				0097E2AF12F70C4D00724AC5 /* SDL_copying.h */,
				0097E2B012F70C4D00724AC5 /* SDL_cpuinfo.h */,
				0097E2B112F70C4D00724AC5 /* SDL_endian.h */,
				0097E2B212F70C4D00724AC5 /* SDL_error.h */,
				0097E2B312F70C4D00724AC5 /* SDL_events.h */,
				0097E2B412F70C4D00724AC5 /* SDL_gesture.h */,
				0097E2B512F70C4D00724AC5 /* SDL_haptic.h */,
				0097E2B612F70C4D00724AC5 /* SDL_input.h */,
				0097E2B712F70C4D00724AC5 /* SDL_joystick.h */,
				0097E2B812F70C4D00724AC5 /* SDL_keyboard.h */,
				0097E2B912F70C4D00724AC5 /* SDL_keysym.h */,
				0097E2BA12F70C4D00724AC5 /* SDL_loadso.h */,
				0097E2BB12F70C4D00724AC5 /* SDL_main.h */,
				0097E2BC12F70C4D00724AC5 /* SDL_mouse.h */,
				0097E2BD12F70C4D00724AC5 /* SDL_mutex.h */,
				0097E2BE12F70C4D00724AC5 /* SDL_name.h */,
				0097E2BF12F70C4D00724AC5 /* SDL_opengl.h */,
				0097E2C012F70C4D00724AC5 /* SDL_opengles.h */,
				0097E2C112F70C4D00724AC5 /* SDL_pixels.h */,
				0097E2C212F70C4D00724AC5 /* SDL_platform.h */,
				0097E2C312F70C4D00724AC5 /* SDL_power.h */,
				0097E2C412F70C4D00724AC5 /* SDL_quit.h */,
				0097E2C512F70C4D00724AC5 /* SDL_rect.h */,
				0097E2C612F70C4D00724AC5 /* SDL_revision.h */,
				0097E2C712F70C4D00724AC5 /* SDL_rwops.h */,
				0097E2C812F70C4D00724AC5 /* SDL_scalemode.h */,
				0097E2C912F70C4D00724AC5 /* SDL_scancode.h */,
				0097E2CA12F70C4D00724AC5 /* SDL_shape.h */,
				0097E2CB12F70C4D00724AC5 /* SDL_stdinc.h */,
				0097E2CC12F70C4D00724AC5 /* SDL_surface.h */,
				0097E2CD12F70C4D00724AC5 /* SDL_syswm.h */,
				0097E2CE12F70C4D00724AC5 /* SDL_thread.h */,
				0097E2CF12F70C4D00724AC5 /* SDL_timer.h */,
				0097E2D012F70C4D00724AC5 /* SDL_touch.h */,
				0097E2D112F70C4D00724AC5 /* SDL_types.h */,
				0097E2D212F70C4D00724AC5 /* SDL_version.h */,
				0097E2D312F70C4D00724AC5 /* SDL_video.h */,
			);
			path = include;
			sourceTree = "<group>";
		};
		0097E2D412F70C4D00724AC5 /* lib */ = {
			isa = PBXGroup;
			children = (
				0097E2D512F70C4D00724AC5 /* libSDL2.a */,
			);
			path = lib;
			sourceTree = "<group>";
		};
		19C28FACFE9D520D11CA2CBB /* Products */ = {
			isa = PBXGroup;
			children = (
				1D6058910D05DD3D006BFB54 /* xmil.app */,
			);
			name = Products;
			sourceTree = "<group>";
		};
		29B97314FDCFA39411CA2CEA /* CustomTemplate */ = {
			isa = PBXGroup;
			children = (
				BA6D150C193D4E5F006EC729 /* xmil */,
				29B97317FDCFA39411CA2CEA /* Resources */,
				0097E29812F70C4D00724AC5 /* SDL2 */,
				29B97323FDCFA39411CA2CEA /* Frameworks */,
				19C28FACFE9D520D11CA2CBB /* Products */,
			);
			name = CustomTemplate;
			sourceTree = "<group>";
		};
		29B97317FDCFA39411CA2CEA /* Resources */ = {
			isa = PBXGroup;
			children = (
				BAD9FBD7193F194700B3C0D5 /* Default-Landscape.png */,
				BAD9FBD8193F194700B3C0D5 /* Icon-72.png */,
				FD77A07E0E26BDA900F39101 /* Default.png */,
				FD77A07C0E26BD8C00F39101 /* Icon.png */,
				8D1107310486CEB800E47090 /* Info.plist */,
			);
			name = Resources;
			sourceTree = "<group>";
		};
		29B97323FDCFA39411CA2CEA /* Frameworks */ = {
			isa = PBXGroup;
			children = (
				FDB8BFC50E5A0F6A00980157 /* CoreGraphics.framework */,
				FD77A0840E26BDB800F39101 /* AudioToolbox.framework */,
				FD779EDD0E26BA1200F39101 /* CoreAudio.framework */,
				28FD15070DC6FC5B0079059D /* QuartzCore.framework */,
				28FD14FF0DC6FC520079059D /* OpenGLES.framework */,
				1DF5F4DF0D08C38300B7A737 /* UIKit.framework */,
				1D30AB110D05D00D00671497 /* Foundation.framework */,
			);
			name = Frameworks;
			sourceTree = "<group>";
		};
		BA6D150C193D4E5F006EC729 /* xmil */ = {
			isa = PBXGroup;
			children = (
				BA6D150D193D5CC1006EC729 /* calendar.c */,
				BA6D150E193D5CC1006EC729 /* calendar.h */,
				BA6D150F193D5CC1006EC729 /* codecnv */,
				BA6D151C193D5CC1006EC729 /* common */,
				BA6D1535193D5CC1006EC729 /* common.h */,
				BA6D1536193D5CC1006EC729 /* debugsub.c */,
				BA6D1537193D5CC1006EC729 /* debugsub.h */,
				BA6D1538193D5CC1006EC729 /* embed */,
				BA6D1557193D5CC1006EC729 /* fdd */,
				BA6D1567193D5CC1006EC729 /* font */,
				BA6D1573193D5CC1006EC729 /* ievent.c */,
				BA6D1574193D5CC1006EC729 /* ievent.h */,
				BA6D1575193D5CC1006EC729 /* io */,
				BA6D1595193D5CC1006EC729 /* keystat.c */,
				BA6D1596193D5CC1006EC729 /* keystat.h */,
				BA6D1597193D5CC1006EC729 /* nevent.c */,
				BA6D1598193D5CC1006EC729 /* nevent.h */,
				BA6D1599193D5CC1006EC729 /* pccore.c */,
				BA6D159A193D5CC1006EC729 /* pccore.h */,
				BA6D159B193D5CC1006EC729 /* sdl2 */,
				BA6D15D6193D5CC1006EC729 /* sound */,
				BA6D15E5193D5CC1006EC729 /* statsave.c */,
				BA6D15E6193D5CC1006EC729 /* statsave.h */,
				BA6D15E7193D5CC1006EC729 /* timing.c */,
				BA6D15E8193D5CC1006EC729 /* timing.h */,
				BA6D15E9193D5CC1006EC729 /* vram */,
				BA6D1601193D5CC1006EC729 /* xmilver.h */,
				BA6D1602193D5CC1006EC729 /* z80c */,
			);
			name = xmil;
			path = ../..;
			sourceTree = "<group>";
		};
		BA6D150F193D5CC1006EC729 /* codecnv */ = {
			isa = PBXGroup;
			children = (
				BA6D1510193D5CC1006EC729 /* codecnv.h */,
				BA6D1514193D5CC1006EC729 /* sjisucs2.c */,
				BA6D1519193D5CC1006EC729 /* ucs2sjis.c */,
				BA6D151A193D5CC1006EC729 /* ucs2utf8.c */,
				BA6D151B193D5CC1006EC729 /* utf8ucs2.c */,
			);
			path = codecnv;
			sourceTree = "<group>";
		};
		BA6D151C193D5CC1006EC729 /* common */ = {
			isa = PBXGroup;
			children = (
				BA6D151D193D5CC1006EC729 /* _memory.c */,
				BA6D151E193D5CC1006EC729 /* _memory.h */,
				BA6D151F193D5CC1006EC729 /* bmpdata.c */,
				BA6D1520193D5CC1006EC729 /* bmpdata.h */,
				BA6D1521193D5CC1006EC729 /* lstarray.c */,
				BA6D1522193D5CC1006EC729 /* lstarray.h */,
				BA6D1523193D5CC1006EC729 /* milstr.c */,
				BA6D1524193D5CC1006EC729 /* milstr.h */,
				BA6D1525193D5CC1006EC729 /* parts.c */,
				BA6D1526193D5CC1006EC729 /* parts.h */,
				BA6D1527193D5CC1006EC729 /* profile.c */,
				BA6D1528193D5CC1006EC729 /* profile.h */,
				BA6D1529193D5CC1006EC729 /* rect.c */,
				BA6D152A193D5CC1006EC729 /* rect.h */,
				BA6D152B193D5CC1006EC729 /* resize.c */,
				BA6D152C193D5CC1006EC729 /* resize.h */,
				BA6D152D193D5CC1006EC729 /* strres.c */,
				BA6D152E193D5CC1006EC729 /* strres.h */,
				BA6D152F193D5CC1006EC729 /* textfile.c */,
				BA6D1530193D5CC1006EC729 /* textfile.h */,
				BA6D1533193D5CC1006EC729 /* wavefile.c */,
				BA6D1534193D5CC1006EC729 /* wavefile.h */,
			);
			path = common;
			sourceTree = "<group>";
		};
		BA6D1538193D5CC1006EC729 /* embed */ = {
			isa = PBXGroup;
			children = (
				BA6D1539193D5CC1006EC729 /* menu */,
				BA6D1542193D5CC1006EC729 /* menubase */,
				BA6D1553193D5CC1006EC729 /* vramhdl.c */,
				BA6D1554193D5CC1006EC729 /* vramhdl.h */,
				BA6D1555193D5CC1006EC729 /* vrammix.c */,
				BA6D1556193D5CC1006EC729 /* vrammix.h */,
			);
			path = embed;
			sourceTree = "<group>";
		};
		BA6D1539193D5CC1006EC729 /* menu */ = {
			isa = PBXGroup;
			children = (
				BA6D153A193D5CC1006EC729 /* dlgabout.c */,
				BA6D153B193D5CC1006EC729 /* dlgabout.h */,
				BA6D153C193D5CC1006EC729 /* dlgcfg.c */,
				BA6D153D193D5CC1006EC729 /* dlgcfg.h */,
				BA6D153E193D5CC1006EC729 /* filesel.c */,
				BA6D153F193D5CC1006EC729 /* filesel.h */,
				BA6D1540193D5CC1006EC729 /* menustr.c */,
				BA6D1541193D5CC1006EC729 /* menustr.h */,
			);
			path = menu;
			sourceTree = "<group>";
		};
		BA6D1542193D5CC1006EC729 /* menubase */ = {
			isa = PBXGroup;
			children = (
				BA6D1543193D5CC1006EC729 /* menubase.c */,
				BA6D1544193D5CC1006EC729 /* menubase.h */,
				BA6D1546193D5CC1006EC729 /* menudlg.c */,
				BA6D1547193D5CC1006EC729 /* menudlg.h */,
				BA6D1548193D5CC1006EC729 /* menuicon.c */,
				BA6D1549193D5CC1006EC729 /* menuicon.h */,
				BA6D154A193D5CC1006EC729 /* menumbox.c */,
				BA6D154B193D5CC1006EC729 /* menumbox.h */,
				BA6D154C193D5CC1006EC729 /* menures.c */,
				BA6D154D193D5CC1006EC729 /* menures.h */,
				BA6D154E193D5CC1006EC729 /* menusys.c */,
				BA6D154F193D5CC1006EC729 /* menusys.h */,
				BA6D1550193D5CC1006EC729 /* menuvram.c */,
				BA6D1551193D5CC1006EC729 /* menuvram.h */,
			);
			path = menubase;
			sourceTree = "<group>";
		};
		BA6D1557193D5CC1006EC729 /* fdd */ = {
			isa = PBXGroup;
			children = (
				BA6D1558193D5CC1006EC729 /* d88head.h */,
				BA6D1559193D5CC1006EC729 /* diskdrv.c */,
				BA6D155A193D5CC1006EC729 /* diskdrv.h */,
				BA6D155B193D5CC1006EC729 /* fdd_2d.c */,
				BA6D155C193D5CC1006EC729 /* fdd_2d.h */,
				BA6D155D193D5CC1006EC729 /* fdd_d88.c */,
				BA6D155E193D5CC1006EC729 /* fdd_d88.h */,
				BA6D155F193D5CC1006EC729 /* fdd_ini.c */,
				BA6D1560193D5CC1006EC729 /* fdd_ini.h */,
				BA6D1561193D5CC1006EC729 /* fdd_mtr.c */,
				BA6D1562193D5CC1006EC729 /* fdd_mtr.h */,
				BA6D1563193D5CC1006EC729 /* fddfile.c */,
				BA6D1564193D5CC1006EC729 /* fddfile.h */,
				BA6D1565193D5CC1006EC729 /* newdisk.c */,
				BA6D1566193D5CC1006EC729 /* newdisk.h */,
			);
			path = fdd;
			sourceTree = "<group>";
		};
		BA6D1567193D5CC1006EC729 /* font */ = {
			isa = PBXGroup;
			children = (
				BA6D1568193D5CC1006EC729 /* font.c */,
				BA6D1569193D5CC1006EC729 /* font.h */,
				BA6D156A193D5CC1006EC729 /* fontdata.c */,
				BA6D156B193D5CC1006EC729 /* fontdata.h */,
				BA6D156C193D5CC1006EC729 /* fontmake.c */,
				BA6D156D193D5CC1006EC729 /* fontmake.h */,
				BA6D156E193D5CC1006EC729 /* fontx1.c */,
			);
			path = font;
			sourceTree = "<group>";
		};
		BA6D1575193D5CC1006EC729 /* io */ = {
			isa = PBXGroup;
			children = (
				BA6D1576193D5CC1006EC729 /* cgrom.c */,
				BA6D1577193D5CC1006EC729 /* cgrom.h */,
				BA6D1578193D5CC1006EC729 /* cmt.c */,
				BA6D1579193D5CC1006EC729 /* cmt.h */,
				BA6D157A193D5CC1006EC729 /* crtc.c */,
				BA6D157B193D5CC1006EC729 /* crtc.h */,
				BA6D157C193D5CC1006EC729 /* ctc.c */,
				BA6D157D193D5CC1006EC729 /* ctc.h */,
				BA6D157F193D5CC1006EC729 /* dipsw.c */,
				BA6D1580193D5CC1006EC729 /* dipsw.h */,
				BA6D1581193D5CC1006EC729 /* dmac.c */,
				BA6D1582193D5CC1006EC729 /* dmac.h */,
				BA6D1583193D5CC1006EC729 /* fdc.c */,
				BA6D1584193D5CC1006EC729 /* fdc.h */,
				BA6D1585193D5CC1006EC729 /* iocore.c */,
				BA6D1586193D5CC1006EC729 /* iocore.h */,
				BA6D1587193D5CC1006EC729 /* memio.c */,
				BA6D1588193D5CC1006EC729 /* memio.h */,
				BA6D1589193D5CC1006EC729 /* pcg.c */,
				BA6D158A193D5CC1006EC729 /* pcg.h */,
				BA6D158B193D5CC1006EC729 /* ppi.c */,
				BA6D158C193D5CC1006EC729 /* ppi.h */,
				BA6D158D193D5CC1006EC729 /* sio.c */,
				BA6D158E193D5CC1006EC729 /* sio.h */,
				BA6D158F193D5CC1006EC729 /* sndboard.c */,
				BA6D1590193D5CC1006EC729 /* sndboard.h */,
				BA6D1591193D5CC1006EC729 /* subcpu.c */,
				BA6D1592193D5CC1006EC729 /* subcpu.h */,
				BA6D1593193D5CC1006EC729 /* vramio.c */,
				BA6D1594193D5CC1006EC729 /* vramio.h */,
			);
			path = io;
			sourceTree = "<group>";
		};
		BA6D159B193D5CC1006EC729 /* sdl2 */ = {
			isa = PBXGroup;
			children = (
				BA6D159E193D5CC1006EC729 /* dosio.c */,
				BA6D159F193D5CC1006EC729 /* dosio.h */,
				BA6D15A0193D5CC1006EC729 /* fontmng.c */,
				BA6D15A1193D5CC1006EC729 /* fontmng.h */,
				BA6D15A2193D5CC1006EC729 /* ini.c */,
				BA6D15A3193D5CC1006EC729 /* ini.h */,
				BA6D15A5193D5CC1006EC729 /* inputmng.h */,
				BA6D15A6193D5CC1006EC729 /* iOS */,
				BA6D15B0193D5CC1006EC729 /* joymng.c */,
				BA6D15B1193D5CC1006EC729 /* joymng.h */,
				BA6D15B2193D5CC1006EC729 /* mousemng.c */,
				BA6D15B3193D5CC1006EC729 /* mousemng.h */,
				BA6D15B4193D5CC1006EC729 /* oemtext.h */,
				BA6D15B5193D5CC1006EC729 /* scrnmng.c */,
				BA6D15B6193D5CC1006EC729 /* scrnmng.h */,
				BA6D15B7193D5CC1006EC729 /* sdlkbd.c */,
				BA6D15B8193D5CC1006EC729 /* sdlkbd.h */,
				BA6D15B9193D5CC1006EC729 /* soundmng.c */,
				BA6D15BA193D5CC1006EC729 /* soundmng.h */,
				BA6D15BB193D5CC1006EC729 /* sysmenu.c */,
				BA6D15BC193D5CC1006EC729 /* sysmenu.h */,
				BA6D15BF193D5CC1006EC729 /* sysmng.c */,
				BA6D15C0193D5CC1006EC729 /* sysmng.h */,
				BA6D15C1193D5CC1006EC729 /* taskmng.c */,
				BA6D15C2193D5CC1006EC729 /* taskmng.h */,
				BA6D15C3193D5CC1006EC729 /* timemng.c */,
				BA6D15C4193D5CC1006EC729 /* timemng.h */,
				BA6D15C5193D5CC1006EC729 /* trace.c */,
				BA6D15C6193D5CC1006EC729 /* trace.h */,
				BA6D15D4193D5CC1006EC729 /* xmil.c */,
				BA6D15D5193D5CC1006EC729 /* xmil.h */,
			);
			path = sdl2;
			sourceTree = "<group>";
		};
		BA6D15A6193D5CC1006EC729 /* iOS */ = {
			isa = PBXGroup;
			children = (
				BA6D15A7193D5CC1006EC729 /* compiler.h */,
				BA6D15A8193D5CC1006EC729 /* compiler.pch */,
				BA6D15AC193D5CC1006EC729 /* main.m */,
			);
			path = iOS;
			sourceTree = "<group>";
		};
		BA6D15D6193D5CC1006EC729 /* sound */ = {
			isa = PBXGroup;
			children = (
				BA6D15D7193D5CC1006EC729 /* opmgen.h */,
				BA6D15D8193D5CC1006EC729 /* opmgenc.c */,
				BA6D15D9193D5CC1006EC729 /* opmgeng.c */,
				BA6D15DA193D5CC1006EC729 /* psggen.h */,
				BA6D15DB193D5CC1006EC729 /* psggenc.c */,
				BA6D15DC193D5CC1006EC729 /* psggeng.c */,
				BA6D15DD193D5CC1006EC729 /* sndcsec.c */,
				BA6D15DE193D5CC1006EC729 /* sndcsec.h */,
				BA6D15DF193D5CC1006EC729 /* sndctrl.c */,
				BA6D15E0193D5CC1006EC729 /* sndctrl.h */,
				BA6D15E1193D5CC1006EC729 /* sound.c */,
				BA6D15E2193D5CC1006EC729 /* sound.h */,
				BA6D15E3193D5CC1006EC729 /* x1f.c */,
				BA6D15E4193D5CC1006EC729 /* x1f.h */,
			);
			path = sound;
			sourceTree = "<group>";
		};
		BA6D15E9193D5CC1006EC729 /* vram */ = {
			isa = PBXGroup;
			children = (
				BA6D15EA193D5CC1006EC729 /* make15.c */,
				BA6D15EB193D5CC1006EC729 /* make24.c */,
				BA6D15EC193D5CC1006EC729 /* makeatr.c */,
				BA6D15ED193D5CC1006EC729 /* makechr.c */,
				BA6D15EE193D5CC1006EC729 /* makemix.c */,
				BA6D15EF193D5CC1006EC729 /* makescrn.c */,
				BA6D15F0193D5CC1006EC729 /* makescrn.h */,
				BA6D15F1193D5CC1006EC729 /* makesub.c */,
				BA6D15F2193D5CC1006EC729 /* makesub.h */,
				BA6D15F3193D5CC1006EC729 /* maketxth.c */,
				BA6D15F4193D5CC1006EC729 /* maketxtl.c */,
				BA6D15F5193D5CC1006EC729 /* palettes.c */,
				BA6D15F6193D5CC1006EC729 /* palettes.h */,
				BA6D15F7193D5CC1006EC729 /* scrndraw.c */,
				BA6D15F8193D5CC1006EC729 /* scrndraw.h */,
				BA6D15F9193D5CC1006EC729 /* scrnsave.c */,
				BA6D15FA193D5CC1006EC729 /* scrnsave.h */,
				BA6D15FB193D5CC1006EC729 /* sdraw.c */,
				BA6D15FC193D5CC1006EC729 /* sdraw.h */,
				BA6D15FE193D5CC1006EC729 /* sdrawq16.c */,
				BA6D15FF193D5CC1006EC729 /* vram.c */,
				BA6D1600193D5CC1006EC729 /* vram.h */,
			);
			path = vram;
			sourceTree = "<group>";
		};
		BA6D1602193D5CC1006EC729 /* z80c */ = {
			isa = PBXGroup;
			children = (
				BA6D1603193D5CC1006EC729 /* z80c.c */,
				BA6D1604193D5CC1006EC729 /* z80c.h */,
				BA6D1606193D5CC1006EC729 /* z80c_cb.c */,
				BA6D1608193D5CC1006EC729 /* z80c_ix.c */,
				BA6D1609193D5CC1006EC729 /* z80c_iy.c */,
				BA6D160A193D5CC1006EC729 /* z80c_mn.c */,
				BA6D160C193D5CC1006EC729 /* z80c_sb.c */,
				BA6D160D193D5CC1006EC729 /* z80core.h */,
				BA6D160E193D5CC1006EC729 /* z80dmap.c */,
				BA6D160F193D5CC1006EC729 /* z80dmap.h */,
				BA6D1610193D5CC1006EC729 /* z80mem.c */,
				BA6D1611193D5CC1006EC729 /* z80mem.h */,
			);
			path = z80c;
			sourceTree = "<group>";
		};
/* End PBXGroup section */

/* Begin PBXNativeTarget section */
		1D6058900D05DD3D006BFB54 /* xmil */ = {
			isa = PBXNativeTarget;
			buildConfigurationList = 1D6058960D05DD3E006BFB54 /* Build configuration list for PBXNativeTarget "xmil" */;
			buildPhases = (
				1D60588D0D05DD3D006BFB54 /* Resources */,
				1D60588E0D05DD3D006BFB54 /* Sources */,
				1D60588F0D05DD3D006BFB54 /* Frameworks */,
			);
			buildRules = (
			);
			dependencies = (
			);
			name = xmil;
			productName = xmil;
			productReference = 1D6058910D05DD3D006BFB54 /* xmil.app */;
			productType = "com.apple.product-type.application";
		};
/* End PBXNativeTarget section */

/* Begin PBXProject section */
		29B97313FDCFA39411CA2CEA /* Project object */ = {
			isa = PBXProject;
			attributes = {
			};
			buildConfigurationList = C01FCF4E08A954540054247B /* Build configuration list for PBXProject "xmil" */;
			compatibilityVersion = "Xcode 3.1";
			developmentRegion = English;
			hasScannedForEncodings = 1;
			knownRegions = (
				English,
				Japanese,
				French,
				German,
			);
			mainGroup = 29B97314FDCFA39411CA2CEA /* CustomTemplate */;
			projectDirPath = "";
			projectRoot = "";
			targets = (
				1D6058900D05DD3D006BFB54 /* xmil */,
			);
		};
/* End PBXProject section */

/* Begin PBXResourcesBuildPhase section */
		1D60588D0D05DD3D006BFB54 /* Resources */ = {
			isa = PBXResourcesBuildPhase;
			buildActionMask = 2147483647;
			files = (
				FD77A07D0E26BD8C00F39101 /* Icon.png in Resources */,
				BAD9FBDA193F194700B3C0D5 /* Icon-72.png in Resources */,
				FD77A07F0E26BDA900F39101 /* Default.png in Resources */,
				BAD9FBD9193F194700B3C0D5 /* Default-Landscape.png in Resources */,
			);
			runOnlyForDeploymentPostprocessing = 0;
		};
/* End PBXResourcesBuildPhase section */

/* Begin PBXSourcesBuildPhase section */
		1D60588E0D05DD3D006BFB54 /* Sources */ = {
			isa = PBXSourcesBuildPhase;
			buildActionMask = 2147483647;
			files = (
				BA6D1649193D5CC1006EC729 /* crtc.c in Sources */,
				BA6D1687193D5CC1006EC729 /* make24.c in Sources */,
				BA6D1685193D5CC1006EC729 /* timing.c in Sources */,
				BA6D1653193D5CC1006EC729 /* sio.c in Sources */,
				BA6D165C193D5CC1006EC729 /* dosio.c in Sources */,
				BA6D165D193D5CC1006EC729 /* fontmng.c in Sources */,
				BA6D168A193D5CC1006EC729 /* makemix.c in Sources */,
				BA6D1626193D5CC1006EC729 /* textfile.c in Sources */,
				BA6D1635193D5CC1006EC729 /* menuvram.c in Sources */,
				BA6D164C193D5CC1006EC729 /* dipsw.c in Sources */,
				BA6D167D193D5CC1006EC729 /* opmgeng.c in Sources */,
				BA6D1633193D5CC1006EC729 /* menures.c in Sources */,
				BA6D1688193D5CC1006EC729 /* makeatr.c in Sources */,
				BA6D1638193D5CC1006EC729 /* vrammix.c in Sources */,
				BA6D1659193D5CC1006EC729 /* pccore.c in Sources */,
				BA6D1692193D5CC1006EC729 /* sdraw.c in Sources */,
				BA6D1657193D5CC1006EC729 /* keystat.c in Sources */,
				BA6D1625193D5CC1006EC729 /* strres.c in Sources */,
				BA6D161F193D5CC1006EC729 /* lstarray.c in Sources */,
				BA6D161E193D5CC1006EC729 /* bmpdata.c in Sources */,
				BA6D161A193D5CC1006EC729 /* ucs2sjis.c in Sources */,
				BA6D1630193D5CC1006EC729 /* menudlg.c in Sources */,
				BA6D169C193D5CC1006EC729 /* z80c_mn.c in Sources */,
				BA6D1621193D5CC1006EC729 /* parts.c in Sources */,
				BA6D1650193D5CC1006EC729 /* memio.c in Sources */,
				BA6D1681193D5CC1006EC729 /* sndctrl.c in Sources */,
				BA6D1622193D5CC1006EC729 /* profile.c in Sources */,
				BA6D1620193D5CC1006EC729 /* milstr.c in Sources */,
				BA6D1680193D5CC1006EC729 /* sndcsec.c in Sources */,
				BA6D1689193D5CC1006EC729 /* makechr.c in Sources */,
				BA6D1651193D5CC1006EC729 /* pcg.c in Sources */,
				BA6D161D193D5CC1006EC729 /* _memory.c in Sources */,
				BA6D1640193D5CC1006EC729 /* font.c in Sources */,
				BA6D1656193D5CC1006EC729 /* vramio.c in Sources */,
				BA6D163A193D5CC1006EC729 /* fdd_2d.c in Sources */,
				BA6D163F193D5CC1006EC729 /* newdisk.c in Sources */,
				BA6D1694193D5CC1006EC729 /* sdrawq16.c in Sources */,
				BA6D169F193D5CC1006EC729 /* z80dmap.c in Sources */,
				BA6D1654193D5CC1006EC729 /* sndboard.c in Sources */,
				BA6D1691193D5CC1006EC729 /* scrnsave.c in Sources */,
				BA6D162B193D5CC1006EC729 /* dlgcfg.c in Sources */,
				BA6D1658193D5CC1006EC729 /* nevent.c in Sources */,
				BA6D169B193D5CC1006EC729 /* z80c_iy.c in Sources */,
				BA6D164E193D5CC1006EC729 /* fdc.c in Sources */,
				BA6D166D193D5CC1006EC729 /* taskmng.c in Sources */,
				BA6D1642193D5CC1006EC729 /* fontmake.c in Sources */,
				BA6D166C193D5CC1006EC729 /* sysmng.c in Sources */,
				BA6D1647193D5CC1006EC729 /* cgrom.c in Sources */,
				BA6D167F193D5CC1006EC729 /* psggeng.c in Sources */,
				BA6D162A193D5CC1006EC729 /* dlgabout.c in Sources */,
				BA6D163D193D5CC1006EC729 /* fdd_mtr.c in Sources */,
				BA6D1690193D5CC1006EC729 /* scrndraw.c in Sources */,
				BA6D161C193D5CC1006EC729 /* utf8ucs2.c in Sources */,
				BA6D1652193D5CC1006EC729 /* ppi.c in Sources */,
				BA6D1686193D5CC1006EC729 /* make15.c in Sources */,
				BA6D169E193D5CC1006EC729 /* z80c_sb.c in Sources */,
				BA6D1698193D5CC1006EC729 /* z80c_cb.c in Sources */,
				BA6D1666193D5CC1006EC729 /* scrnmng.c in Sources */,
				BA6D167E193D5CC1006EC729 /* psggenc.c in Sources */,
				BA6D1663193D5CC1006EC729 /* main.m in Sources */,
				BA6D163E193D5CC1006EC729 /* fddfile.c in Sources */,
				BA6D1637193D5CC1006EC729 /* vramhdl.c in Sources */,
				BA6D163B193D5CC1006EC729 /* fdd_d88.c in Sources */,
				BA6D166E193D5CC1006EC729 /* timemng.c in Sources */,
				BA6D1643193D5CC1006EC729 /* fontx1.c in Sources */,
				BA6D166F193D5CC1006EC729 /* trace.c in Sources */,
				BA6D162E193D5CC1006EC729 /* menubase.c in Sources */,
				BA6D1655193D5CC1006EC729 /* subcpu.c in Sources */,
				BA6D163C193D5CC1006EC729 /* fdd_ini.c in Sources */,
				BA6D1641193D5CC1006EC729 /* fontdata.c in Sources */,
				BA6D1667193D5CC1006EC729 /* sdlkbd.c in Sources */,
				BA6D1646193D5CC1006EC729 /* ievent.c in Sources */,
				BA6D1634193D5CC1006EC729 /* menusys.c in Sources */,
				BA6D1665193D5CC1006EC729 /* mousemng.c in Sources */,
				BA6D1648193D5CC1006EC729 /* cmt.c in Sources */,
				BA6D168B193D5CC1006EC729 /* makescrn.c in Sources */,
				BA6D162D193D5CC1006EC729 /* menustr.c in Sources */,
				BA6D1628193D5CC1006EC729 /* wavefile.c in Sources */,
				BA6D164F193D5CC1006EC729 /* iocore.c in Sources */,
				BA6D167C193D5CC1006EC729 /* opmgenc.c in Sources */,
				BA6D1683193D5CC1006EC729 /* x1f.c in Sources */,
				BA6D165E193D5CC1006EC729 /* ini.c in Sources */,
				BA6D168E193D5CC1006EC729 /* maketxtl.c in Sources */,
				BA6D164A193D5CC1006EC729 /* ctc.c in Sources */,
				BA6D1639193D5CC1006EC729 /* diskdrv.c in Sources */,
				BA6D168F193D5CC1006EC729 /* palettes.c in Sources */,
				BA6D1612193D5CC1006EC729 /* calendar.c in Sources */,
				BA6D1684193D5CC1006EC729 /* statsave.c in Sources */,
				BA6D1664193D5CC1006EC729 /* joymng.c in Sources */,
				BA6D168C193D5CC1006EC729 /* makesub.c in Sources */,
				BA6D168D193D5CC1006EC729 /* maketxth.c in Sources */,
				BA6D1682193D5CC1006EC729 /* sound.c in Sources */,
				BA6D162C193D5CC1006EC729 /* filesel.c in Sources */,
				BA6D1616193D5CC1006EC729 /* sjisucs2.c in Sources */,
				BA6D1632193D5CC1006EC729 /* menumbox.c in Sources */,
				BA6D1668193D5CC1006EC729 /* soundmng.c in Sources */,
				BA6D1629193D5CC1006EC729 /* debugsub.c in Sources */,
				BA6D1669193D5CC1006EC729 /* sysmenu.c in Sources */,
				BA6D1624193D5CC1006EC729 /* resize.c in Sources */,
				BA6D1695193D5CC1006EC729 /* vram.c in Sources */,
				BA6D1631193D5CC1006EC729 /* menuicon.c in Sources */,
				BA6D16A0193D5CC1006EC729 /* z80mem.c in Sources */,
				BA6D169A193D5CC1006EC729 /* z80c_ix.c in Sources */,
				BA6D167B193D5CC1006EC729 /* xmil.c in Sources */,
				BA6D161B193D5CC1006EC729 /* ucs2utf8.c in Sources */,
				BA6D164D193D5CC1006EC729 /* dmac.c in Sources */,
				BA6D1696193D5CC1006EC729 /* z80c.c in Sources */,
				BA6D1623193D5CC1006EC729 /* rect.c in Sources */,
			);
			runOnlyForDeploymentPostprocessing = 0;
		};
/* End PBXSourcesBuildPhase section */

/* Begin XCBuildConfiguration section */
		1D6058940D05DD3E006BFB54 /* Debug */ = {
			isa = XCBuildConfiguration;
			buildSettings = {
				ALWAYS_SEARCH_USER_PATHS = NO;
				ARCHS = "$(ARCHS_STANDARD)";
				COPY_PHASE_STRIP = NO;
				GCC_DYNAMIC_NO_PIC = NO;
				GCC_OPTIMIZATION_LEVEL = 0;
				GCC_PRECOMPILE_PREFIX_HEADER = YES;
				GCC_PREFIX_HEADER = ./compiler.pch;
				HEADER_SEARCH_PATHS = (
					"$(inherited)",
					/Applications/Xcode.app/Contents/Developer/Toolchains/XcodeDefault.xctoolchain/usr/include,
					.,
					..,
					../..,
					../../common,
					../../embed,
					../../embed/menu,
					../../embed/menubase,
					../../fdd,
					../../font,
					../../io,
					../../sound,
					../../vram,
					../../z80c,
				);
				INFOPLIST_FILE = Info.plist;
				IPHONEOS_DEPLOYMENT_TARGET = 6.0;
				LIBRARY_SEARCH_PATHS = (
					"$(inherited)",
					"\"$(SRCROOT)/SDL2/lib\"",
				);
				PRODUCT_NAME = xmil;
				TARGETED_DEVICE_FAMILY = "1,2";
			};
			name = Debug;
		};
		1D6058950D05DD3E006BFB54 /* Release */ = {
			isa = XCBuildConfiguration;
			buildSettings = {
				ALWAYS_SEARCH_USER_PATHS = NO;
				ARCHS = "$(ARCHS_STANDARD)";
				COPY_PHASE_STRIP = YES;
				GCC_PRECOMPILE_PREFIX_HEADER = YES;
				GCC_PREFIX_HEADER = ./compiler.pch;
				HEADER_SEARCH_PATHS = (
					"$(inherited)",
					/Applications/Xcode.app/Contents/Developer/Toolchains/XcodeDefault.xctoolchain/usr/include,
					.,
					..,
					../..,
					../../common,
					../../embed,
					../../embed/menu,
					../../embed/menubase,
					../../fdd,
					../../font,
					../../io,
					../../sound,
					../../vram,
					../../z80c,
				);
				INFOPLIST_FILE = Info.plist;
				IPHONEOS_DEPLOYMENT_TARGET = 6.0;
				LIBRARY_SEARCH_PATHS = (
					"$(inherited)",
					"\"$(SRCROOT)/SDL2/lib\"",
				);
				PRODUCT_NAME = xmil;
				TARGETED_DEVICE_FAMILY = "1,2";
			};
			name = Release;
		};
		C01FCF4F08A954540054247B /* Debug */ = {
			isa = XCBuildConfiguration;
			buildSettings = {
				ARCHS = "$(ARCHS_STANDARD_32_BIT)";
				"CODE_SIGN_IDENTITY[sdk=iphoneos*]" = "iPhone Developer";
				GCC_C_LANGUAGE_STANDARD = c99;
				GCC_WARN_ABOUT_RETURN_TYPE = YES;
				GCC_WARN_UNUSED_VARIABLE = YES;
				ONLY_ACTIVE_ARCH = YES;
				OTHER_CFLAGS = "";
				PREBINDING = NO;
				SDKROOT = iphoneos;
			};
			name = Debug;
		};
		C01FCF5008A954540054247B /* Release */ = {
			isa = XCBuildConfiguration;
			buildSettings = {
				ARCHS = "$(ARCHS_STANDARD_32_BIT)";
				"CODE_SIGN_IDENTITY[sdk=iphoneos*]" = "iPhone Developer";
				GCC_C_LANGUAGE_STANDARD = c99;
				GCC_WARN_ABOUT_RETURN_TYPE = YES;
				GCC_WARN_UNUSED_VARIABLE = YES;
				OTHER_CFLAGS = "";
				PREBINDING = NO;
				SDKROOT = iphoneos;
			};
			name = Release;
		};
/* End XCBuildConfiguration section */

/* Begin XCConfigurationList section */
		1D6058960D05DD3E006BFB54 /* Build configuration list for PBXNativeTarget "xmil" */ = {
			isa = XCConfigurationList;
			buildConfigurations = (
				1D6058940D05DD3E006BFB54 /* Debug */,
				1D6058950D05DD3E006BFB54 /* Release */,
			);
			defaultConfigurationIsVisible = 0;
			defaultConfigurationName = Release;
		};
		C01FCF4E08A954540054247B /* Build configuration list for PBXProject "xmil" */ = {
			isa = XCConfigurationList;
			buildConfigurations = (
				C01FCF4F08A954540054247B /* Debug */,
				C01FCF5008A954540054247B /* Release */,
			);
			defaultConfigurationIsVisible = 0;
			defaultConfigurationName = Release;
		};
/* End XCConfigurationList section */
	};
	rootObject = 29B97313FDCFA39411CA2CEA /* Project object */;
}
