// !$*UTF8*$!
{
	archiveVersion = 1;
	classes = {
	};
	objectVersion = 39;
	objects = {
		02345980000FD03B11CA0E72 = {
			children = (
				1870340FFE93FCAF11CA0CD7,
			);
			isa = PBXVariantGroup;
			name = main.nib;
			refType = 4;
			sourceTree = "<group>";
		};
		0249A66BFF388E3F11CA2CEA = {
			isa = PBXFileReference;
			lastKnownFileType = archive.ar;
			name = "libstdc++.a";
			path = "/usr/lib/libstdc++.a";
			refType = 0;
			sourceTree = "<absolute>";
		};
//020
//021
//022
//023
//024
//080
//081
//082
//083
//084
		0867D6AAFE840B52C02AAC07 = {
			children = (
				0867D6ABFE840B52C02AAC07,
			);
			isa = PBXVariantGroup;
			name = InfoPlist.strings;
			refType = 4;
			sourceTree = "<group>";
		};
		0867D6ABFE840B52C02AAC07 = {
			fileEncoding = 10;
			isa = PBXFileReference;
			lastKnownFileType = text.plist.strings;
			name = English;
			path = English.lproj/InfoPlist.strings;
			refType = 4;
			sourceTree = "<group>";
		};
//080
//081
//082
//083
//084
//180
//181
//182
//183
//184
		1870340FFE93FCAF11CA0CD7 = {
			isa = PBXFileReference;
			lastKnownFileType = wrapper.nib;
			name = English;
			path = English.lproj/main.nib;
			refType = 4;
			sourceTree = "<group>";
		};
//180
//181
//182
//183
//184
//190
//191
//192
//193
//194
		195DF8CFFE9D517E11CA2CBB = {
			children = (
				8D0C4E970486CD37000505A6,
			);
			isa = PBXGroup;
			name = Products;
			refType = 4;
			sourceTree = "<group>";
		};
//190
//191
//192
//193
//194
//200
//201
//202
//203
//204
		20286C28FDCF999611CA2CEA = {
			buildSettings = {
			};
			buildStyles = (
				4A9504C5FFE6A39111CA0CBA,
				4A9504C6FFE6A39111CA0CBA,
			);
			hasScannedForEncodings = 1;
			isa = PBXProject;
			mainGroup = 20286C29FDCF999611CA2CEA;
			projectDirPath = "";
			targets = (
				8D0C4E890486CD37000505A6,
			);
		};
		20286C29FDCF999611CA2CEA = {
			children = (
				20286C2AFDCF999611CA2CEA,
				960F99FB06C892BB00937580,
				20286C2CFDCF999611CA2CEA,
				20286C32FDCF999611CA2CEA,
				195DF8CFFE9D517E11CA2CBB,
			);
			isa = PBXGroup;
			name = xmil;
			path = "";
			refType = 4;
			sourceTree = "<group>";
		};
		20286C2AFDCF999611CA2CEA = {
			children = (
				960F8BE706C817B600937580,
				960F8BE906C817B600937580,
				960F8C0506C817B600937580,
				960F8C0806C817B600937580,
				960F8C1806C817B600937580,
				96848A3106CA584300B6C950,
				960F8C2006C817B600937580,
				960F8C3F06C817B600937580,
				960F8EAD06C891C700937580,
				96848A3306CA586300B6C950,
				960F8C6F06C817B600937580,
				960F8C7106C817B600937580,
				960F8C8006C817B600937580,
				960F8C8206C817B600937580,
				960F8C9806C817B600937580,
			);
			isa = PBXGroup;
			name = Sources;
			path = "";
			refType = 4;
			sourceTree = "<group>";
		};
		20286C2CFDCF999611CA2CEA = {
			children = (
				965B8C2806C949D1003373D6,
				968DFC2A06C940DE00AE02AB,
				0867D6AAFE840B52C02AAC07,
				02345980000FD03B11CA0E72,
			);
			isa = PBXGroup;
			name = Resources;
			path = "";
			refType = 4;
			sourceTree = "<group>";
		};
		20286C32FDCF999611CA2CEA = {
			children = (
				20286C33FDCF999611CA2CEA,
				4A9504CAFFE6A41611CA0CBA,
				4A9504C8FFE6A3BC11CA0CBA,
				0249A66BFF388E3F11CA2CEA,
			);
			isa = PBXGroup;
			name = "External Frameworks and Libraries";
			path = "";
			refType = 4;
			sourceTree = "<group>";
		};
		20286C33FDCF999611CA2CEA = {
			isa = PBXFileReference;
			lastKnownFileType = wrapper.framework;
			name = Carbon.framework;
			path = /System/Library/Frameworks/Carbon.framework;
			refType = 0;
			sourceTree = "<absolute>";
		};
//200
//201
//202
//203
//204
//4A0
//4A1
//4A2
//4A3
//4A4
		4A9504C5FFE6A39111CA0CBA = {
			buildSettings = {
				COPY_PHASE_STRIP = NO;
				GCC_DYNAMIC_NO_PIC = NO;
				GCC_ENABLE_FIX_AND_CONTINUE = YES;
				GCC_GENERATE_DEBUGGING_SYMBOLS = YES;
				GCC_OPTIMIZATION_LEVEL = 0;
				ZERO_LINK = YES;
			};
			isa = PBXBuildStyle;
			name = Development;
		};
		4A9504C6FFE6A39111CA0CBA = {
			buildSettings = {
				COPY_PHASE_STRIP = YES;
				GCC_ENABLE_FIX_AND_CONTINUE = NO;
				ZERO_LINK = NO;
			};
			isa = PBXBuildStyle;
			name = Deployment;
		};
		4A9504C8FFE6A3BC11CA0CBA = {
			isa = PBXFileReference;
			lastKnownFileType = wrapper.framework;
			name = ApplicationServices.framework;
			path = /System/Library/Frameworks/ApplicationServices.framework;
			refType = 0;
			sourceTree = "<absolute>";
		};
		4A9504CAFFE6A41611CA0CBA = {
			isa = PBXFileReference;
			lastKnownFileType = wrapper.framework;
			name = CoreServices.framework;
			path = /System/Library/Frameworks/CoreServices.framework;
			refType = 0;
			sourceTree = "<absolute>";
		};
//4A0
//4A1
//4A2
//4A3
//4A4
//8D0
//8D1
//8D2
//8D3
//8D4
		8D0C4E890486CD37000505A6 = {
			buildPhases = (
				8D0C4E8C0486CD37000505A6,
				8D0C4E8F0486CD37000505A6,
				8D0C4E910486CD37000505A6,
				965B8C2C06C949DF003373D6,
			);
			buildRules = (
			);
			buildSettings = {
				GCC_GENERATE_DEBUGGING_SYMBOLS = NO;
				GCC_PRECOMPILE_PREFIX_HEADER = YES;
				GCC_PREFIX_HEADER = "";
				INFOPLIST_FILE = Info.plist;
				INSTALL_PATH = "$(HOME)/Applications";
				PRODUCT_NAME = "X millennium";
				WRAPPER_EXTENSION = app;
			};
			dependencies = (
			);
			isa = PBXNativeTarget;
			name = "X millennium";
			productInstallPath = "$(HOME)/Applications";
			productName = xmil;
			productReference = 8D0C4E970486CD37000505A6;
			productType = "com.apple.product-type.application";
		};
		8D0C4E8C0486CD37000505A6 = {
			buildActionMask = 2147483647;
			files = (
				960F8E3406C880A800937580,
				960F9C0A06C8E17F00937580,
				968DFC2706C940DA00AE02AB,
			);
			isa = PBXResourcesBuildPhase;
			runOnlyForDeploymentPostprocessing = 0;
		};
		8D0C4E8F0486CD37000505A6 = {
			buildActionMask = 2147483647;
			files = (
				960F8CA806C817B600937580,
				960F8CAA06C817B600937580,
				960F8CB106C817B600937580,
				960F8CB306C817B600937580,
				960F8CB506C817B600937580,
				960F8CB706C817B600937580,
				960F8CB906C817B600937580,
				960F8CBB06C817B600937580,
				960F8CBD06C817B600937580,
				960F8CC406C817B600937580,
				960F8CC806C817B600937580,
				960F8CCA06C817B600937580,
				960F8CCC06C817B600937580,
				960F8CCE06C817B600937580,
				960F8CD006C817B600937580,
				960F8CD206C817B600937580,
				960F8CD406C817B600937580,
				960F8CD606C817B600937580,
				960F8CD806C817B600937580,
				960F8CDA06C817B600937580,
				960F8CDC06C817B600937580,
				960F8CDD06C817B600937580,
				960F8CDF06C817B600937580,
				960F8CE106C817B600937580,
				960F8CE306C817B600937580,
				960F8CE506C817B600937580,
				960F8CE706C817B600937580,
				960F8CE906C817B600937580,
				960F8CEB06C817B600937580,
				960F8CED06C817B600937580,
				960F8CEF06C817B600937580,
				960F8CF106C817B600937580,
				960F8CF306C817B600937580,
				960F8CF506C817B600937580,
				960F8CF706C817B600937580,
				960F8CF906C817B600937580,
				960F8CFB06C817B600937580,
				960F8D2906C817B600937580,
				960F8D2C06C817B600937580,
				960F8D2D06C817B600937580,
				960F8D2F06C817B600937580,
				960F8D3006C817B600937580,
				960F8D3106C817B600937580,
				960F8D3306C817B600937580,
				960F8D3506C817B600937580,
				960F8D3706C817B600937580,
				960F8D3906C817B600937580,
				960F8D3B06C817B600937580,
				960F8D3C06C817B600937580,
				960F8D3D06C817B600937580,
				960F8D3E06C817B600937580,
				960F8D3F06C817B600937580,
				960F8D4006C817B600937580,
				960F8D4206C817B600937580,
				960F8D4406C817B600937580,
				960F8D4506C817B600937580,
				960F8D4606C817B600937580,
				960F8D4806C817B600937580,
				960F8D4A06C817B600937580,
				960F8D4D06C817B600937580,
				960F8D5006C817B600937580,
				960F8D5306C817B600937580,
				960F8D5506C817B600937580,
				960F8D5606C817B600937580,
				960F8D5706C817B600937580,
				960F8D5906C817B600937580,
				960F8D5B06C817B600937580,
				960F8D5D06C817B600937580,
				960F8E0506C87D3700937580,
				960F8E8306C891C200937580,
				960F8E8506C891C200937580,
				960F8E8606C891C200937580,
				960F8E8706C891C300937580,
				960F8E8906C891C300937580,
				960F8E8B06C891C300937580,
				960F8E8D06C891C300937580,
				960F8E8F06C891C300937580,
				960F8E9106C891C300937580,
				960F8E9306C891C300937580,
				960F8E9506C891C300937580,
				960F8E9706C891C300937580,
				960F8E9906C891C300937580,
				960F8E9C06C891C300937580,
				960F8E9E06C891C300937580,
				960F8EA006C891C300937580,
				960F8EA206C891C300937580,
				960F8EA406C891C300937580,
				960F8EA606C891C300937580,
				960F8EA806C891C300937580,
				960F9C1D06C8E2D300937580,
				96848A3206CA584300B6C950,
				96848A3406CA586300B6C950,
			);
			isa = PBXSourcesBuildPhase;
			runOnlyForDeploymentPostprocessing = 0;
		};
		8D0C4E910486CD37000505A6 = {
			buildActionMask = 2147483647;
			files = (
				8D0C4E920486CD37000505A6,
				8D0C4E930486CD37000505A6,
				960F8E2E06C87FA400937580,
				960F8E2F06C87FA600937580,
			);
			isa = PBXFrameworksBuildPhase;
			runOnlyForDeploymentPostprocessing = 0;
		};
		8D0C4E920486CD37000505A6 = {
			fileRef = 20286C33FDCF999611CA2CEA;
			isa = PBXBuildFile;
			settings = {
			};
		};
		8D0C4E930486CD37000505A6 = {
			fileRef = 0249A66BFF388E3F11CA2CEA;
			isa = PBXBuildFile;
			settings = {
			};
		};
		8D0C4E970486CD37000505A6 = {
			explicitFileType = wrapper.application;
			includeInIndex = 0;
			isa = PBXFileReference;
			path = "X millennium.app";
			refType = 3;
			sourceTree = BUILT_PRODUCTS_DIR;
		};
//8D0
//8D1
//8D2
//8D3
//8D4
//960
//961
//962
//963
//964
		960F8BE706C817B600937580 = {
			fileEncoding = "-2147483647";
			isa = PBXFileReference;
			lastKnownFileType = sourcecode.c.c;
			name = calendar.c;
			path = ../calendar.c;
			refType = 4;
			sourceTree = "<group>";
		};
		960F8BE806C817B600937580 = {
			fileEncoding = "-2147483647";
			isa = PBXFileReference;
			lastKnownFileType = sourcecode.c.h;
			name = calendar.h;
			path = ../calendar.h;
			refType = 4;
			sourceTree = "<group>";
		};
		960F8BE906C817B600937580 = {
			children = (
				960F8BEA06C817B600937580,
				960F8BED06C817B600937580,
				960F8BEF06C817B600937580,
				960F8BF106C817B600937580,
				960F8BF306C817B600937580,
				960F8BF506C817B600937580,
				960F8BF706C817B600937580,
				960F8BF906C817B600937580,
				960F8BFB06C817B600937580,
				960F8BFD06C817B600937580,
			);
			isa = PBXGroup;
			name = common;
			path = ../common;
			refType = 4;
			sourceTree = "<group>";
		};
		960F8BEA06C817B600937580 = {
			fileEncoding = "-2147483647";
			isa = PBXFileReference;
			lastKnownFileType = sourcecode.c.c;
			path = _memory.c;
			refType = 4;
			sourceTree = "<group>";
		};
		960F8BEB06C817B600937580 = {
			fileEncoding = "-2147483647";
			isa = PBXFileReference;
			lastKnownFileType = sourcecode.c.h;
			name = _memory.h;
			path = ../common/_memory.h;
			refType = 4;
			sourceTree = "<group>";
		};
		960F8BEC06C817B600937580 = {
			fileEncoding = "-2147483647";
			isa = PBXFileReference;
			lastKnownFileType = sourcecode.c.h;
			name = bitmap.h;
			path = ../common/bitmap.h;
			refType = 4;
			sourceTree = "<group>";
		};
		960F8BED06C817B600937580 = {
			fileEncoding = "-2147483647";
			isa = PBXFileReference;
			lastKnownFileType = sourcecode.c.c;
			path = bmpdata.c;
			refType = 4;
			sourceTree = "<group>";
		};
		960F8BEE06C817B600937580 = {
			fileEncoding = "-2147483647";
			isa = PBXFileReference;
			lastKnownFileType = sourcecode.c.h;
			name = bmpdata.h;
			path = ../common/bmpdata.h;
			refType = 4;
			sourceTree = "<group>";
		};
		960F8BEF06C817B600937580 = {
			fileEncoding = "-2147483647";
			isa = PBXFileReference;
			lastKnownFileType = sourcecode.c.c;
			path = lstarray.c;
			refType = 4;
			sourceTree = "<group>";
		};
		960F8BF006C817B600937580 = {
			fileEncoding = "-2147483647";
			isa = PBXFileReference;
			lastKnownFileType = sourcecode.c.h;
			name = lstarray.h;
			path = ../common/lstarray.h;
			refType = 4;
			sourceTree = "<group>";
		};
		960F8BF106C817B600937580 = {
			fileEncoding = "-2147483647";
			isa = PBXFileReference;
			lastKnownFileType = sourcecode.c.c;
			path = milstr.c;
			refType = 4;
			sourceTree = "<group>";
		};
		960F8BF206C817B600937580 = {
			fileEncoding = "-2147483647";
			isa = PBXFileReference;
			lastKnownFileType = sourcecode.c.h;
			name = milstr.h;
			path = ../common/milstr.h;
			refType = 4;
			sourceTree = "<group>";
		};
		960F8BF306C817B600937580 = {
			fileEncoding = "-2147483647";
			isa = PBXFileReference;
			lastKnownFileType = sourcecode.c.c;
			path = parts.c;
			refType = 4;
			sourceTree = "<group>";
		};
		960F8BF406C817B600937580 = {
			fileEncoding = "-2147483647";
			isa = PBXFileReference;
			lastKnownFileType = sourcecode.c.h;
			name = parts.h;
			path = ../common/parts.h;
			refType = 4;
			sourceTree = "<group>";
		};
		960F8BF506C817B600937580 = {
			fileEncoding = "-2147483647";
			isa = PBXFileReference;
			lastKnownFileType = sourcecode.c.c;
			path = profile.c;
			refType = 4;
			sourceTree = "<group>";
		};
		960F8BF606C817B600937580 = {
			fileEncoding = "-2147483647";
			isa = PBXFileReference;
			lastKnownFileType = sourcecode.c.h;
			name = profile.h;
			path = ../common/profile.h;
			refType = 4;
			sourceTree = "<group>";
		};
		960F8BF706C817B600937580 = {
			fileEncoding = "-2147483647";
			isa = PBXFileReference;
			lastKnownFileType = sourcecode.c.c;
			path = rect.c;
			refType = 4;
			sourceTree = "<group>";
		};
		960F8BF806C817B600937580 = {
			fileEncoding = "-2147483647";
			isa = PBXFileReference;
			lastKnownFileType = sourcecode.c.h;
			name = rect.h;
			path = ../common/rect.h;
			refType = 4;
			sourceTree = "<group>";
		};
		960F8BF906C817B600937580 = {
			fileEncoding = "-2147483647";
			isa = PBXFileReference;
			lastKnownFileType = sourcecode.c.c;
			path = strres.c;
			refType = 4;
			sourceTree = "<group>";
		};
		960F8BFA06C817B600937580 = {
			fileEncoding = "-2147483647";
			isa = PBXFileReference;
			lastKnownFileType = sourcecode.c.h;
			name = strres.h;
			path = ../common/strres.h;
			refType = 4;
			sourceTree = "<group>";
		};
		960F8BFB06C817B600937580 = {
			fileEncoding = "-2147483647";
			isa = PBXFileReference;
			lastKnownFileType = sourcecode.c.c;
			path = textfile.c;
			refType = 4;
			sourceTree = "<group>";
		};
		960F8BFC06C817B600937580 = {
			fileEncoding = "-2147483647";
			isa = PBXFileReference;
			lastKnownFileType = sourcecode.c.h;
			name = textfile.h;
			path = ../common/textfile.h;
			refType = 4;
			sourceTree = "<group>";
		};
		960F8BFD06C817B600937580 = {
			fileEncoding = "-2147483647";
			isa = PBXFileReference;
			lastKnownFileType = sourcecode.c.c;
			path = wavefile.c;
			refType = 4;
			sourceTree = "<group>";
		};
		960F8BFE06C817B600937580 = {
			fileEncoding = "-2147483647";
			isa = PBXFileReference;
			lastKnownFileType = sourcecode.c.h;
			name = wavefile.h;
			path = ../common/wavefile.h;
			refType = 4;
			sourceTree = "<group>";
		};
		960F8BFF06C817B600937580 = {
			fileEncoding = "-2147483647";
			isa = PBXFileReference;
			lastKnownFileType = sourcecode.c.h;
			name = common.h;
			path = ../common.h;
			refType = 4;
			sourceTree = "<group>";
		};
		960F8C0506C817B600937580 = {
			fileEncoding = "-2147483647";
			isa = PBXFileReference;
			lastKnownFileType = sourcecode.c.c;
			name = debugsub.c;
			path = ../debugsub.c;
			refType = 4;
			sourceTree = "<group>";
		};
		960F8C0606C817B600937580 = {
			fileEncoding = "-2147483647";
			isa = PBXFileReference;
			lastKnownFileType = sourcecode.c.h;
			name = debugsub.h;
			path = ../debugsub.h;
			refType = 4;
			sourceTree = "<group>";
		};
		960F8C0706C817B600937580 = {
			fileEncoding = "-2147483647";
			isa = PBXFileReference;
			lastKnownFileType = text;
			name = defrom.res;
			path = ../defrom.res;
			refType = 4;
			sourceTree = "<group>";
		};
		960F8C0806C817B600937580 = {
			children = (
				960F8C0A06C817B600937580,
				960F8C0C06C817B600937580,
				960F8C0E06C817B600937580,
				960F8C1006C817B600937580,
				960F8C1206C817B600937580,
				960F8C1406C817B600937580,
				960F8C1606C817B600937580,
			);
			isa = PBXGroup;
			name = fdd;
			path = ../fdd;
			refType = 4;
			sourceTree = "<group>";
		};
		960F8C0906C817B600937580 = {
			fileEncoding = "-2147483647";
			isa = PBXFileReference;
			lastKnownFileType = sourcecode.c.h;
			name = d88head.h;
			path = ../fdd/d88head.h;
			refType = 4;
			sourceTree = "<group>";
		};
		960F8C0A06C817B600937580 = {
			fileEncoding = "-2147483647";
			isa = PBXFileReference;
			lastKnownFileType = sourcecode.c.c;
			path = diskdrv.c;
			refType = 4;
			sourceTree = "<group>";
		};
		960F8C0B06C817B600937580 = {
			fileEncoding = "-2147483647";
			isa = PBXFileReference;
			lastKnownFileType = sourcecode.c.h;
			name = diskdrv.h;
			path = ../fdd/diskdrv.h;
			refType = 4;
			sourceTree = "<group>";
		};
		960F8C0C06C817B600937580 = {
			fileEncoding = "-2147483647";
			isa = PBXFileReference;
			lastKnownFileType = sourcecode.c.c;
			path = fdd_2d.c;
			refType = 4;
			sourceTree = "<group>";
		};
		960F8C0D06C817B600937580 = {
			fileEncoding = "-2147483647";
			isa = PBXFileReference;
			lastKnownFileType = sourcecode.c.h;
			name = fdd_2d.h;
			path = ../fdd/fdd_2d.h;
			refType = 4;
			sourceTree = "<group>";
		};
		960F8C0E06C817B600937580 = {
			fileEncoding = "-2147483647";
			isa = PBXFileReference;
			lastKnownFileType = sourcecode.c.c;
			path = fdd_d88.c;
			refType = 4;
			sourceTree = "<group>";
		};
		960F8C0F06C817B600937580 = {
			fileEncoding = "-2147483647";
			isa = PBXFileReference;
			lastKnownFileType = sourcecode.c.h;
			name = fdd_d88.h;
			path = ../fdd/fdd_d88.h;
			refType = 4;
			sourceTree = "<group>";
		};
		960F8C1006C817B600937580 = {
			fileEncoding = "-2147483647";
			isa = PBXFileReference;
			lastKnownFileType = sourcecode.c.c;
			path = fdd_ini.c;
			refType = 4;
			sourceTree = "<group>";
		};
		960F8C1106C817B600937580 = {
			fileEncoding = "-2147483647";
			isa = PBXFileReference;
			lastKnownFileType = sourcecode.c.h;
			name = fdd_ini.h;
			path = ../fdd/fdd_ini.h;
			refType = 4;
			sourceTree = "<group>";
		};
		960F8C1206C817B600937580 = {
			fileEncoding = "-2147483647";
			isa = PBXFileReference;
			lastKnownFileType = sourcecode.c.c;
			path = fdd_mtr.c;
			refType = 4;
			sourceTree = "<group>";
		};
		960F8C1306C817B600937580 = {
			fileEncoding = "-2147483647";
			isa = PBXFileReference;
			lastKnownFileType = sourcecode.c.h;
			name = fdd_mtr.h;
			path = ../fdd/fdd_mtr.h;
			refType = 4;
			sourceTree = "<group>";
		};
		960F8C1406C817B600937580 = {
			fileEncoding = "-2147483647";
			isa = PBXFileReference;
			lastKnownFileType = sourcecode.c.c;
			path = fddfile.c;
			refType = 4;
			sourceTree = "<group>";
		};
		960F8C1506C817B600937580 = {
			fileEncoding = "-2147483647";
			isa = PBXFileReference;
			lastKnownFileType = sourcecode.c.h;
			name = fddfile.h;
			path = ../fdd/fddfile.h;
			refType = 4;
			sourceTree = "<group>";
		};
		960F8C1606C817B600937580 = {
			fileEncoding = "-2147483647";
			isa = PBXFileReference;
			lastKnownFileType = sourcecode.c.c;
			path = newdisk.c;
			refType = 4;
			sourceTree = "<group>";
		};
		960F8C1706C817B600937580 = {
			fileEncoding = "-2147483647";
			isa = PBXFileReference;
			lastKnownFileType = sourcecode.c.h;
			name = newdisk.h;
			path = ../fdd/newdisk.h;
			refType = 4;
			sourceTree = "<group>";
		};
		960F8C1806C817B600937580 = {
			children = (
				960F8C1906C817B600937580,
				960F8C1B06C817B600937580,
				960F8C1D06C817B600937580,
				960F8C1F06C817B600937580,
			);
			isa = PBXGroup;
			name = font;
			path = ../font;
			refType = 4;
			sourceTree = "<group>";
		};
		960F8C1906C817B600937580 = {
			fileEncoding = "-2147483647";
			isa = PBXFileReference;
			lastKnownFileType = sourcecode.c.c;
			path = font.c;
			refType = 4;
			sourceTree = "<group>";
		};
		960F8C1A06C817B600937580 = {
			fileEncoding = "-2147483647";
			isa = PBXFileReference;
			lastKnownFileType = sourcecode.c.h;
			name = font.h;
			path = ../font/font.h;
			refType = 4;
			sourceTree = "<group>";
		};
		960F8C1B06C817B600937580 = {
			fileEncoding = "-2147483647";
			isa = PBXFileReference;
			lastKnownFileType = sourcecode.c.c;
			path = fontdata.c;
			refType = 4;
			sourceTree = "<group>";
		};
		960F8C1C06C817B600937580 = {
			fileEncoding = "-2147483647";
			isa = PBXFileReference;
			lastKnownFileType = sourcecode.c.h;
			name = fontdata.h;
			path = ../font/fontdata.h;
			refType = 4;
			sourceTree = "<group>";
		};
		960F8C1D06C817B600937580 = {
			fileEncoding = "-2147483647";
			isa = PBXFileReference;
			lastKnownFileType = sourcecode.c.c;
			path = fontmake.c;
			refType = 4;
			sourceTree = "<group>";
		};
		960F8C1E06C817B600937580 = {
			fileEncoding = "-2147483647";
			isa = PBXFileReference;
			lastKnownFileType = sourcecode.c.h;
			name = fontmake.h;
			path = ../font/fontmake.h;
			refType = 4;
			sourceTree = "<group>";
		};
		960F8C1F06C817B600937580 = {
			fileEncoding = "-2147483647";
			isa = PBXFileReference;
			lastKnownFileType = sourcecode.c.c;
			path = fontx1.c;
			refType = 4;
			sourceTree = "<group>";
		};
		960F8C2006C817B600937580 = {
			children = (
				960F8C2106C817B600937580,
				960F8C2306C817B600937580,
				960F8C2506C817B600937580,
				960F8C2706C817B600937580,
				960F8C2906C817B600937580,
				960F8C2B06C817B600937580,
				960F8C2D06C817B600937580,
				960F8C2F06C817B600937580,
				960F8C3106C817B600937580,
				960F8C3306C817B600937580,
				960F8C3506C817B600937580,
				960F8C3706C817B600937580,
				960F8C3906C817B600937580,
				960F8C3B06C817B600937580,
				960F8C3D06C817B600937580,
			);
			isa = PBXGroup;
			name = io;
			path = ../io;
			refType = 4;
			sourceTree = "<group>";
		};
		960F8C2106C817B600937580 = {
			fileEncoding = "-2147483647";
			isa = PBXFileReference;
			lastKnownFileType = sourcecode.c.c;
			path = cgrom.c;
			refType = 4;
			sourceTree = "<group>";
		};
		960F8C2206C817B600937580 = {
			fileEncoding = "-2147483647";
			isa = PBXFileReference;
			lastKnownFileType = sourcecode.c.h;
			name = cgrom.h;
			path = ../io/cgrom.h;
			refType = 4;
			sourceTree = "<group>";
		};
		960F8C2306C817B600937580 = {
			fileEncoding = "-2147483647";
			isa = PBXFileReference;
			lastKnownFileType = sourcecode.c.c;
			path = cmt.c;
			refType = 4;
			sourceTree = "<group>";
		};
		960F8C2406C817B600937580 = {
			fileEncoding = "-2147483647";
			isa = PBXFileReference;
			lastKnownFileType = sourcecode.c.h;
			name = cmt.h;
			path = ../io/cmt.h;
			refType = 4;
			sourceTree = "<group>";
		};
		960F8C2506C817B600937580 = {
			fileEncoding = "-2147483647";
			isa = PBXFileReference;
			lastKnownFileType = sourcecode.c.c;
			path = crtc.c;
			refType = 4;
			sourceTree = "<group>";
		};
		960F8C2606C817B600937580 = {
			fileEncoding = "-2147483647";
			isa = PBXFileReference;
			lastKnownFileType = sourcecode.c.h;
			name = crtc.h;
			path = ../io/crtc.h;
			refType = 4;
			sourceTree = "<group>";
		};
		960F8C2706C817B600937580 = {
			fileEncoding = "-2147483647";
			isa = PBXFileReference;
			lastKnownFileType = sourcecode.c.c;
			path = ctc.c;
			refType = 4;
			sourceTree = "<group>";
		};
		960F8C2806C817B600937580 = {
			fileEncoding = "-2147483647";
			isa = PBXFileReference;
			lastKnownFileType = sourcecode.c.h;
			name = ctc.h;
			path = ../io/ctc.h;
			refType = 4;
			sourceTree = "<group>";
		};
		960F8C2906C817B600937580 = {
			fileEncoding = "-2147483647";
			isa = PBXFileReference;
			lastKnownFileType = sourcecode.c.c;
			path = dipsw.c;
			refType = 4;
			sourceTree = "<group>";
		};
		960F8C2A06C817B600937580 = {
			fileEncoding = "-2147483647";
			isa = PBXFileReference;
			lastKnownFileType = sourcecode.c.h;
			name = dipsw.h;
			path = ../io/dipsw.h;
			refType = 4;
			sourceTree = "<group>";
		};
		960F8C2B06C817B600937580 = {
			fileEncoding = "-2147483647";
			isa = PBXFileReference;
			lastKnownFileType = sourcecode.c.c;
			path = dmac.c;
			refType = 4;
			sourceTree = "<group>";
		};
		960F8C2C06C817B600937580 = {
			fileEncoding = "-2147483647";
			isa = PBXFileReference;
			lastKnownFileType = sourcecode.c.h;
			name = dmac.h;
			path = ../io/dmac.h;
			refType = 4;
			sourceTree = "<group>";
		};
		960F8C2D06C817B600937580 = {
			fileEncoding = "-2147483647";
			isa = PBXFileReference;
			lastKnownFileType = sourcecode.c.c;
			path = fdc.c;
			refType = 4;
			sourceTree = "<group>";
		};
		960F8C2E06C817B600937580 = {
			fileEncoding = "-2147483647";
			isa = PBXFileReference;
			lastKnownFileType = sourcecode.c.h;
			name = fdc.h;
			path = ../io/fdc.h;
			refType = 4;
			sourceTree = "<group>";
		};
		960F8C2F06C817B600937580 = {
			fileEncoding = "-2147483647";
			isa = PBXFileReference;
			lastKnownFileType = sourcecode.c.c;
			path = iocore.c;
			refType = 4;
			sourceTree = "<group>";
		};
		960F8C3006C817B600937580 = {
			fileEncoding = "-2147483647";
			isa = PBXFileReference;
			lastKnownFileType = sourcecode.c.h;
			name = iocore.h;
			path = ../io/iocore.h;
			refType = 4;
			sourceTree = "<group>";
		};
		960F8C3106C817B600937580 = {
			fileEncoding = "-2147483647";
			isa = PBXFileReference;
			lastKnownFileType = sourcecode.c.c;
			path = memio.c;
			refType = 4;
			sourceTree = "<group>";
		};
		960F8C3206C817B600937580 = {
			fileEncoding = "-2147483647";
			isa = PBXFileReference;
			lastKnownFileType = sourcecode.c.h;
			name = memio.h;
			path = ../io/memio.h;
			refType = 4;
			sourceTree = "<group>";
		};
		960F8C3306C817B600937580 = {
			fileEncoding = "-2147483647";
			isa = PBXFileReference;
			lastKnownFileType = sourcecode.c.c;
			path = pcg.c;
			refType = 4;
			sourceTree = "<group>";
		};
		960F8C3406C817B600937580 = {
			fileEncoding = "-2147483647";
			isa = PBXFileReference;
			lastKnownFileType = sourcecode.c.h;
			name = pcg.h;
			path = ../io/pcg.h;
			refType = 4;
			sourceTree = "<group>";
		};
		960F8C3506C817B600937580 = {
			fileEncoding = "-2147483647";
			isa = PBXFileReference;
			lastKnownFileType = sourcecode.c.c;
			path = ppi.c;
			refType = 4;
			sourceTree = "<group>";
		};
		960F8C3606C817B600937580 = {
			fileEncoding = "-2147483647";
			isa = PBXFileReference;
			lastKnownFileType = sourcecode.c.h;
			name = ppi.h;
			path = ../io/ppi.h;
			refType = 4;
			sourceTree = "<group>";
		};
		960F8C3706C817B600937580 = {
			fileEncoding = "-2147483647";
			isa = PBXFileReference;
			lastKnownFileType = sourcecode.c.c;
			path = sio.c;
			refType = 4;
			sourceTree = "<group>";
		};
		960F8C3806C817B600937580 = {
			fileEncoding = "-2147483647";
			isa = PBXFileReference;
			lastKnownFileType = sourcecode.c.h;
			name = sio.h;
			path = ../io/sio.h;
			refType = 4;
			sourceTree = "<group>";
		};
		960F8C3906C817B600937580 = {
			fileEncoding = "-2147483647";
			isa = PBXFileReference;
			lastKnownFileType = sourcecode.c.c;
			path = sndboard.c;
			refType = 4;
			sourceTree = "<group>";
		};
		960F8C3A06C817B600937580 = {
			fileEncoding = "-2147483647";
			isa = PBXFileReference;
			lastKnownFileType = sourcecode.c.h;
			name = sndboard.h;
			path = ../io/sndboard.h;
			refType = 4;
			sourceTree = "<group>";
		};
		960F8C3B06C817B600937580 = {
			fileEncoding = "-2147483647";
			isa = PBXFileReference;
			lastKnownFileType = sourcecode.c.c;
			path = subcpu.c;
			refType = 4;
			sourceTree = "<group>";
		};
		960F8C3C06C817B600937580 = {
			fileEncoding = "-2147483647";
			isa = PBXFileReference;
			lastKnownFileType = sourcecode.c.h;
			name = subcpu.h;
			path = ../io/subcpu.h;
			refType = 4;
			sourceTree = "<group>";
		};
		960F8C3D06C817B600937580 = {
			fileEncoding = "-2147483647";
			isa = PBXFileReference;
			lastKnownFileType = sourcecode.c.c;
			path = vramio.c;
			refType = 4;
			sourceTree = "<group>";
		};
		960F8C3E06C817B600937580 = {
			fileEncoding = "-2147483647";
			isa = PBXFileReference;
			lastKnownFileType = sourcecode.c.h;
			name = vramio.h;
			path = ../io/vramio.h;
			refType = 4;
			sourceTree = "<group>";
		};
		960F8C3F06C817B600937580 = {
			fileEncoding = "-2147483647";
			isa = PBXFileReference;
			lastKnownFileType = sourcecode.c.c;
			name = keystat.c;
			path = ../keystat.c;
			refType = 4;
			sourceTree = "<group>";
		};
		960F8C4006C817B600937580 = {
			fileEncoding = "-2147483647";
			isa = PBXFileReference;
			lastKnownFileType = sourcecode.c.h;
			name = keystat.h;
			path = ../keystat.h;
			refType = 4;
			sourceTree = "<group>";
		};
		960F8C4106C817B600937580 = {
			fileEncoding = "-2147483647";
			isa = PBXFileReference;
			lastKnownFileType = text;
			name = keystat.tbl;
			path = ../keystat.tbl;
			refType = 4;
			sourceTree = "<group>";
		};
		960F8C6F06C817B600937580 = {
			fileEncoding = "-2147483647";
			isa = PBXFileReference;
			lastKnownFileType = sourcecode.c.c;
			name = pccore.c;
			path = ../pccore.c;
			refType = 4;
			sourceTree = "<group>";
		};
		960F8C7006C817B600937580 = {
			fileEncoding = "-2147483647";
			isa = PBXFileReference;
			lastKnownFileType = sourcecode.c.h;
			name = pccore.h;
			path = ../pccore.h;
			refType = 4;
			sourceTree = "<group>";
		};
		960F8C7106C817B600937580 = {
			children = (
				960F8C7306C817B600937580,
				960F8C7406C817B600937580,
				960F8C7606C817B600937580,
				960F8C7706C817B600937580,
				960F8C7806C817B600937580,
				960F8C7A06C817B600937580,
				960F8C7C06C817B600937580,
				960F8C7E06C817B600937580,
			);
			isa = PBXGroup;
			name = sound;
			path = ../sound;
			refType = 4;
			sourceTree = "<group>";
		};
		960F8C7206C817B600937580 = {
			fileEncoding = "-2147483647";
			isa = PBXFileReference;
			lastKnownFileType = sourcecode.c.h;
			name = opmgen.h;
			path = ../sound/opmgen.h;
			refType = 4;
			sourceTree = "<group>";
		};
		960F8C7306C817B600937580 = {
			fileEncoding = "-2147483647";
			isa = PBXFileReference;
			lastKnownFileType = sourcecode.c.c;
			path = opmgenc.c;
			refType = 4;
			sourceTree = "<group>";
		};
		960F8C7406C817B600937580 = {
			fileEncoding = "-2147483647";
			isa = PBXFileReference;
			lastKnownFileType = sourcecode.c.c;
			path = opmgeng.c;
			refType = 4;
			sourceTree = "<group>";
		};
		960F8C7506C817B600937580 = {
			fileEncoding = "-2147483647";
			isa = PBXFileReference;
			lastKnownFileType = sourcecode.c.h;
			name = psggen.h;
			path = ../sound/psggen.h;
			refType = 4;
			sourceTree = "<group>";
		};
		960F8C7606C817B600937580 = {
			fileEncoding = "-2147483647";
			isa = PBXFileReference;
			lastKnownFileType = sourcecode.c.c;
			path = psggenc.c;
			refType = 4;
			sourceTree = "<group>";
		};
		960F8C7706C817B600937580 = {
			fileEncoding = "-2147483647";
			isa = PBXFileReference;
			lastKnownFileType = sourcecode.c.c;
			path = psggeng.c;
			refType = 4;
			sourceTree = "<group>";
		};
		960F8C7806C817B600937580 = {
			fileEncoding = "-2147483647";
			isa = PBXFileReference;
			lastKnownFileType = sourcecode.c.c;
			path = sndcsec.c;
			refType = 4;
			sourceTree = "<group>";
		};
		960F8C7906C817B600937580 = {
			fileEncoding = "-2147483647";
			isa = PBXFileReference;
			lastKnownFileType = sourcecode.c.h;
			name = sndcsec.h;
			path = ../sound/sndcsec.h;
			refType = 4;
			sourceTree = "<group>";
		};
		960F8C7A06C817B600937580 = {
			fileEncoding = "-2147483647";
			isa = PBXFileReference;
			lastKnownFileType = sourcecode.c.c;
			path = sndctrl.c;
			refType = 4;
			sourceTree = "<group>";
		};
		960F8C7B06C817B600937580 = {
			fileEncoding = "-2147483647";
			isa = PBXFileReference;
			lastKnownFileType = sourcecode.c.h;
			name = sndctrl.h;
			path = ../sound/sndctrl.h;
			refType = 4;
			sourceTree = "<group>";
		};
		960F8C7C06C817B600937580 = {
			fileEncoding = "-2147483647";
			isa = PBXFileReference;
			lastKnownFileType = sourcecode.c.c;
			path = sound.c;
			refType = 4;
			sourceTree = "<group>";
		};
		960F8C7D06C817B600937580 = {
			fileEncoding = "-2147483647";
			isa = PBXFileReference;
			lastKnownFileType = sourcecode.c.h;
			name = sound.h;
			path = ../sound/sound.h;
			refType = 4;
			sourceTree = "<group>";
		};
		960F8C7E06C817B600937580 = {
			fileEncoding = "-2147483647";
			isa = PBXFileReference;
			lastKnownFileType = sourcecode.c.c;
			path = x1f.c;
			refType = 4;
			sourceTree = "<group>";
		};
		960F8C7F06C817B600937580 = {
			fileEncoding = "-2147483647";
			isa = PBXFileReference;
			lastKnownFileType = sourcecode.c.h;
			name = x1f.h;
			path = ../sound/x1f.h;
			refType = 4;
			sourceTree = "<group>";
		};
		960F8C8006C817B600937580 = {
			fileEncoding = "-2147483647";
			isa = PBXFileReference;
			lastKnownFileType = sourcecode.c.c;
			name = timing.c;
			path = ../timing.c;
			refType = 4;
			sourceTree = "<group>";
		};
		960F8C8106C817B600937580 = {
			fileEncoding = "-2147483647";
			isa = PBXFileReference;
			lastKnownFileType = sourcecode.c.h;
			name = timing.h;
			path = ../timing.h;
			refType = 4;
			sourceTree = "<group>";
		};
		960F8C8206C817B600937580 = {
			children = (
				960F8C8306C817B600937580,
				960F8C8406C817B600937580,
				960F8C8506C817B600937580,
				960F8C8606C817B600937580,
				960F8C8706C817B600937580,
				960F8C8806C817B600937580,
				960F8C8A06C817B600937580,
				960F8C8C06C817B600937580,
				960F8C8D06C817B600937580,
				960F8C8E06C817B600937580,
				960F8C9006C817B600937580,
				960F8C9206C817B600937580,
				960F8C9506C817B600937580,
			);
			isa = PBXGroup;
			name = vram;
			path = ../vram;
			refType = 4;
			sourceTree = "<group>";
		};
		960F8C8306C817B600937580 = {
			fileEncoding = "-2147483647";
			isa = PBXFileReference;
			lastKnownFileType = sourcecode.c.c;
			path = make15.c;
			refType = 4;
			sourceTree = "<group>";
		};
		960F8C8406C817B600937580 = {
			fileEncoding = "-2147483647";
			isa = PBXFileReference;
			lastKnownFileType = sourcecode.c.c;
			path = make24.c;
			refType = 4;
			sourceTree = "<group>";
		};
		960F8C8506C817B600937580 = {
			fileEncoding = "-2147483647";
			isa = PBXFileReference;
			lastKnownFileType = sourcecode.c.c;
			path = makeatr.c;
			refType = 4;
			sourceTree = "<group>";
		};
		960F8C8606C817B600937580 = {
			fileEncoding = "-2147483647";
			isa = PBXFileReference;
			lastKnownFileType = sourcecode.c.c;
			path = makechr.c;
			refType = 4;
			sourceTree = "<group>";
		};
		960F8C8706C817B600937580 = {
			fileEncoding = "-2147483647";
			isa = PBXFileReference;
			lastKnownFileType = sourcecode.c.c;
			path = makemix.c;
			refType = 4;
			sourceTree = "<group>";
		};
		960F8C8806C817B600937580 = {
			fileEncoding = "-2147483647";
			isa = PBXFileReference;
			lastKnownFileType = sourcecode.c.c;
			path = makescrn.c;
			refType = 4;
			sourceTree = "<group>";
		};
		960F8C8906C817B600937580 = {
			fileEncoding = "-2147483647";
			isa = PBXFileReference;
			lastKnownFileType = sourcecode.c.h;
			name = makescrn.h;
			path = ../vram/makescrn.h;
			refType = 4;
			sourceTree = "<group>";
		};
		960F8C8A06C817B600937580 = {
			fileEncoding = "-2147483647";
			isa = PBXFileReference;
			lastKnownFileType = sourcecode.c.c;
			path = makesub.c;
			refType = 4;
			sourceTree = "<group>";
		};
		960F8C8B06C817B600937580 = {
			fileEncoding = "-2147483647";
			isa = PBXFileReference;
			lastKnownFileType = sourcecode.c.h;
			name = makesub.h;
			path = ../vram/makesub.h;
			refType = 4;
			sourceTree = "<group>";
		};
		960F8C8C06C817B600937580 = {
			fileEncoding = "-2147483647";
			isa = PBXFileReference;
			lastKnownFileType = sourcecode.c.c;
			path = maketxth.c;
			refType = 4;
			sourceTree = "<group>";
		};
		960F8C8D06C817B600937580 = {
			fileEncoding = "-2147483647";
			isa = PBXFileReference;
			lastKnownFileType = sourcecode.c.c;
			path = maketxtl.c;
			refType = 4;
			sourceTree = "<group>";
		};
		960F8C8E06C817B600937580 = {
			fileEncoding = "-2147483647";
			isa = PBXFileReference;
			lastKnownFileType = sourcecode.c.c;
			path = palettes.c;
			refType = 4;
			sourceTree = "<group>";
		};
		960F8C8F06C817B600937580 = {
			fileEncoding = "-2147483647";
			isa = PBXFileReference;
			lastKnownFileType = sourcecode.c.h;
			name = palettes.h;
			path = ../vram/palettes.h;
			refType = 4;
			sourceTree = "<group>";
		};
		960F8C9006C817B600937580 = {
			fileEncoding = "-2147483647";
			isa = PBXFileReference;
			lastKnownFileType = sourcecode.c.c;
			path = scrndraw.c;
			refType = 4;
			sourceTree = "<group>";
		};
		960F8C9106C817B600937580 = {
			fileEncoding = "-2147483647";
			isa = PBXFileReference;
			lastKnownFileType = sourcecode.c.h;
			name = scrndraw.h;
			path = ../vram/scrndraw.h;
			refType = 4;
			sourceTree = "<group>";
		};
		960F8C9206C817B600937580 = {
			fileEncoding = "-2147483647";
			isa = PBXFileReference;
			lastKnownFileType = sourcecode.c.c;
			path = sdraw.c;
			refType = 4;
			sourceTree = "<group>";
		};
		960F8C9306C817B600937580 = {
			fileEncoding = "-2147483647";
			isa = PBXFileReference;
			lastKnownFileType = sourcecode.c.h;
			name = sdraw.h;
			path = ../vram/sdraw.h;
			refType = 4;
			sourceTree = "<group>";
		};
		960F8C9406C817B600937580 = {
			fileEncoding = "-2147483647";
			isa = PBXFileReference;
			lastKnownFileType = text;
			name = sdraw.mcr;
			path = ../vram/sdraw.mcr;
			refType = 4;
			sourceTree = "<group>";
		};
		960F8C9506C817B600937580 = {
			fileEncoding = "-2147483647";
			isa = PBXFileReference;
			lastKnownFileType = sourcecode.c.c;
			path = vram.c;
			refType = 4;
			sourceTree = "<group>";
		};
		960F8C9606C817B600937580 = {
			fileEncoding = "-2147483647";
			isa = PBXFileReference;
			lastKnownFileType = sourcecode.c.h;
			name = vram.h;
			path = ../vram/vram.h;
			refType = 4;
			sourceTree = "<group>";
		};
		960F8C9706C817B600937580 = {
			fileEncoding = "-2147483647";
			isa = PBXFileReference;
			lastKnownFileType = sourcecode.c.h;
			name = xmilver.h;
			path = ../xmilver.h;
			refType = 4;
			sourceTree = "<group>";
		};
		960F8C9806C817B600937580 = {
			children = (
				960F8C9906C817B600937580,
				960F8C9C06C817B600937580,
				960F8C9E06C817B600937580,
				960F8C9F06C817B600937580,
				960F8CA006C817B600937580,
				960F8CA206C817B600937580,
				960F8CA406C817B600937580,
				960F8CA606C817B600937580,
			);
			isa = PBXGroup;
			name = z80c;
			path = ../z80c;
			refType = 4;
			sourceTree = "<group>";
		};
		960F8C9906C817B600937580 = {
			fileEncoding = "-2147483647";
			isa = PBXFileReference;
			lastKnownFileType = sourcecode.c.c;
			path = z80c.c;
			refType = 4;
			sourceTree = "<group>";
		};
		960F8C9A06C817B600937580 = {
			fileEncoding = "-2147483647";
			isa = PBXFileReference;
			lastKnownFileType = sourcecode.c.h;
			name = z80c.h;
			path = ../z80c/z80c.h;
			refType = 4;
			sourceTree = "<group>";
		};
		960F8C9B06C817B600937580 = {
			fileEncoding = "-2147483647";
			isa = PBXFileReference;
			lastKnownFileType = text;
			name = z80c.mcr;
			path = ../z80c/z80c.mcr;
			refType = 4;
			sourceTree = "<group>";
		};
		960F8C9C06C817B600937580 = {
			fileEncoding = "-2147483647";
			isa = PBXFileReference;
			lastKnownFileType = sourcecode.c.c;
			path = z80c_cb.c;
			refType = 4;
			sourceTree = "<group>";
		};
		960F8C9D06C817B600937580 = {
			fileEncoding = "-2147483647";
			isa = PBXFileReference;
			lastKnownFileType = text;
			name = z80c_i.mcr;
			path = ../z80c/z80c_i.mcr;
			refType = 4;
			sourceTree = "<group>";
		};
		960F8C9E06C817B600937580 = {
			fileEncoding = "-2147483647";
			isa = PBXFileReference;
			lastKnownFileType = sourcecode.c.c;
			path = z80c_ix.c;
			refType = 4;
			sourceTree = "<group>";
		};
		960F8C9F06C817B600937580 = {
			fileEncoding = "-2147483647";
			isa = PBXFileReference;
			lastKnownFileType = sourcecode.c.c;
			path = z80c_iy.c;
			refType = 4;
			sourceTree = "<group>";
		};
		960F8CA006C817B600937580 = {
			fileEncoding = "-2147483647";
			isa = PBXFileReference;
			lastKnownFileType = sourcecode.c.c;
			path = z80c_mn.c;
			refType = 4;
			sourceTree = "<group>";
		};
		960F8CA106C817B600937580 = {
			fileEncoding = "-2147483647";
			isa = PBXFileReference;
			lastKnownFileType = text;
			name = z80c_s.mcr;
			path = ../z80c/z80c_s.mcr;
			refType = 4;
			sourceTree = "<group>";
		};
		960F8CA206C817B600937580 = {
			fileEncoding = "-2147483647";
			isa = PBXFileReference;
			lastKnownFileType = sourcecode.c.c;
			path = z80c_sb.c;
			refType = 4;
			sourceTree = "<group>";
		};
		960F8CA306C817B600937580 = {
			fileEncoding = "-2147483647";
			isa = PBXFileReference;
			lastKnownFileType = sourcecode.c.h;
			name = z80core.h;
			path = ../z80c/z80core.h;
			refType = 4;
			sourceTree = "<group>";
		};
		960F8CA406C817B600937580 = {
			fileEncoding = "-2147483647";
			isa = PBXFileReference;
			lastKnownFileType = sourcecode.c.c;
			path = z80dmap.c;
			refType = 4;
			sourceTree = "<group>";
		};
		960F8CA506C817B600937580 = {
			fileEncoding = "-2147483647";
			isa = PBXFileReference;
			lastKnownFileType = sourcecode.c.h;
			name = z80dmap.h;
			path = ../z80c/z80dmap.h;
			refType = 4;
			sourceTree = "<group>";
		};
		960F8CA606C817B600937580 = {
			fileEncoding = "-2147483647";
			isa = PBXFileReference;
			lastKnownFileType = sourcecode.c.c;
			path = z80mem.c;
			refType = 4;
			sourceTree = "<group>";
		};
		960F8CA706C817B600937580 = {
			fileEncoding = "-2147483647";
			isa = PBXFileReference;
			lastKnownFileType = sourcecode.c.h;
			name = z80mem.h;
			path = ../z80c/z80mem.h;
			refType = 4;
			sourceTree = "<group>";
		};
		960F8CA806C817B600937580 = {
			fileRef = 960F8BE706C817B600937580;
			isa = PBXBuildFile;
			settings = {
			};
		};
		960F8CAA06C817B600937580 = {
			fileRef = 960F8BEA06C817B600937580;
			isa = PBXBuildFile;
			settings = {
			};
		};
		960F8CB106C817B600937580 = {
			fileRef = 960F8BF106C817B600937580;
			isa = PBXBuildFile;
			settings = {
			};
		};
		960F8CB306C817B600937580 = {
			fileRef = 960F8BF306C817B600937580;
			isa = PBXBuildFile;
			settings = {
			};
		};
		960F8CB506C817B600937580 = {
			fileRef = 960F8BF506C817B600937580;
			isa = PBXBuildFile;
			settings = {
			};
		};
		960F8CB706C817B600937580 = {
			fileRef = 960F8BF706C817B600937580;
			isa = PBXBuildFile;
			settings = {
			};
		};
		960F8CB906C817B600937580 = {
			fileRef = 960F8BF906C817B600937580;
			isa = PBXBuildFile;
			settings = {
			};
		};
		960F8CBB06C817B600937580 = {
			fileRef = 960F8BFB06C817B600937580;
			isa = PBXBuildFile;
			settings = {
			};
		};
		960F8CBD06C817B600937580 = {
			fileRef = 960F8BFD06C817B600937580;
			isa = PBXBuildFile;
			settings = {
			};
		};
		960F8CC406C817B600937580 = {
			fileRef = 960F8C0506C817B600937580;
			isa = PBXBuildFile;
			settings = {
			};
		};
		960F8CC806C817B600937580 = {
			fileRef = 960F8C0A06C817B600937580;
			isa = PBXBuildFile;
			settings = {
			};
		};
		960F8CCA06C817B600937580 = {
			fileRef = 960F8C0C06C817B600937580;
			isa = PBXBuildFile;
			settings = {
			};
		};
		960F8CCC06C817B600937580 = {
			fileRef = 960F8C0E06C817B600937580;
			isa = PBXBuildFile;
			settings = {
			};
		};
		960F8CCE06C817B600937580 = {
			fileRef = 960F8C1006C817B600937580;
			isa = PBXBuildFile;
			settings = {
			};
		};
		960F8CD006C817B600937580 = {
			fileRef = 960F8C1206C817B600937580;
			isa = PBXBuildFile;
			settings = {
			};
		};
		960F8CD206C817B600937580 = {
			fileRef = 960F8C1406C817B600937580;
			isa = PBXBuildFile;
			settings = {
			};
		};
		960F8CD406C817B600937580 = {
			fileRef = 960F8C1606C817B600937580;
			isa = PBXBuildFile;
			settings = {
			};
		};
		960F8CD606C817B600937580 = {
			fileRef = 960F8C1906C817B600937580;
			isa = PBXBuildFile;
			settings = {
			};
		};
		960F8CD806C817B600937580 = {
			fileRef = 960F8C1B06C817B600937580;
			isa = PBXBuildFile;
			settings = {
			};
		};
		960F8CDA06C817B600937580 = {
			fileRef = 960F8C1D06C817B600937580;
			isa = PBXBuildFile;
			settings = {
			};
		};
		960F8CDC06C817B600937580 = {
			fileRef = 960F8C1F06C817B600937580;
			isa = PBXBuildFile;
			settings = {
			};
		};
		960F8CDD06C817B600937580 = {
			fileRef = 960F8C2106C817B600937580;
			isa = PBXBuildFile;
			settings = {
			};
		};
		960F8CDF06C817B600937580 = {
			fileRef = 960F8C2306C817B600937580;
			isa = PBXBuildFile;
			settings = {
			};
		};
		960F8CE106C817B600937580 = {
			fileRef = 960F8C2506C817B600937580;
			isa = PBXBuildFile;
			settings = {
			};
		};
		960F8CE306C817B600937580 = {
			fileRef = 960F8C2706C817B600937580;
			isa = PBXBuildFile;
			settings = {
			};
		};
		960F8CE506C817B600937580 = {
			fileRef = 960F8C2906C817B600937580;
			isa = PBXBuildFile;
			settings = {
			};
		};
		960F8CE706C817B600937580 = {
			fileRef = 960F8C2B06C817B600937580;
			isa = PBXBuildFile;
			settings = {
			};
		};
		960F8CE906C817B600937580 = {
			fileRef = 960F8C2D06C817B600937580;
			isa = PBXBuildFile;
			settings = {
			};
		};
		960F8CEB06C817B600937580 = {
			fileRef = 960F8C2F06C817B600937580;
			isa = PBXBuildFile;
			settings = {
			};
		};
		960F8CED06C817B600937580 = {
			fileRef = 960F8C3106C817B600937580;
			isa = PBXBuildFile;
			settings = {
			};
		};
		960F8CEF06C817B600937580 = {
			fileRef = 960F8C3306C817B600937580;
			isa = PBXBuildFile;
			settings = {
			};
		};
		960F8CF106C817B600937580 = {
			fileRef = 960F8C3506C817B600937580;
			isa = PBXBuildFile;
			settings = {
			};
		};
		960F8CF306C817B600937580 = {
			fileRef = 960F8C3706C817B600937580;
			isa = PBXBuildFile;
			settings = {
			};
		};
		960F8CF506C817B600937580 = {
			fileRef = 960F8C3906C817B600937580;
			isa = PBXBuildFile;
			settings = {
			};
		};
		960F8CF706C817B600937580 = {
			fileRef = 960F8C3B06C817B600937580;
			isa = PBXBuildFile;
			settings = {
			};
		};
		960F8CF906C817B600937580 = {
			fileRef = 960F8C3D06C817B600937580;
			isa = PBXBuildFile;
			settings = {
			};
		};
		960F8CFB06C817B600937580 = {
			fileRef = 960F8C3F06C817B600937580;
			isa = PBXBuildFile;
			settings = {
			};
		};
		960F8D2906C817B600937580 = {
			fileRef = 960F8C6F06C817B600937580;
			isa = PBXBuildFile;
			settings = {
			};
		};
		960F8D2C06C817B600937580 = {
			fileRef = 960F8C7306C817B600937580;
			isa = PBXBuildFile;
			settings = {
			};
		};
		960F8D2D06C817B600937580 = {
			fileRef = 960F8C7406C817B600937580;
			isa = PBXBuildFile;
			settings = {
			};
		};
		960F8D2F06C817B600937580 = {
			fileRef = 960F8C7606C817B600937580;
			isa = PBXBuildFile;
			settings = {
			};
		};
		960F8D3006C817B600937580 = {
			fileRef = 960F8C7706C817B600937580;
			isa = PBXBuildFile;
			settings = {
			};
		};
		960F8D3106C817B600937580 = {
			fileRef = 960F8C7806C817B600937580;
			isa = PBXBuildFile;
			settings = {
			};
		};
		960F8D3306C817B600937580 = {
			fileRef = 960F8C7A06C817B600937580;
			isa = PBXBuildFile;
			settings = {
			};
		};
		960F8D3506C817B600937580 = {
			fileRef = 960F8C7C06C817B600937580;
			isa = PBXBuildFile;
			settings = {
			};
		};
		960F8D3706C817B600937580 = {
			fileRef = 960F8C7E06C817B600937580;
			isa = PBXBuildFile;
			settings = {
			};
		};
		960F8D3906C817B600937580 = {
			fileRef = 960F8C8006C817B600937580;
			isa = PBXBuildFile;
			settings = {
			};
		};
		960F8D3B06C817B600937580 = {
			fileRef = 960F8C8306C817B600937580;
			isa = PBXBuildFile;
			settings = {
			};
		};
		960F8D3C06C817B600937580 = {
			fileRef = 960F8C8406C817B600937580;
			isa = PBXBuildFile;
			settings = {
			};
		};
		960F8D3D06C817B600937580 = {
			fileRef = 960F8C8506C817B600937580;
			isa = PBXBuildFile;
			settings = {
			};
		};
		960F8D3E06C817B600937580 = {
			fileRef = 960F8C8606C817B600937580;
			isa = PBXBuildFile;
			settings = {
			};
		};
		960F8D3F06C817B600937580 = {
			fileRef = 960F8C8706C817B600937580;
			isa = PBXBuildFile;
			settings = {
			};
		};
		960F8D4006C817B600937580 = {
			fileRef = 960F8C8806C817B600937580;
			isa = PBXBuildFile;
			settings = {
			};
		};
		960F8D4206C817B600937580 = {
			fileRef = 960F8C8A06C817B600937580;
			isa = PBXBuildFile;
			settings = {
			};
		};
		960F8D4406C817B600937580 = {
			fileRef = 960F8C8C06C817B600937580;
			isa = PBXBuildFile;
			settings = {
			};
		};
		960F8D4506C817B600937580 = {
			fileRef = 960F8C8D06C817B600937580;
			isa = PBXBuildFile;
			settings = {
			};
		};
		960F8D4606C817B600937580 = {
			fileRef = 960F8C8E06C817B600937580;
			isa = PBXBuildFile;
			settings = {
			};
		};
		960F8D4806C817B600937580 = {
			fileRef = 960F8C9006C817B600937580;
			isa = PBXBuildFile;
			settings = {
			};
		};
		960F8D4A06C817B600937580 = {
			fileRef = 960F8C9206C817B600937580;
			isa = PBXBuildFile;
			settings = {
			};
		};
		960F8D4D06C817B600937580 = {
			fileRef = 960F8C9506C817B600937580;
			isa = PBXBuildFile;
			settings = {
			};
		};
		960F8D5006C817B600937580 = {
			fileRef = 960F8C9906C817B600937580;
			isa = PBXBuildFile;
			settings = {
			};
		};
		960F8D5306C817B600937580 = {
			fileRef = 960F8C9C06C817B600937580;
			isa = PBXBuildFile;
			settings = {
			};
		};
		960F8D5506C817B600937580 = {
			fileRef = 960F8C9E06C817B600937580;
			isa = PBXBuildFile;
			settings = {
			};
		};
		960F8D5606C817B600937580 = {
			fileRef = 960F8C9F06C817B600937580;
			isa = PBXBuildFile;
			settings = {
			};
		};
		960F8D5706C817B600937580 = {
			fileRef = 960F8CA006C817B600937580;
			isa = PBXBuildFile;
			settings = {
			};
		};
		960F8D5906C817B600937580 = {
			fileRef = 960F8CA206C817B600937580;
			isa = PBXBuildFile;
			settings = {
			};
		};
		960F8D5B06C817B600937580 = {
			fileRef = 960F8CA406C817B600937580;
			isa = PBXBuildFile;
			settings = {
			};
		};
		960F8D5D06C817B600937580 = {
			fileRef = 960F8CA606C817B600937580;
			isa = PBXBuildFile;
			settings = {
			};
		};
		960F8E0506C87D3700937580 = {
			fileRef = 960F8BED06C817B600937580;
			isa = PBXBuildFile;
			settings = {
			};
		};
		960F8E2E06C87FA400937580 = {
			fileRef = 4A9504CAFFE6A41611CA0CBA;
			isa = PBXBuildFile;
			settings = {
			};
		};
		960F8E2F06C87FA600937580 = {
			fileRef = 4A9504C8FFE6A3BC11CA0CBA;
			isa = PBXBuildFile;
			settings = {
			};
		};
		960F8E3406C880A800937580 = {
			fileRef = 0867D6AAFE840B52C02AAC07;
			isa = PBXBuildFile;
			settings = {
			};
		};
		960F8E5806C891C200937580 = {
			fileEncoding = "-2147483647";
			isa = PBXFileReference;
			lastKnownFileType = sourcecode.c.h;
			path = compiler.h;
			refType = 4;
			sourceTree = "<group>";
		};
		960F8E5906C891C200937580 = {
			children = (
				960F8E5A06C891C200937580,
				960F8E5B06C891C200937580,
				960F8E5C06C891C200937580,
				960F8E5D06C891C200937580,
				960F8E5E06C891C200937580,
				960F8E6006C891C200937580,
			);
			isa = PBXGroup;
			path = dialog;
			refType = 4;
			sourceTree = "<group>";
		};
		960F8E5A06C891C200937580 = {
			fileEncoding = "-2147483647";
			isa = PBXFileReference;
			lastKnownFileType = sourcecode.cpp.cpp;
			path = d_about.cpp;
			refType = 4;
			sourceTree = "<group>";
		};
		960F8E5B06C891C200937580 = {
			fileEncoding = "-2147483647";
			isa = PBXFileReference;
			lastKnownFileType = sourcecode.cpp.cpp;
			path = d_bmp.cpp;
			refType = 4;
			sourceTree = "<group>";
		};
		960F8E5C06C891C200937580 = {
			fileEncoding = "-2147483647";
			isa = PBXFileReference;
			lastKnownFileType = sourcecode.cpp.cpp;
			path = d_config.cpp;
			refType = 4;
			sourceTree = "<group>";
		};
		960F8E5D06C891C200937580 = {
			fileEncoding = "-2147483647";
			isa = PBXFileReference;
			lastKnownFileType = sourcecode.cpp.cpp;
			path = d_disk.cpp;
			refType = 4;
			sourceTree = "<group>";
		};
		960F8E5E06C891C200937580 = {
			fileEncoding = "-2147483647";
			isa = PBXFileReference;
			lastKnownFileType = sourcecode.cpp.cpp;
			path = d_resume.cpp;
			refType = 4;
			sourceTree = "<group>";
		};
		960F8E5F06C891C200937580 = {
			fileEncoding = "-2147483647";
			isa = PBXFileReference;
			lastKnownFileType = sourcecode.c.h;
			name = dialog.h;
			path = dialog/dialog.h;
			refType = 4;
			sourceTree = "<group>";
		};
		960F8E6006C891C200937580 = {
			fileEncoding = "-2147483647";
			isa = PBXFileReference;
			lastKnownFileType = sourcecode.cpp.cpp;
			path = dialogs.cpp;
			refType = 4;
			sourceTree = "<group>";
		};
		960F8E6106C891C200937580 = {
			fileEncoding = "-2147483647";
			isa = PBXFileReference;
			lastKnownFileType = sourcecode.c.h;
			name = dialogs.h;
			path = dialog/dialogs.h;
			refType = 4;
			sourceTree = "<group>";
		};
		960F8E6206C891C200937580 = {
			fileEncoding = "-2147483647";
			isa = PBXFileReference;
			lastKnownFileType = sourcecode.cpp.cpp;
			path = dosio.cpp;
			refType = 4;
			sourceTree = "<group>";
		};
		960F8E6306C891C200937580 = {
			fileEncoding = "-2147483647";
			isa = PBXFileReference;
			lastKnownFileType = sourcecode.c.h;
			path = dosio.h;
			refType = 4;
			sourceTree = "<group>";
		};
		960F8E6406C891C200937580 = {
			fileEncoding = "-2147483647";
			isa = PBXFileReference;
			lastKnownFileType = sourcecode.cpp.cpp;
			path = fontmng.cpp;
			refType = 4;
			sourceTree = "<group>";
		};
		960F8E6506C891C200937580 = {
			fileEncoding = "-2147483647";
			isa = PBXFileReference;
			lastKnownFileType = sourcecode.c.h;
			path = fontmng.h;
			refType = 4;
			sourceTree = "<group>";
		};
		960F8E6606C891C200937580 = {
			fileEncoding = "-2147483647";
			isa = PBXFileReference;
			lastKnownFileType = sourcecode.cpp.cpp;
			path = ini.cpp;
			refType = 4;
			sourceTree = "<group>";
		};
		960F8E6706C891C200937580 = {
			fileEncoding = "-2147483647";
			isa = PBXFileReference;
			lastKnownFileType = sourcecode.c.h;
			path = ini.h;
			refType = 4;
			sourceTree = "<group>";
		};
		960F8E6806C891C200937580 = {
			fileEncoding = "-2147483647";
			isa = PBXFileReference;
			lastKnownFileType = sourcecode.cpp.cpp;
			path = joymng.cpp;
			refType = 4;
			sourceTree = "<group>";
		};
		960F8E6906C891C200937580 = {
			fileEncoding = "-2147483647";
			isa = PBXFileReference;
			lastKnownFileType = sourcecode.c.h;
			path = joymng.h;
			refType = 4;
			sourceTree = "<group>";
		};
		960F8E6A06C891C200937580 = {
			fileEncoding = "-2147483647";
			isa = PBXFileReference;
			lastKnownFileType = sourcecode.cpp.cpp;
			path = mackbd.cpp;
			refType = 4;
			sourceTree = "<group>";
		};
		960F8E6B06C891C200937580 = {
			fileEncoding = "-2147483647";
			isa = PBXFileReference;
			lastKnownFileType = sourcecode.c.h;
			path = mackbd.h;
			refType = 4;
			sourceTree = "<group>";
		};
		960F8E6C06C891C200937580 = {
			fileEncoding = "-2147483647";
			isa = PBXFileReference;
			lastKnownFileType = sourcecode.cpp.cpp;
			path = macossub.cpp;
			refType = 4;
			sourceTree = "<group>";
		};
		960F8E6D06C891C200937580 = {
			fileEncoding = "-2147483647";
			isa = PBXFileReference;
			lastKnownFileType = sourcecode.c.h;
			path = macossub.h;
			refType = 4;
			sourceTree = "<group>";
		};
		960F8E6E06C891C200937580 = {
			fileEncoding = "-2147483647";
			isa = PBXFileReference;
			lastKnownFileType = sourcecode.cpp.cpp;
			path = menu.cpp;
			refType = 4;
			sourceTree = "<group>";
		};
		960F8E6F06C891C200937580 = {
			fileEncoding = "-2147483647";
			isa = PBXFileReference;
			lastKnownFileType = sourcecode.c.h;
			path = menu.h;
			refType = 4;
			sourceTree = "<group>";
		};
		960F8E7006C891C200937580 = {
			fileEncoding = "-2147483647";
			isa = PBXFileReference;
			lastKnownFileType = sourcecode.cpp.cpp;
			path = mousemng.cpp;
			refType = 4;
			sourceTree = "<group>";
		};
		960F8E7106C891C200937580 = {
			fileEncoding = "-2147483647";
			isa = PBXFileReference;
			lastKnownFileType = sourcecode.c.h;
			path = mousemng.h;
			refType = 4;
			sourceTree = "<group>";
		};
		960F8E7206C891C200937580 = {
			fileEncoding = "-2147483647";
			isa = PBXFileReference;
			lastKnownFileType = sourcecode.c.h;
			path = resource.h;
			refType = 4;
			sourceTree = "<group>";
		};
		960F8E7306C891C200937580 = {
			fileEncoding = "-2147483647";
			isa = PBXFileReference;
			lastKnownFileType = sourcecode.cpp.cpp;
			path = scrnmng.cpp;
			refType = 4;
			sourceTree = "<group>";
		};
		960F8E7406C891C200937580 = {
			fileEncoding = "-2147483647";
			isa = PBXFileReference;
			lastKnownFileType = sourcecode.c.h;
			path = scrnmng.h;
			refType = 4;
			sourceTree = "<group>";
		};
		960F8E7506C891C200937580 = {
			fileEncoding = "-2147483647";
			isa = PBXFileReference;
			lastKnownFileType = sourcecode.cpp.cpp;
			path = soundmng.cpp;
			refType = 4;
			sourceTree = "<group>";
		};
		960F8E7606C891C200937580 = {
			fileEncoding = "-2147483647";
			isa = PBXFileReference;
			lastKnownFileType = sourcecode.c.h;
			path = soundmng.h;
			refType = 4;
			sourceTree = "<group>";
		};
		960F8E7706C891C200937580 = {
			fileEncoding = "-2147483647";
			isa = PBXFileReference;
			lastKnownFileType = sourcecode.cpp.cpp;
			path = sysmng.cpp;
			refType = 4;
			sourceTree = "<group>";
		};
		960F8E7806C891C200937580 = {
			fileEncoding = "-2147483647";
			isa = PBXFileReference;
			lastKnownFileType = sourcecode.c.h;
			path = sysmng.h;
			refType = 4;
			sourceTree = "<group>";
		};
		960F8E7906C891C200937580 = {
			fileEncoding = "-2147483647";
			isa = PBXFileReference;
			lastKnownFileType = sourcecode.cpp.cpp;
			path = taskmng.cpp;
			refType = 4;
			sourceTree = "<group>";
		};
		960F8E7A06C891C200937580 = {
			fileEncoding = "-2147483647";
			isa = PBXFileReference;
			lastKnownFileType = sourcecode.c.h;
			path = taskmng.h;
			refType = 4;
			sourceTree = "<group>";
		};
		960F8E7B06C891C200937580 = {
			fileEncoding = "-2147483647";
			isa = PBXFileReference;
			lastKnownFileType = sourcecode.cpp.cpp;
			path = timemng.cpp;
			refType = 4;
			sourceTree = "<group>";
		};
		960F8E7C06C891C200937580 = {
			fileEncoding = "-2147483647";
			isa = PBXFileReference;
			lastKnownFileType = sourcecode.c.h;
			path = timemng.h;
			refType = 4;
			sourceTree = "<group>";
		};
		960F8E7D06C891C200937580 = {
			fileEncoding = "-2147483647";
			isa = PBXFileReference;
			lastKnownFileType = sourcecode.cpp.cpp;
			path = trace.cpp;
			refType = 4;
			sourceTree = "<group>";
		};
		960F8E7E06C891C200937580 = {
			fileEncoding = "-2147483647";
			isa = PBXFileReference;
			lastKnownFileType = sourcecode.c.h;
			path = trace.h;
			refType = 4;
			sourceTree = "<group>";
		};
		960F8E7F06C891C200937580 = {
			fileEncoding = "-2147483647";
			isa = PBXFileReference;
			lastKnownFileType = sourcecode.cpp.cpp;
			path = xmil.cpp;
			refType = 4;
			sourceTree = "<group>";
		};
		960F8E8006C891C200937580 = {
			fileEncoding = "-2147483647";
			isa = PBXFileReference;
			lastKnownFileType = sourcecode.c.h;
			path = xmil.h;
			refType = 4;
			sourceTree = "<group>";
		};
		960F8E8306C891C200937580 = {
			fileRef = 960F8E5A06C891C200937580;
			isa = PBXBuildFile;
			settings = {
			};
		};
		960F8E8506C891C200937580 = {
			fileRef = 960F8E5C06C891C200937580;
			isa = PBXBuildFile;
			settings = {
			};
		};
		960F8E8606C891C200937580 = {
			fileRef = 960F8E5D06C891C200937580;
			isa = PBXBuildFile;
			settings = {
			};
		};
		960F8E8706C891C300937580 = {
			fileRef = 960F8E5E06C891C200937580;
			isa = PBXBuildFile;
			settings = {
			};
		};
		960F8E8906C891C300937580 = {
			fileRef = 960F8E6006C891C200937580;
			isa = PBXBuildFile;
			settings = {
			};
		};
		960F8E8B06C891C300937580 = {
			fileRef = 960F8E6206C891C200937580;
			isa = PBXBuildFile;
			settings = {
			};
		};
		960F8E8D06C891C300937580 = {
			fileRef = 960F8E6406C891C200937580;
			isa = PBXBuildFile;
			settings = {
			};
		};
		960F8E8F06C891C300937580 = {
			fileRef = 960F8E6606C891C200937580;
			isa = PBXBuildFile;
			settings = {
			};
		};
		960F8E9106C891C300937580 = {
			fileRef = 960F8E6806C891C200937580;
			isa = PBXBuildFile;
			settings = {
			};
		};
		960F8E9306C891C300937580 = {
			fileRef = 960F8E6A06C891C200937580;
			isa = PBXBuildFile;
			settings = {
			};
		};
		960F8E9506C891C300937580 = {
			fileRef = 960F8E6C06C891C200937580;
			isa = PBXBuildFile;
			settings = {
			};
		};
		960F8E9706C891C300937580 = {
			fileRef = 960F8E6E06C891C200937580;
			isa = PBXBuildFile;
			settings = {
			};
		};
		960F8E9906C891C300937580 = {
			fileRef = 960F8E7006C891C200937580;
			isa = PBXBuildFile;
			settings = {
			};
		};
		960F8E9C06C891C300937580 = {
			fileRef = 960F8E7306C891C200937580;
			isa = PBXBuildFile;
			settings = {
			};
		};
		960F8E9E06C891C300937580 = {
			fileRef = 960F8E7506C891C200937580;
			isa = PBXBuildFile;
			settings = {
			};
		};
		960F8EA006C891C300937580 = {
			fileRef = 960F8E7706C891C200937580;
			isa = PBXBuildFile;
			settings = {
			};
		};
		960F8EA206C891C300937580 = {
			fileRef = 960F8E7906C891C200937580;
			isa = PBXBuildFile;
			settings = {
			};
		};
		960F8EA406C891C300937580 = {
			fileRef = 960F8E7B06C891C200937580;
			isa = PBXBuildFile;
			settings = {
			};
		};
		960F8EA606C891C300937580 = {
			fileRef = 960F8E7D06C891C200937580;
			isa = PBXBuildFile;
			settings = {
			};
		};
		960F8EA806C891C300937580 = {
			fileRef = 960F8E7F06C891C200937580;
			isa = PBXBuildFile;
			settings = {
			};
		};
		960F8EAD06C891C700937580 = {
			children = (
				960F9C1B06C8E2D300937580,
				960F8E5906C891C200937580,
				960F8E6206C891C200937580,
				960F8E6406C891C200937580,
				960F8E6606C891C200937580,
				960F8E6806C891C200937580,
				960F8E6A06C891C200937580,
				960F8E6C06C891C200937580,
				960F8E6E06C891C200937580,
				960F8E7006C891C200937580,
				960F8E7306C891C200937580,
				960F8E7506C891C200937580,
				960F8E7706C891C200937580,
				960F8E7906C891C200937580,
				960F8E7B06C891C200937580,
				960F8E7D06C891C200937580,
				960F8E7F06C891C200937580,
			);
			isa = PBXGroup;
			name = MacOSX;
			refType = 4;
			sourceTree = "<group>";
		};
		960F99FB06C892BB00937580 = {
			children = (
				960F8BE806C817B600937580,
				960F9B5D06C893F800937580,
				960F8BFF06C817B600937580,
				960F8C0606C817B600937580,
				960F8C0706C817B600937580,
				960F9B5A06C893ED00937580,
				960F9B5706C893E400937580,
				96848A3706CA589500B6C950,
				960F9B5406C893DC00937580,
				960F8C4006C817B600937580,
				960F8C4106C817B600937580,
				960F9B5106C893CA00937580,
				96848A3506CA588000B6C950,
				960F8C7006C817B600937580,
				960F9B4B06C893B400937580,
				960F8C8106C817B600937580,
				960F9B4806C893A700937580,
				960F8C9706C817B600937580,
				960F9B4506C8939300937580,
			);
			isa = PBXGroup;
			name = Header;
			path = "";
			refType = 4;
			sourceTree = "<group>";
		};
		960F9B4506C8939300937580 = {
			children = (
				960F8C9A06C817B600937580,
				960F8C9B06C817B600937580,
				960F8C9D06C817B600937580,
				960F8CA106C817B600937580,
				960F8CA306C817B600937580,
				960F8CA506C817B600937580,
				960F8CA706C817B600937580,
			);
			isa = PBXGroup;
			name = z80c;
			refType = 4;
			sourceTree = "<group>";
		};
		960F9B4806C893A700937580 = {
			children = (
				960F8C9406C817B600937580,
				960F8C8906C817B600937580,
				960F8C8B06C817B600937580,
				960F8C8F06C817B600937580,
				960F8C9106C817B600937580,
				960F8C9306C817B600937580,
				960F8C9606C817B600937580,
			);
			isa = PBXGroup;
			name = vram;
			refType = 4;
			sourceTree = "<group>";
		};
		960F9B4B06C893B400937580 = {
			children = (
				960F8C7206C817B600937580,
				960F8C7506C817B600937580,
				960F8C7906C817B600937580,
				960F8C7B06C817B600937580,
				960F8C7D06C817B600937580,
				960F8C7F06C817B600937580,
			);
			isa = PBXGroup;
			name = sound;
			refType = 4;
			sourceTree = "<group>";
		};
		960F9B4E06C893BE00937580 = {
			children = (
				960F8E5F06C891C200937580,
				960F8E6106C891C200937580,
			);
			isa = PBXGroup;
			name = dialg;
			path = "";
			refType = 4;
			sourceTree = "<group>";
		};
		960F9B5106C893CA00937580 = {
			children = (
				960F9C1A06C8E2D300937580,
				960F8E5806C891C200937580,
				960F9B4E06C893BE00937580,
				960F8E6306C891C200937580,
				960F8E6506C891C200937580,
				960F8E6706C891C200937580,
				960F8E6906C891C200937580,
				960F8E6B06C891C200937580,
				960F8E6D06C891C200937580,
				960F8E6F06C891C200937580,
				960F8E7106C891C200937580,
				960F8E7206C891C200937580,
				960F8E7406C891C200937580,
				960F8E7606C891C200937580,
				960F8E7806C891C200937580,
				960F8E7A06C891C200937580,
				960F8E7C06C891C200937580,
				960F8E7E06C891C200937580,
				960F8E8006C891C200937580,
			);
			isa = PBXGroup;
			name = MacOSX;
			refType = 4;
			sourceTree = "<group>";
		};
		960F9B5406C893DC00937580 = {
			children = (
				960F8C2206C817B600937580,
				960F8C2406C817B600937580,
				960F8C2606C817B600937580,
				960F8C2806C817B600937580,
				960F8C2A06C817B600937580,
				960F8C2C06C817B600937580,
				960F8C2E06C817B600937580,
				960F8C3006C817B600937580,
				960F8C3206C817B600937580,
				960F8C3406C817B600937580,
				960F8C3606C817B600937580,
				960F8C3806C817B600937580,
				960F8C3A06C817B600937580,
				960F8C3C06C817B600937580,
				960F8C3E06C817B600937580,
			);
			isa = PBXGroup;
			name = io;
			refType = 4;
			sourceTree = "<group>";
		};
		960F9B5706C893E400937580 = {
			children = (
				960F8C1A06C817B600937580,
				960F8C1C06C817B600937580,
				960F8C1E06C817B600937580,
			);
			isa = PBXGroup;
			name = font;
			refType = 4;
			sourceTree = "<group>";
		};
		960F9B5A06C893ED00937580 = {
			children = (
				960F8C0906C817B600937580,
				960F8C0B06C817B600937580,
				960F8C0D06C817B600937580,
				960F8C0F06C817B600937580,
				960F8C1106C817B600937580,
				960F8C1306C817B600937580,
				960F8C1506C817B600937580,
				960F8C1706C817B600937580,
			);
			isa = PBXGroup;
			name = fdd;
			refType = 4;
			sourceTree = "<group>";
		};
		960F9B5D06C893F800937580 = {
			children = (
				960F8BEB06C817B600937580,
				960F8BEC06C817B600937580,
				960F8BEE06C817B600937580,
				960F8BF006C817B600937580,
				960F8BF206C817B600937580,
				960F8BF406C817B600937580,
				960F8BF606C817B600937580,
				960F8BF806C817B600937580,
				960F8BFA06C817B600937580,
				960F8BFC06C817B600937580,
				960F8BFE06C817B600937580,
			);
			isa = PBXGroup;
			name = common;
			refType = 4;
			sourceTree = "<group>";
		};
		960F9C0A06C8E17F00937580 = {
			fileRef = 02345980000FD03B11CA0E72;
			isa = PBXBuildFile;
			settings = {
			};
		};
		960F9C1A06C8E2D300937580 = {
			fileEncoding = 4;
			isa = PBXFileReference;
			lastKnownFileType = sourcecode.c.h;
			path = carbonevent.h;
			refType = 4;
			sourceTree = "<group>";
		};
		960F9C1B06C8E2D300937580 = {
			fileEncoding = 4;
			isa = PBXFileReference;
			lastKnownFileType = sourcecode.cpp.cpp;
			path = carbonevent.cpp;
			refType = 4;
			sourceTree = "<group>";
		};
		960F9C1D06C8E2D300937580 = {
			fileRef = 960F9C1B06C8E2D300937580;
			isa = PBXBuildFile;
			settings = {
			};
		};
		965B8C2806C949D1003373D6 = {
			fileEncoding = "-2147483647";
			isa = PBXFileReference;
			lastKnownFileType = sourcecode.rez;
			path = xmil.r;
			refType = 4;
			sourceTree = "<group>";
		};
		965B8C2C06C949DF003373D6 = {
			buildActionMask = 2147483647;
			files = (
				965B8C3506C94A6C003373D6,
			);
			isa = PBXRezBuildPhase;
			runOnlyForDeploymentPostprocessing = 0;
		};
		965B8C3506C94A6C003373D6 = {
			fileRef = 965B8C2806C949D1003373D6;
			isa = PBXBuildFile;
			settings = {
			};
		};
		96848A3106CA584300B6C950 = {
			fileEncoding = "-2147483647";
			isa = PBXFileReference;
			lastKnownFileType = sourcecode.c.c;
			name = ievent.c;
			path = ../ievent.c;
			refType = 4;
			sourceTree = "<group>";
		};
		96848A3206CA584300B6C950 = {
			fileRef = 96848A3106CA584300B6C950;
			isa = PBXBuildFile;
			settings = {
			};
		};
		96848A3306CA586300B6C950 = {
			fileEncoding = "-2147483647";
			isa = PBXFileReference;
			lastKnownFileType = sourcecode.c.c;
			name = nevent.c;
			path = ../nevent.c;
			refType = 4;
			sourceTree = "<group>";
		};
		96848A3406CA586300B6C950 = {
			fileRef = 96848A3306CA586300B6C950;
			isa = PBXBuildFile;
			settings = {
			};
		};
		96848A3506CA588000B6C950 = {
			fileEncoding = "-2147483647";
			isa = PBXFileReference;
			lastKnownFileType = sourcecode.c.h;
			name = nevent.h;
			path = ../nevent.h;
			refType = 4;
			sourceTree = "<group>";
		};
		96848A3706CA589500B6C950 = {
			fileEncoding = "-2147483647";
			isa = PBXFileReference;
			lastKnownFileType = sourcecode.c.h;
			name = ievent.h;
			path = ../ievent.h;
			refType = 4;
			sourceTree = "<group>";
		};
		968DFC2606C940DA00AE02AB = {
			isa = PBXFileReference;
			lastKnownFileType = image.icns;
			name = X1EMx.icns;
			path = Icons/X1EMx.icns;
			refType = 4;
			sourceTree = "<group>";
		};
		968DFC2706C940DA00AE02AB = {
			fileRef = 968DFC2606C940DA00AE02AB;
			isa = PBXBuildFile;
			settings = {
			};
		};
		968DFC2A06C940DE00AE02AB = {
			children = (
				968DFC2606C940DA00AE02AB,
			);
			isa = PBXGroup;
			name = Icons;
			refType = 4;
			sourceTree = "<group>";
		};
	};
	rootObject = 20286C28FDCF999611CA2CEA;
}
